// !$*UTF8*$!
{
	archiveVersion = 1;
	classes = {
	};
	objectVersion = 56;
	objects = {

/* Begin PBXBuildFile section */
		3A0AE6A42AB623F400ACCD68 /* AudiobooksApp.swift in Sources */ = {isa = PBXBuildFile; fileRef = 3A0AE6A32AB623F400ACCD68 /* AudiobooksApp.swift */; };
		3A0AE6A62AB623F400ACCD68 /* ContentView.swift in Sources */ = {isa = PBXBuildFile; fileRef = 3A0AE6A52AB623F400ACCD68 /* ContentView.swift */; };
		3A0AE6AA2AB623F500ACCD68 /* Assets.xcassets in Resources */ = {isa = PBXBuildFile; fileRef = 3A0AE6A92AB623F500ACCD68 /* Assets.xcassets */; };
		3A0AE6BA2AB624E700ACCD68 /* LoginView.swift in Sources */ = {isa = PBXBuildFile; fileRef = 3A0AE6B92AB624E700ACCD68 /* LoginView.swift */; };
		3A0AE6BF2AB6253300ACCD68 /* LargeButtonStyle.swift in Sources */ = {isa = PBXBuildFile; fileRef = 3A0AE6BE2AB6253300ACCD68 /* LargeButtonStyle.swift */; };
		3A0E0ABC2ACD6E2F009F8EF1 /* AudiobookView.swift in Sources */ = {isa = PBXBuildFile; fileRef = 3A0E0ABB2ACD6E2F009F8EF1 /* AudiobookView.swift */; };
		3A0E0ABE2ACD72B0009F8EF1 /* PlayNowButtonStyle.swift in Sources */ = {isa = PBXBuildFile; fileRef = 3A0E0ABD2ACD72B0009F8EF1 /* PlayNowButtonStyle.swift */; };
		3A10117D2AD6971900AAE220 /* VolumeSlider.swift in Sources */ = {isa = PBXBuildFile; fileRef = 3A10117C2AD6971900AAE220 /* VolumeSlider.swift */; };
		3A1011822AD6975C00AAE220 /* MPVolumeView+Volume.swift in Sources */ = {isa = PBXBuildFile; fileRef = 3A1011812AD6975C00AAE220 /* MPVolumeView+Volume.swift */; };
		3A1011842AD697B600AAE220 /* NowPlayingSheet+BottomButtons.swift in Sources */ = {isa = PBXBuildFile; fileRef = 3A1011832AD697B600AAE220 /* NowPlayingSheet+BottomButtons.swift */; };
		3A1011872AD69DDA00AAE220 /* PlaybackSpeedSelector.swift in Sources */ = {isa = PBXBuildFile; fileRef = 3A1011862AD69DDA00AAE220 /* PlaybackSpeedSelector.swift */; };
		3A1507952AD348E700D7D6CF /* AllEpisodesView.swift in Sources */ = {isa = PBXBuildFile; fileRef = 3A1507942AD348E700D7D6CF /* AllEpisodesView.swift */; };
		3A1507992AD4494300D7D6CF /* UINavigationController+Gesture.swift in Sources */ = {isa = PBXBuildFile; fileRef = 3A1507982AD4494300D7D6CF /* UINavigationController+Gesture.swift */; };
		3A17E6882AD5EC3000E59464 /* NowPlayingBarModifier.swift in Sources */ = {isa = PBXBuildFile; fileRef = 3A17E6872AD5EC3000E59464 /* NowPlayingBarModifier.swift */; };
		3A17E68A2AD5EC6A00E59464 /* AudioPlayer+Notifications.swift in Sources */ = {isa = PBXBuildFile; fileRef = 3A17E6892AD5EC6A00E59464 /* AudioPlayer+Notifications.swift */; };
		3A17E68D2AD5EF9C00E59464 /* NowPlayingSheet.swift in Sources */ = {isa = PBXBuildFile; fileRef = 3A17E68C2AD5EF9C00E59464 /* NowPlayingSheet.swift */; };
		3A17E68F2AD5F15900E59464 /* NowPlayingSheet+Title.swift in Sources */ = {isa = PBXBuildFile; fileRef = 3A17E68E2AD5F15900E59464 /* NowPlayingSheet+Title.swift */; };
		3A17E6912AD5F21B00E59464 /* Slider.swift in Sources */ = {isa = PBXBuildFile; fileRef = 3A17E6902AD5F21B00E59464 /* Slider.swift */; };
		3A17E6932AD5F24500E59464 /* NowPlayingSheet+Controls.swift in Sources */ = {isa = PBXBuildFile; fileRef = 3A17E6922AD5F24500E59464 /* NowPlayingSheet+Controls.swift */; };
		3A1EAB8B2ACC7C5D0064C80C /* AudiobooksRow.swift in Sources */ = {isa = PBXBuildFile; fileRef = 3A1EAB8A2ACC7C5D0064C80C /* AudiobooksRow.swift */; };
		3A1EAB8D2ACC7C790064C80C /* Audiobook+Fixture.swift in Sources */ = {isa = PBXBuildFile; fileRef = 3A1EAB8C2ACC7C790064C80C /* Audiobook+Fixture.swift */; };
		3A1EAB902ACC7EF40064C80C /* AudiobookCover.swift in Sources */ = {isa = PBXBuildFile; fileRef = 3A1EAB8F2ACC7EF40064C80C /* AudiobookCover.swift */; };
		3A1EAB932ACC80690064C80C /* NukeUI in Frameworks */ = {isa = PBXBuildFile; productRef = 3A1EAB922ACC80690064C80C /* NukeUI */; };
		3A1EAB962ACC808A0064C80C /* ItemImage.swift in Sources */ = {isa = PBXBuildFile; fileRef = 3A1EAB952ACC808A0064C80C /* ItemImage.swift */; };
		3A1EAB9A2ACC82490064C80C /* Double+FormatTime.swift in Sources */ = {isa = PBXBuildFile; fileRef = 3A1EAB992ACC82490064C80C /* Double+FormatTime.swift */; };
		3A1EAB9C2ACC84490064C80C /* String+Padding.swift in Sources */ = {isa = PBXBuildFile; fileRef = 3A1EAB9B2ACC84490064C80C /* String+Padding.swift */; };
		3A1EAB9E2ACC85B50064C80C /* String+Prefix.swift in Sources */ = {isa = PBXBuildFile; fileRef = 3A1EAB9D2ACC85B50064C80C /* String+Prefix.swift */; };
		3A1EABA02ACC86F60064C80C /* Image+Convert.swift in Sources */ = {isa = PBXBuildFile; fileRef = 3A1EAB9F2ACC86F60064C80C /* Image+Convert.swift */; };
		3A27A66B2AB761EE00F80C92 /* AudiobookshelfClient.swift in Sources */ = {isa = PBXBuildFile; fileRef = 3A27A66A2AB761EE00F80C92 /* AudiobookshelfClient.swift */; };
		3A27A66F2AB7636700F80C92 /* AudiobookshelfClientError.swift in Sources */ = {isa = PBXBuildFile; fileRef = 3A27A66E2AB7636700F80C92 /* AudiobookshelfClientError.swift */; };
		3A27A6712AB763CF00F80C92 /* AudiobookshelfClient+Request.swift in Sources */ = {isa = PBXBuildFile; fileRef = 3A27A6702AB763CF00F80C92 /* AudiobookshelfClient+Request.swift */; };
		3A27A6742AB7646900F80C92 /* AudiobookshelfClient+Authorization.swift in Sources */ = {isa = PBXBuildFile; fileRef = 3A27A6732AB7646900F80C92 /* AudiobookshelfClient+Authorization.swift */; };
		3A27A6772AB7669600F80C92 /* AudiobookshelfClient+MediaProgress.swift in Sources */ = {isa = PBXBuildFile; fileRef = 3A27A6762AB7669600F80C92 /* AudiobookshelfClient+MediaProgress.swift */; };
		3A36D78B2ACF2C1D002EEC54 /* AudiobooksGrid.swift in Sources */ = {isa = PBXBuildFile; fileRef = 3A36D78A2ACF2C1D002EEC54 /* AudiobooksGrid.swift */; };
		3A38A1582AD4715100D533F3 /* PlayButton.swift in Sources */ = {isa = PBXBuildFile; fileRef = 3A38A1572AD4715100D533F3 /* PlayButton.swift */; };
		3A38A15A2AD47F6200D533F3 /* PlayableItem.swift in Sources */ = {isa = PBXBuildFile; fileRef = 3A38A1592AD47F6200D533F3 /* PlayableItem.swift */; };
		3A38A15C2AD4830E00D533F3 /* PlayableItem+Convert.swift in Sources */ = {isa = PBXBuildFile; fileRef = 3A38A15B2AD4830E00D533F3 /* PlayableItem+Convert.swift */; };
		3A38A15F2AD4886D00D533F3 /* AudioPlayer.swift in Sources */ = {isa = PBXBuildFile; fileRef = 3A38A15E2AD4886D00D533F3 /* AudioPlayer.swift */; };
		3A48D24F2AD0600000991139 /* AudiobookshelfClient+Item.swift in Sources */ = {isa = PBXBuildFile; fileRef = 3A48D24E2AD0600000991139 /* AudiobookshelfClient+Item.swift */; };
		3A48D2512AD0661500991139 /* LibrarySelectorModifier.swift in Sources */ = {isa = PBXBuildFile; fileRef = 3A48D2502AD0661500991139 /* LibrarySelectorModifier.swift */; };
		3A48D2542AD074DC00991139 /* PodcastLibraryView.swift in Sources */ = {isa = PBXBuildFile; fileRef = 3A48D2532AD074DC00991139 /* PodcastLibraryView.swift */; };
		3A50AAA52ACC42B400BF5438 /* AudiobookLibraryView.swift in Sources */ = {isa = PBXBuildFile; fileRef = 3A50AAA42ACC42B400BF5438 /* AudiobookLibraryView.swift */; };
		3A50AAA72ACC431A00BF5438 /* AudiobookshelfClient+Libraries.swift in Sources */ = {isa = PBXBuildFile; fileRef = 3A50AAA62ACC431A00BF5438 /* AudiobookshelfClient+Libraries.swift */; };
		3A50AAAA2ACC463C00BF5438 /* Library+Fixture.swift in Sources */ = {isa = PBXBuildFile; fileRef = 3A50AAA92ACC463C00BF5438 /* Library+Fixture.swift */; };
		3A50AAAC2ACC479200BF5438 /* OfflineProgress.swift in Sources */ = {isa = PBXBuildFile; fileRef = 3A50AAAB2ACC479200BF5438 /* OfflineProgress.swift */; };
		3A50AAAE2ACC4B1600BF5438 /* OfflineManager.swift in Sources */ = {isa = PBXBuildFile; fileRef = 3A50AAAD2ACC4B1600BF5438 /* OfflineManager.swift */; };
		3A50AAB02ACC4B4B00BF5438 /* OfflineManager+Progress.swift in Sources */ = {isa = PBXBuildFile; fileRef = 3A50AAAF2ACC4B4B00BF5438 /* OfflineManager+Progress.swift */; };
		3A50AAB62ACC521B00BF5438 /* AudiobookLibraryView+Home.swift in Sources */ = {isa = PBXBuildFile; fileRef = 3A50AAB52ACC521B00BF5438 /* AudiobookLibraryView+Home.swift */; };
		3A50AAB82ACC522900BF5438 /* AudiobookLibraryView+Library.swift in Sources */ = {isa = PBXBuildFile; fileRef = 3A50AAB72ACC522900BF5438 /* AudiobookLibraryView+Library.swift */; };
		3A50AABA2ACC523000BF5438 /* AudiobookLibraryView+Series.swift in Sources */ = {isa = PBXBuildFile; fileRef = 3A50AAB92ACC523000BF5438 /* AudiobookLibraryView+Series.swift */; };
		3A50AABC2ACC523700BF5438 /* AudiobookLibraryView+Search.swift in Sources */ = {isa = PBXBuildFile; fileRef = 3A50AABB2ACC523700BF5438 /* AudiobookLibraryView+Search.swift */; };
		3A50AABE2ACC572B00BF5438 /* AudiobookshelfClient+Audiobooks.swift in Sources */ = {isa = PBXBuildFile; fileRef = 3A50AABD2ACC572B00BF5438 /* AudiobookshelfClient+Audiobooks.swift */; };
		3A50AAC02ACC57AD00BF5438 /* AudiobookshelfClient+ItemType.swift in Sources */ = {isa = PBXBuildFile; fileRef = 3A50AABF2ACC57AD00BF5438 /* AudiobookshelfClient+ItemType.swift */; };
		3A50AAC22ACC599000BF5438 /* AudiobookshelfClient+Util.swift in Sources */ = {isa = PBXBuildFile; fileRef = 3A50AAC12ACC599000BF5438 /* AudiobookshelfClient+Util.swift */; };
		3A50AAC52ACC59BD00BF5438 /* HomeRow.swift in Sources */ = {isa = PBXBuildFile; fileRef = 3A50AAC42ACC59BD00BF5438 /* HomeRow.swift */; };
		3A50AAC82ACC5A8800BF5438 /* Audiobook+Convert.swift in Sources */ = {isa = PBXBuildFile; fileRef = 3A50AAC72ACC5A8800BF5438 /* Audiobook+Convert.swift */; };
		3A5159502AD029A200CD5680 /* AudiobooksList.swift in Sources */ = {isa = PBXBuildFile; fileRef = 3A51594F2AD029A200CD5680 /* AudiobooksList.swift */; };
		3A5159522AD02A3800CD5680 /* AudiobookRow.swift in Sources */ = {isa = PBXBuildFile; fileRef = 3A5159512AD02A3800CD5680 /* AudiobookRow.swift */; };
		3A5159542AD02B6D00CD5680 /* Date+Get.swift in Sources */ = {isa = PBXBuildFile; fileRef = 3A5159532AD02B6D00CD5680 /* Date+Get.swift */; };
		3A5159562AD0374600CD5680 /* AudiobooksSort.swift in Sources */ = {isa = PBXBuildFile; fileRef = 3A5159552AD0374600CD5680 /* AudiobooksSort.swift */; };
		3A7118ED2AD5ACED005F7E08 /* PlaybackReporter.swift in Sources */ = {isa = PBXBuildFile; fileRef = 3A7118EC2AD5ACED005F7E08 /* PlaybackReporter.swift */; };
		3A77B6F42ACDD95200F22C7F /* AudiobookshelfClient+Authors.swift in Sources */ = {isa = PBXBuildFile; fileRef = 3A77B6F32ACDD95200F22C7F /* AudiobookshelfClient+Authors.swift */; };
		3A77B6F62ACDDA4900F22C7F /* Author.swift in Sources */ = {isa = PBXBuildFile; fileRef = 3A77B6F52ACDDA4900F22C7F /* Author.swift */; };
		3A77B6F82ACDDC9D00F22C7F /* AudiobookView+Header.swift in Sources */ = {isa = PBXBuildFile; fileRef = 3A77B6F72ACDDC9D00F22C7F /* AudiobookView+Header.swift */; };
		3A77B6FA2ACDE08800F22C7F /* String+Trim.swift in Sources */ = {isa = PBXBuildFile; fileRef = 3A77B6F92ACDE08800F22C7F /* String+Trim.swift */; };
		3A77B6FD2ACDE2FA00F22C7F /* AuthorUnavailableView.swift in Sources */ = {isa = PBXBuildFile; fileRef = 3A77B6FC2ACDE2FA00F22C7F /* AuthorUnavailableView.swift */; };
		3A77B6FF2ACDEBEF00F22C7F /* Author+Convert.swift in Sources */ = {isa = PBXBuildFile; fileRef = 3A77B6FE2ACDEBEF00F22C7F /* Author+Convert.swift */; };
		3A77B7022ACDF01C00F22C7F /* SeriesUnavailableView.swift in Sources */ = {isa = PBXBuildFile; fileRef = 3A77B7012ACDF01C00F22C7F /* SeriesUnavailableView.swift */; };
		3A77B7042ACDF76E00F22C7F /* AudiobookView+Toolbar.swift in Sources */ = {isa = PBXBuildFile; fileRef = 3A77B7032ACDF76E00F22C7F /* AudiobookView+Toolbar.swift */; };
		3A77B7072ACDF89500F22C7F /* FullscreenToolbarModifier.swift in Sources */ = {isa = PBXBuildFile; fileRef = 3A77B7062ACDF89500F22C7F /* FullscreenToolbarModifier.swift */; };
		3A77B7092ACDF8F200F22C7F /* CustomBackButton.swift in Sources */ = {isa = PBXBuildFile; fileRef = 3A77B7082ACDF8F200F22C7F /* CustomBackButton.swift */; };
		3A77B70B2ACDFB0500F22C7F /* Series.swift in Sources */ = {isa = PBXBuildFile; fileRef = 3A77B70A2ACDFB0500F22C7F /* Series.swift */; };
		3A77B70D2ACDFB1D00F22C7F /* Series+Convert.swift in Sources */ = {isa = PBXBuildFile; fileRef = 3A77B70C2ACDFB1D00F22C7F /* Series+Convert.swift */; };
		3A77B70F2ACDFBF700F22C7F /* AudiobookshelfClient+Series.swift in Sources */ = {isa = PBXBuildFile; fileRef = 3A77B70E2ACDFBF700F22C7F /* AudiobookshelfClient+Series.swift */; };
		3A77B7112ACE00FC00F22C7F /* String+Base64.swift in Sources */ = {isa = PBXBuildFile; fileRef = 3A77B7102ACE00FC00F22C7F /* String+Base64.swift */; };
		3A7C015B2AD6BBA2002E9690 /* AudiobookshelfClient+Episodes.swift in Sources */ = {isa = PBXBuildFile; fileRef = 3A7C015A2AD6BBA2002E9690 /* AudiobookshelfClient+Episodes.swift */; };
		3A853FAF2AD03FA600FACAF6 /* AuthorView+Header.swift in Sources */ = {isa = PBXBuildFile; fileRef = 3A853FAE2AD03FA600FACAF6 /* AuthorView+Header.swift */; };
		3A8810EA2AD2C020009696D1 /* EpisodeMenu.swift in Sources */ = {isa = PBXBuildFile; fileRef = 3A8810E92AD2C020009696D1 /* EpisodeMenu.swift */; };
		3A8810EE2AD2C071009696D1 /* PodcastLoadView.swift in Sources */ = {isa = PBXBuildFile; fileRef = 3A8810ED2AD2C071009696D1 /* PodcastLoadView.swift */; };
		3A8810F02AD2C0E4009696D1 /* PodcastUnavailableView.swift in Sources */ = {isa = PBXBuildFile; fileRef = 3A8810EF2AD2C0E4009696D1 /* PodcastUnavailableView.swift */; };
		3A8810F22AD2C2C3009696D1 /* PodcastView.swift in Sources */ = {isa = PBXBuildFile; fileRef = 3A8810F12AD2C2C3009696D1 /* PodcastView.swift */; };
		3A8810F52AD2C35B009696D1 /* UIImageColors in Frameworks */ = {isa = PBXBuildFile; productRef = 3A8810F42AD2C35B009696D1 /* UIImageColors */; };
		3A8810F72AD2CDE9009696D1 /* PodcastView+Header.swift in Sources */ = {isa = PBXBuildFile; fileRef = 3A8810F62AD2CDE9009696D1 /* PodcastView+Header.swift */; };
		3A8810F92AD2CE32009696D1 /* UIColor+IsLight.swift in Sources */ = {isa = PBXBuildFile; fileRef = 3A8810F82AD2CE32009696D1 /* UIColor+IsLight.swift */; };
		3A8810FB2AD2CEE7009696D1 /* PodcastView+Toolbar.swift in Sources */ = {isa = PBXBuildFile; fileRef = 3A8810FA2AD2CEE7009696D1 /* PodcastView+Toolbar.swift */; };
		3AA0B0812AD3133B0009FBB4 /* EpisodesList.swift in Sources */ = {isa = PBXBuildFile; fileRef = 3AA0B0802AD3133B0009FBB4 /* EpisodesList.swift */; };
		3AA0B0832AD3148A0009FBB4 /* EpisodeRow.swift in Sources */ = {isa = PBXBuildFile; fileRef = 3AA0B0822AD3148A0009FBB4 /* EpisodeRow.swift */; };
		3AA0B0852AD316E50009FBB4 /* EpisodeFilterSortMenu.swift in Sources */ = {isa = PBXBuildFile; fileRef = 3AA0B0842AD316E50009FBB4 /* EpisodeFilterSortMenu.swift */; };
		3AA0B0892AD322470009FBB4 /* EpisodeView.swift in Sources */ = {isa = PBXBuildFile; fileRef = 3AA0B0882AD322470009FBB4 /* EpisodeView.swift */; };
		3AA0B08B2AD32D4E0009FBB4 /* EpisodeView+Header.swift in Sources */ = {isa = PBXBuildFile; fileRef = 3AA0B08A2AD32D4E0009FBB4 /* EpisodeView+Header.swift */; };
		3AA19BA22AD6C80000C468EA /* LatestList.swift in Sources */ = {isa = PBXBuildFile; fileRef = 3AA19BA12AD6C80000C468EA /* LatestList.swift */; };
		3AA19BA62AD6E94B00C468EA /* PodcastsGrid.swift in Sources */ = {isa = PBXBuildFile; fileRef = 3AA19BA52AD6E94B00C468EA /* PodcastsGrid.swift */; };
		3AA19BA82AD6EE3F00C468EA /* NowPlayingSheet+Chapters.swift in Sources */ = {isa = PBXBuildFile; fileRef = 3AA19BA72AD6EE3F00C468EA /* NowPlayingSheet+Chapters.swift */; };
		3AA9541B2AD290380031C20D /* PodcastsRow.swift in Sources */ = {isa = PBXBuildFile; fileRef = 3AA9541A2AD290380031C20D /* PodcastsRow.swift */; };
		3AA9541D2AD290520031C20D /* Podcast+Fixture.swift in Sources */ = {isa = PBXBuildFile; fileRef = 3AA9541C2AD290520031C20D /* Podcast+Fixture.swift */; };
		3AA9541F2AD2925C0031C20D /* RowTitle.swift in Sources */ = {isa = PBXBuildFile; fileRef = 3AA9541E2AD2925C0031C20D /* RowTitle.swift */; };
		3AA954212AD293670031C20D /* PodcastCover.swift in Sources */ = {isa = PBXBuildFile; fileRef = 3AA954202AD293670031C20D /* PodcastCover.swift */; };
		3AA954232AD297A20031C20D /* Episode+Convert.swift in Sources */ = {isa = PBXBuildFile; fileRef = 3AA954222AD297A20031C20D /* Episode+Convert.swift */; };
		3AA954252AD29A0A0031C20D /* EpisodesTable.swift in Sources */ = {isa = PBXBuildFile; fileRef = 3AA954242AD29A0A0031C20D /* EpisodesTable.swift */; };
		3AA954272AD29A270031C20D /* Episode+Fixture.swift in Sources */ = {isa = PBXBuildFile; fileRef = 3AA954262AD29A270031C20D /* Episode+Fixture.swift */; };
		3AA954292AD29B760031C20D /* EpisodeImageRow.swift in Sources */ = {isa = PBXBuildFile; fileRef = 3AA954282AD29B760031C20D /* EpisodeImageRow.swift */; };
		3AA9542B2AD2A87E0031C20D /* EpisodesFeaturedRow.swift in Sources */ = {isa = PBXBuildFile; fileRef = 3AA9542A2AD2A87E0031C20D /* EpisodesFeaturedRow.swift */; };
		3AA9542D2AD2A8FE0031C20D /* EpisodeFeatured.swift in Sources */ = {isa = PBXBuildFile; fileRef = 3AA9542C2AD2A8FE0031C20D /* EpisodeFeatured.swift */; };
		3AA954302AD2AE520031C20D /* EpisodePlayButton.swift in Sources */ = {isa = PBXBuildFile; fileRef = 3AA9542F2AD2AE520031C20D /* EpisodePlayButton.swift */; };
		3AA954332AD2B61F0031C20D /* SwiftSoup in Frameworks */ = {isa = PBXBuildFile; productRef = 3AA954322AD2B61F0031C20D /* SwiftSoup */; };
		3AB4529B2ACF4B4B005D5DBA /* SeriesLoadView.swift in Sources */ = {isa = PBXBuildFile; fileRef = 3AB4529A2ACF4B4B005D5DBA /* SeriesLoadView.swift */; };
		3AB4529D2ACF4D0D005D5DBA /* SeriesView.swift in Sources */ = {isa = PBXBuildFile; fileRef = 3AB4529C2ACF4D0D005D5DBA /* SeriesView.swift */; };
		3AB4529F2ACF4D3C005D5DBA /* Series+Fixture.swift in Sources */ = {isa = PBXBuildFile; fileRef = 3AB4529E2ACF4D3C005D5DBA /* Series+Fixture.swift */; };
		3AB695342ACF39F000823049 /* Array+Repeat.swift in Sources */ = {isa = PBXBuildFile; fileRef = 3AB695332ACF39F000823049 /* Array+Repeat.swift */; };
		3AB695362ACF3BAF00823049 /* AuthorLoadView.swift in Sources */ = {isa = PBXBuildFile; fileRef = 3AB695352ACF3BAF00823049 /* AuthorLoadView.swift */; };
		3AB695382ACF3D1200823049 /* AuthorView.swift in Sources */ = {isa = PBXBuildFile; fileRef = 3AB695372ACF3D1200823049 /* AuthorView.swift */; };
		3AB6953A2ACF3D3200823049 /* Author+Fixture.swift in Sources */ = {isa = PBXBuildFile; fileRef = 3AB695392ACF3D3200823049 /* Author+Fixture.swift */; };
		3ABCC7E02AD4647D004AEADF /* EpisodeView+Toolbar.swift in Sources */ = {isa = PBXBuildFile; fileRef = 3ABCC7DF2AD4647D004AEADF /* EpisodeView+Toolbar.swift */; };
		3ABCC7E22AD4659F004AEADF /* Description.swift in Sources */ = {isa = PBXBuildFile; fileRef = 3ABCC7E12AD4659E004AEADF /* Description.swift */; };
		3ABCC7E42AD46655004AEADF /* GeometryRectangle.swift in Sources */ = {isa = PBXBuildFile; fileRef = 3ABCC7E32AD46655004AEADF /* GeometryRectangle.swift */; };
		3ABD77C22AD1459100636513 /* SeriesView+Header.swift in Sources */ = {isa = PBXBuildFile; fileRef = 3ABD77C12AD1459100636513 /* SeriesView+Header.swift */; };
		3ACB3B8D2AD16F37005EA609 /* SeriesGrid.swift in Sources */ = {isa = PBXBuildFile; fileRef = 3ACB3B8C2AD16F37005EA609 /* SeriesGrid.swift */; };
		3ACB3B8F2AD17025005EA609 /* SeriesCover.swift in Sources */ = {isa = PBXBuildFile; fileRef = 3ACB3B8E2AD17025005EA609 /* SeriesCover.swift */; };
		3ACB3B922AD1D149005EA609 /* PodcastLibraryView+Home.swift in Sources */ = {isa = PBXBuildFile; fileRef = 3ACB3B912AD1D149005EA609 /* PodcastLibraryView+Home.swift */; };
		3ACB3B942AD1D172005EA609 /* PodcastLibraryView+Latest.swift in Sources */ = {isa = PBXBuildFile; fileRef = 3ACB3B932AD1D172005EA609 /* PodcastLibraryView+Latest.swift */; };
		3ACB3B962AD1D186005EA609 /* PodcastLibraryView+Library.swift in Sources */ = {isa = PBXBuildFile; fileRef = 3ACB3B952AD1D186005EA609 /* PodcastLibraryView+Library.swift */; };
		3ACB3B982AD1D18D005EA609 /* PodcastLibraryView+Search.swift in Sources */ = {isa = PBXBuildFile; fileRef = 3ACB3B972AD1D18D005EA609 /* PodcastLibraryView+Search.swift */; };
		3ACB3B9E2AD1DA55005EA609 /* Podcast.swift in Sources */ = {isa = PBXBuildFile; fileRef = 3ACB3B9D2AD1DA55005EA609 /* Podcast.swift */; };
		3ACB3BA02AD1DA62005EA609 /* Episode.swift in Sources */ = {isa = PBXBuildFile; fileRef = 3ACB3B9F2AD1DA62005EA609 /* Episode.swift */; };
		3ACB3BA22AD1E0DD005EA609 /* AudiobookshelfClient+Podcasts.swift in Sources */ = {isa = PBXBuildFile; fileRef = 3ACB3BA12AD1E0DD005EA609 /* AudiobookshelfClient+Podcasts.swift */; };
		3ACB3BA42AD1E393005EA609 /* Podcast+Convert.swift in Sources */ = {isa = PBXBuildFile; fileRef = 3ACB3BA32AD1E393005EA609 /* Podcast+Convert.swift */; };
		3ACD19A82ACAFA87007D01FE /* Item.swift in Sources */ = {isa = PBXBuildFile; fileRef = 3ACD19A72ACAFA87007D01FE /* Item.swift */; };
		3ACD19AA2ACAFC97007D01FE /* Audiobook.swift in Sources */ = {isa = PBXBuildFile; fileRef = 3ACD19A92ACAFC97007D01FE /* Audiobook.swift */; };
		3ACD19AE2ACB57CD007D01FE /* LibraryView.swift in Sources */ = {isa = PBXBuildFile; fileRef = 3ACD19AD2ACB57CD007D01FE /* LibraryView.swift */; };
		3ACD19B12ACB5811007D01FE /* Library.swift in Sources */ = {isa = PBXBuildFile; fileRef = 3ACD19B02ACB5811007D01FE /* Library.swift */; };
		3ACD19B52ACB58EB007D01FE /* LoadingView.swift in Sources */ = {isa = PBXBuildFile; fileRef = 3ACD19B42ACB58EB007D01FE /* LoadingView.swift */; };
		3ACD19B72ACB5A49007D01FE /* ErrorView.swift in Sources */ = {isa = PBXBuildFile; fileRef = 3ACD19B62ACB5A49007D01FE /* ErrorView.swift */; };
		3ACD19B92ACB5B32007D01FE /* SessionsImportView.swift in Sources */ = {isa = PBXBuildFile; fileRef = 3ACD19B82ACB5B32007D01FE /* SessionsImportView.swift */; };
		3ACD19BC2ACB60D0007D01FE /* PersistenceManager.swift in Sources */ = {isa = PBXBuildFile; fileRef = 3ACD19BB2ACB60D0007D01FE /* PersistenceManager.swift */; };
		3AFA7F9B2ACD435000B7FF4B /* ProgressOverlay.swift in Sources */ = {isa = PBXBuildFile; fileRef = 3AFA7F9A2ACD435000B7FF4B /* ProgressOverlay.swift */; };
		3AFA7F9D2ACD440A00B7FF4B /* Triangle.swift in Sources */ = {isa = PBXBuildFile; fileRef = 3AFA7F9C2ACD440A00B7FF4B /* Triangle.swift */; };
/* End PBXBuildFile section */

/* Begin PBXFileReference section */
		3A0AE6A02AB623F400ACCD68 /* Audiobooks.app */ = {isa = PBXFileReference; explicitFileType = wrapper.application; includeInIndex = 0; path = Audiobooks.app; sourceTree = BUILT_PRODUCTS_DIR; };
		3A0AE6A32AB623F400ACCD68 /* AudiobooksApp.swift */ = {isa = PBXFileReference; lastKnownFileType = sourcecode.swift; path = AudiobooksApp.swift; sourceTree = "<group>"; };
		3A0AE6A52AB623F400ACCD68 /* ContentView.swift */ = {isa = PBXFileReference; lastKnownFileType = sourcecode.swift; path = ContentView.swift; sourceTree = "<group>"; };
		3A0AE6A92AB623F500ACCD68 /* Assets.xcassets */ = {isa = PBXFileReference; lastKnownFileType = folder.assetcatalog; path = Assets.xcassets; sourceTree = "<group>"; };
		3A0AE6AB2AB623F500ACCD68 /* Audiobooks.entitlements */ = {isa = PBXFileReference; lastKnownFileType = text.plist.entitlements; path = Audiobooks.entitlements; sourceTree = "<group>"; };
		3A0AE6B92AB624E700ACCD68 /* LoginView.swift */ = {isa = PBXFileReference; lastKnownFileType = sourcecode.swift; path = LoginView.swift; sourceTree = "<group>"; };
		3A0AE6BE2AB6253300ACCD68 /* LargeButtonStyle.swift */ = {isa = PBXFileReference; lastKnownFileType = sourcecode.swift; path = LargeButtonStyle.swift; sourceTree = "<group>"; };
		3A0E0ABB2ACD6E2F009F8EF1 /* AudiobookView.swift */ = {isa = PBXFileReference; lastKnownFileType = sourcecode.swift; path = AudiobookView.swift; sourceTree = "<group>"; };
		3A0E0ABD2ACD72B0009F8EF1 /* PlayNowButtonStyle.swift */ = {isa = PBXFileReference; lastKnownFileType = sourcecode.swift; path = PlayNowButtonStyle.swift; sourceTree = "<group>"; };
		3A10117C2AD6971900AAE220 /* VolumeSlider.swift */ = {isa = PBXFileReference; lastKnownFileType = sourcecode.swift; path = VolumeSlider.swift; sourceTree = "<group>"; };
		3A1011812AD6975C00AAE220 /* MPVolumeView+Volume.swift */ = {isa = PBXFileReference; lastKnownFileType = sourcecode.swift; path = "MPVolumeView+Volume.swift"; sourceTree = "<group>"; };
		3A1011832AD697B600AAE220 /* NowPlayingSheet+BottomButtons.swift */ = {isa = PBXFileReference; lastKnownFileType = sourcecode.swift; path = "NowPlayingSheet+BottomButtons.swift"; sourceTree = "<group>"; };
		3A1011862AD69DDA00AAE220 /* PlaybackSpeedSelector.swift */ = {isa = PBXFileReference; lastKnownFileType = sourcecode.swift; path = PlaybackSpeedSelector.swift; sourceTree = "<group>"; };
		3A1507942AD348E700D7D6CF /* AllEpisodesView.swift */ = {isa = PBXFileReference; lastKnownFileType = sourcecode.swift; path = AllEpisodesView.swift; sourceTree = "<group>"; };
		3A1507982AD4494300D7D6CF /* UINavigationController+Gesture.swift */ = {isa = PBXFileReference; lastKnownFileType = sourcecode.swift; path = "UINavigationController+Gesture.swift"; sourceTree = "<group>"; };
		3A17E6872AD5EC3000E59464 /* NowPlayingBarModifier.swift */ = {isa = PBXFileReference; lastKnownFileType = sourcecode.swift; path = NowPlayingBarModifier.swift; sourceTree = "<group>"; };
		3A17E6892AD5EC6A00E59464 /* AudioPlayer+Notifications.swift */ = {isa = PBXFileReference; lastKnownFileType = sourcecode.swift; path = "AudioPlayer+Notifications.swift"; sourceTree = "<group>"; };
		3A17E68C2AD5EF9C00E59464 /* NowPlayingSheet.swift */ = {isa = PBXFileReference; lastKnownFileType = sourcecode.swift; path = NowPlayingSheet.swift; sourceTree = "<group>"; };
		3A17E68E2AD5F15900E59464 /* NowPlayingSheet+Title.swift */ = {isa = PBXFileReference; lastKnownFileType = sourcecode.swift; path = "NowPlayingSheet+Title.swift"; sourceTree = "<group>"; };
		3A17E6902AD5F21B00E59464 /* Slider.swift */ = {isa = PBXFileReference; lastKnownFileType = sourcecode.swift; path = Slider.swift; sourceTree = "<group>"; };
		3A17E6922AD5F24500E59464 /* NowPlayingSheet+Controls.swift */ = {isa = PBXFileReference; lastKnownFileType = sourcecode.swift; path = "NowPlayingSheet+Controls.swift"; sourceTree = "<group>"; };
		3A1EAB8A2ACC7C5D0064C80C /* AudiobooksRow.swift */ = {isa = PBXFileReference; lastKnownFileType = sourcecode.swift; path = AudiobooksRow.swift; sourceTree = "<group>"; };
		3A1EAB8C2ACC7C790064C80C /* Audiobook+Fixture.swift */ = {isa = PBXFileReference; lastKnownFileType = sourcecode.swift; path = "Audiobook+Fixture.swift"; sourceTree = "<group>"; };
		3A1EAB8F2ACC7EF40064C80C /* AudiobookCover.swift */ = {isa = PBXFileReference; lastKnownFileType = sourcecode.swift; path = AudiobookCover.swift; sourceTree = "<group>"; };
		3A1EAB952ACC808A0064C80C /* ItemImage.swift */ = {isa = PBXFileReference; lastKnownFileType = sourcecode.swift; path = ItemImage.swift; sourceTree = "<group>"; };
		3A1EAB992ACC82490064C80C /* Double+FormatTime.swift */ = {isa = PBXFileReference; lastKnownFileType = sourcecode.swift; path = "Double+FormatTime.swift"; sourceTree = "<group>"; };
		3A1EAB9B2ACC84490064C80C /* String+Padding.swift */ = {isa = PBXFileReference; lastKnownFileType = sourcecode.swift; path = "String+Padding.swift"; sourceTree = "<group>"; };
		3A1EAB9D2ACC85B50064C80C /* String+Prefix.swift */ = {isa = PBXFileReference; lastKnownFileType = sourcecode.swift; path = "String+Prefix.swift"; sourceTree = "<group>"; };
		3A1EAB9F2ACC86F60064C80C /* Image+Convert.swift */ = {isa = PBXFileReference; lastKnownFileType = sourcecode.swift; path = "Image+Convert.swift"; sourceTree = "<group>"; };
		3A27A66A2AB761EE00F80C92 /* AudiobookshelfClient.swift */ = {isa = PBXFileReference; lastKnownFileType = sourcecode.swift; path = AudiobookshelfClient.swift; sourceTree = "<group>"; };
		3A27A66D2AB7631900F80C92 /* Info.plist */ = {isa = PBXFileReference; lastKnownFileType = text.plist.xml; path = Info.plist; sourceTree = "<group>"; };
		3A27A66E2AB7636700F80C92 /* AudiobookshelfClientError.swift */ = {isa = PBXFileReference; lastKnownFileType = sourcecode.swift; path = AudiobookshelfClientError.swift; sourceTree = "<group>"; };
		3A27A6702AB763CF00F80C92 /* AudiobookshelfClient+Request.swift */ = {isa = PBXFileReference; lastKnownFileType = sourcecode.swift; path = "AudiobookshelfClient+Request.swift"; sourceTree = "<group>"; };
		3A27A6732AB7646900F80C92 /* AudiobookshelfClient+Authorization.swift */ = {isa = PBXFileReference; lastKnownFileType = sourcecode.swift; path = "AudiobookshelfClient+Authorization.swift"; sourceTree = "<group>"; };
		3A27A6762AB7669600F80C92 /* AudiobookshelfClient+MediaProgress.swift */ = {isa = PBXFileReference; lastKnownFileType = sourcecode.swift; path = "AudiobookshelfClient+MediaProgress.swift"; sourceTree = "<group>"; };
		3A36D78A2ACF2C1D002EEC54 /* AudiobooksGrid.swift */ = {isa = PBXFileReference; lastKnownFileType = sourcecode.swift; path = AudiobooksGrid.swift; sourceTree = "<group>"; };
		3A38A1572AD4715100D533F3 /* PlayButton.swift */ = {isa = PBXFileReference; lastKnownFileType = sourcecode.swift; path = PlayButton.swift; sourceTree = "<group>"; };
		3A38A1592AD47F6200D533F3 /* PlayableItem.swift */ = {isa = PBXFileReference; lastKnownFileType = sourcecode.swift; path = PlayableItem.swift; sourceTree = "<group>"; };
		3A38A15B2AD4830E00D533F3 /* PlayableItem+Convert.swift */ = {isa = PBXFileReference; lastKnownFileType = sourcecode.swift; path = "PlayableItem+Convert.swift"; sourceTree = "<group>"; };
		3A38A15E2AD4886D00D533F3 /* AudioPlayer.swift */ = {isa = PBXFileReference; lastKnownFileType = sourcecode.swift; path = AudioPlayer.swift; sourceTree = "<group>"; };
		3A48D24E2AD0600000991139 /* AudiobookshelfClient+Item.swift */ = {isa = PBXFileReference; lastKnownFileType = sourcecode.swift; path = "AudiobookshelfClient+Item.swift"; sourceTree = "<group>"; };
		3A48D2502AD0661500991139 /* LibrarySelectorModifier.swift */ = {isa = PBXFileReference; lastKnownFileType = sourcecode.swift; path = LibrarySelectorModifier.swift; sourceTree = "<group>"; };
		3A48D2532AD074DC00991139 /* PodcastLibraryView.swift */ = {isa = PBXFileReference; lastKnownFileType = sourcecode.swift; path = PodcastLibraryView.swift; sourceTree = "<group>"; };
		3A50AAA42ACC42B400BF5438 /* AudiobookLibraryView.swift */ = {isa = PBXFileReference; lastKnownFileType = sourcecode.swift; path = AudiobookLibraryView.swift; sourceTree = "<group>"; };
		3A50AAA62ACC431A00BF5438 /* AudiobookshelfClient+Libraries.swift */ = {isa = PBXFileReference; lastKnownFileType = sourcecode.swift; path = "AudiobookshelfClient+Libraries.swift"; sourceTree = "<group>"; };
		3A50AAA92ACC463C00BF5438 /* Library+Fixture.swift */ = {isa = PBXFileReference; lastKnownFileType = sourcecode.swift; path = "Library+Fixture.swift"; sourceTree = "<group>"; };
		3A50AAAB2ACC479200BF5438 /* OfflineProgress.swift */ = {isa = PBXFileReference; lastKnownFileType = sourcecode.swift; path = OfflineProgress.swift; sourceTree = "<group>"; };
		3A50AAAD2ACC4B1600BF5438 /* OfflineManager.swift */ = {isa = PBXFileReference; lastKnownFileType = sourcecode.swift; path = OfflineManager.swift; sourceTree = "<group>"; };
		3A50AAAF2ACC4B4B00BF5438 /* OfflineManager+Progress.swift */ = {isa = PBXFileReference; lastKnownFileType = sourcecode.swift; path = "OfflineManager+Progress.swift"; sourceTree = "<group>"; };
		3A50AAB52ACC521B00BF5438 /* AudiobookLibraryView+Home.swift */ = {isa = PBXFileReference; lastKnownFileType = sourcecode.swift; path = "AudiobookLibraryView+Home.swift"; sourceTree = "<group>"; };
		3A50AAB72ACC522900BF5438 /* AudiobookLibraryView+Library.swift */ = {isa = PBXFileReference; lastKnownFileType = sourcecode.swift; path = "AudiobookLibraryView+Library.swift"; sourceTree = "<group>"; };
		3A50AAB92ACC523000BF5438 /* AudiobookLibraryView+Series.swift */ = {isa = PBXFileReference; lastKnownFileType = sourcecode.swift; path = "AudiobookLibraryView+Series.swift"; sourceTree = "<group>"; };
		3A50AABB2ACC523700BF5438 /* AudiobookLibraryView+Search.swift */ = {isa = PBXFileReference; lastKnownFileType = sourcecode.swift; path = "AudiobookLibraryView+Search.swift"; sourceTree = "<group>"; };
		3A50AABD2ACC572B00BF5438 /* AudiobookshelfClient+Audiobooks.swift */ = {isa = PBXFileReference; lastKnownFileType = sourcecode.swift; path = "AudiobookshelfClient+Audiobooks.swift"; sourceTree = "<group>"; };
		3A50AABF2ACC57AD00BF5438 /* AudiobookshelfClient+ItemType.swift */ = {isa = PBXFileReference; lastKnownFileType = sourcecode.swift; path = "AudiobookshelfClient+ItemType.swift"; sourceTree = "<group>"; };
		3A50AAC12ACC599000BF5438 /* AudiobookshelfClient+Util.swift */ = {isa = PBXFileReference; lastKnownFileType = sourcecode.swift; path = "AudiobookshelfClient+Util.swift"; sourceTree = "<group>"; };
		3A50AAC42ACC59BD00BF5438 /* HomeRow.swift */ = {isa = PBXFileReference; lastKnownFileType = sourcecode.swift; path = HomeRow.swift; sourceTree = "<group>"; };
		3A50AAC72ACC5A8800BF5438 /* Audiobook+Convert.swift */ = {isa = PBXFileReference; lastKnownFileType = sourcecode.swift; path = "Audiobook+Convert.swift"; sourceTree = "<group>"; };
		3A51594F2AD029A200CD5680 /* AudiobooksList.swift */ = {isa = PBXFileReference; lastKnownFileType = sourcecode.swift; path = AudiobooksList.swift; sourceTree = "<group>"; };
		3A5159512AD02A3800CD5680 /* AudiobookRow.swift */ = {isa = PBXFileReference; lastKnownFileType = sourcecode.swift; path = AudiobookRow.swift; sourceTree = "<group>"; };
		3A5159532AD02B6D00CD5680 /* Date+Get.swift */ = {isa = PBXFileReference; lastKnownFileType = sourcecode.swift; path = "Date+Get.swift"; sourceTree = "<group>"; };
		3A5159552AD0374600CD5680 /* AudiobooksSort.swift */ = {isa = PBXFileReference; lastKnownFileType = sourcecode.swift; path = AudiobooksSort.swift; sourceTree = "<group>"; };
		3A7118EC2AD5ACED005F7E08 /* PlaybackReporter.swift */ = {isa = PBXFileReference; lastKnownFileType = sourcecode.swift; path = PlaybackReporter.swift; sourceTree = "<group>"; };
		3A77B6F32ACDD95200F22C7F /* AudiobookshelfClient+Authors.swift */ = {isa = PBXFileReference; lastKnownFileType = sourcecode.swift; path = "AudiobookshelfClient+Authors.swift"; sourceTree = "<group>"; };
		3A77B6F52ACDDA4900F22C7F /* Author.swift */ = {isa = PBXFileReference; lastKnownFileType = sourcecode.swift; path = Author.swift; sourceTree = "<group>"; };
		3A77B6F72ACDDC9D00F22C7F /* AudiobookView+Header.swift */ = {isa = PBXFileReference; lastKnownFileType = sourcecode.swift; path = "AudiobookView+Header.swift"; sourceTree = "<group>"; };
		3A77B6F92ACDE08800F22C7F /* String+Trim.swift */ = {isa = PBXFileReference; lastKnownFileType = sourcecode.swift; path = "String+Trim.swift"; sourceTree = "<group>"; };
		3A77B6FC2ACDE2FA00F22C7F /* AuthorUnavailableView.swift */ = {isa = PBXFileReference; lastKnownFileType = sourcecode.swift; path = AuthorUnavailableView.swift; sourceTree = "<group>"; };
		3A77B6FE2ACDEBEF00F22C7F /* Author+Convert.swift */ = {isa = PBXFileReference; lastKnownFileType = sourcecode.swift; path = "Author+Convert.swift"; sourceTree = "<group>"; };
		3A77B7012ACDF01C00F22C7F /* SeriesUnavailableView.swift */ = {isa = PBXFileReference; lastKnownFileType = sourcecode.swift; path = SeriesUnavailableView.swift; sourceTree = "<group>"; };
		3A77B7032ACDF76E00F22C7F /* AudiobookView+Toolbar.swift */ = {isa = PBXFileReference; lastKnownFileType = sourcecode.swift; path = "AudiobookView+Toolbar.swift"; sourceTree = "<group>"; };
		3A77B7062ACDF89500F22C7F /* FullscreenToolbarModifier.swift */ = {isa = PBXFileReference; lastKnownFileType = sourcecode.swift; path = FullscreenToolbarModifier.swift; sourceTree = "<group>"; };
		3A77B7082ACDF8F200F22C7F /* CustomBackButton.swift */ = {isa = PBXFileReference; lastKnownFileType = sourcecode.swift; path = CustomBackButton.swift; sourceTree = "<group>"; };
		3A77B70A2ACDFB0500F22C7F /* Series.swift */ = {isa = PBXFileReference; lastKnownFileType = sourcecode.swift; path = Series.swift; sourceTree = "<group>"; };
		3A77B70C2ACDFB1D00F22C7F /* Series+Convert.swift */ = {isa = PBXFileReference; lastKnownFileType = sourcecode.swift; path = "Series+Convert.swift"; sourceTree = "<group>"; };
		3A77B70E2ACDFBF700F22C7F /* AudiobookshelfClient+Series.swift */ = {isa = PBXFileReference; lastKnownFileType = sourcecode.swift; path = "AudiobookshelfClient+Series.swift"; sourceTree = "<group>"; };
		3A77B7102ACE00FC00F22C7F /* String+Base64.swift */ = {isa = PBXFileReference; lastKnownFileType = sourcecode.swift; path = "String+Base64.swift"; sourceTree = "<group>"; };
		3A7C015A2AD6BBA2002E9690 /* AudiobookshelfClient+Episodes.swift */ = {isa = PBXFileReference; lastKnownFileType = sourcecode.swift; path = "AudiobookshelfClient+Episodes.swift"; sourceTree = "<group>"; };
		3A853FAE2AD03FA600FACAF6 /* AuthorView+Header.swift */ = {isa = PBXFileReference; lastKnownFileType = sourcecode.swift; path = "AuthorView+Header.swift"; sourceTree = "<group>"; };
		3A8810E92AD2C020009696D1 /* EpisodeMenu.swift */ = {isa = PBXFileReference; lastKnownFileType = sourcecode.swift; path = EpisodeMenu.swift; sourceTree = "<group>"; };
		3A8810ED2AD2C071009696D1 /* PodcastLoadView.swift */ = {isa = PBXFileReference; lastKnownFileType = sourcecode.swift; path = PodcastLoadView.swift; sourceTree = "<group>"; };
		3A8810EF2AD2C0E4009696D1 /* PodcastUnavailableView.swift */ = {isa = PBXFileReference; lastKnownFileType = sourcecode.swift; path = PodcastUnavailableView.swift; sourceTree = "<group>"; };
		3A8810F12AD2C2C3009696D1 /* PodcastView.swift */ = {isa = PBXFileReference; lastKnownFileType = sourcecode.swift; path = PodcastView.swift; sourceTree = "<group>"; };
		3A8810F62AD2CDE9009696D1 /* PodcastView+Header.swift */ = {isa = PBXFileReference; lastKnownFileType = sourcecode.swift; path = "PodcastView+Header.swift"; sourceTree = "<group>"; };
		3A8810F82AD2CE32009696D1 /* UIColor+IsLight.swift */ = {isa = PBXFileReference; lastKnownFileType = sourcecode.swift; path = "UIColor+IsLight.swift"; sourceTree = "<group>"; };
		3A8810FA2AD2CEE7009696D1 /* PodcastView+Toolbar.swift */ = {isa = PBXFileReference; lastKnownFileType = sourcecode.swift; path = "PodcastView+Toolbar.swift"; sourceTree = "<group>"; };
		3AA0B0802AD3133B0009FBB4 /* EpisodesList.swift */ = {isa = PBXFileReference; lastKnownFileType = sourcecode.swift; path = EpisodesList.swift; sourceTree = "<group>"; };
		3AA0B0822AD3148A0009FBB4 /* EpisodeRow.swift */ = {isa = PBXFileReference; lastKnownFileType = sourcecode.swift; path = EpisodeRow.swift; sourceTree = "<group>"; };
		3AA0B0842AD316E50009FBB4 /* EpisodeFilterSortMenu.swift */ = {isa = PBXFileReference; lastKnownFileType = sourcecode.swift; path = EpisodeFilterSortMenu.swift; sourceTree = "<group>"; };
		3AA0B0882AD322470009FBB4 /* EpisodeView.swift */ = {isa = PBXFileReference; lastKnownFileType = sourcecode.swift; path = EpisodeView.swift; sourceTree = "<group>"; };
		3AA0B08A2AD32D4E0009FBB4 /* EpisodeView+Header.swift */ = {isa = PBXFileReference; lastKnownFileType = sourcecode.swift; path = "EpisodeView+Header.swift"; sourceTree = "<group>"; };
		3AA19BA12AD6C80000C468EA /* LatestList.swift */ = {isa = PBXFileReference; lastKnownFileType = sourcecode.swift; path = LatestList.swift; sourceTree = "<group>"; };
		3AA19BA52AD6E94B00C468EA /* PodcastsGrid.swift */ = {isa = PBXFileReference; lastKnownFileType = sourcecode.swift; path = PodcastsGrid.swift; sourceTree = "<group>"; };
		3AA19BA72AD6EE3F00C468EA /* NowPlayingSheet+Chapters.swift */ = {isa = PBXFileReference; lastKnownFileType = sourcecode.swift; path = "NowPlayingSheet+Chapters.swift"; sourceTree = "<group>"; };
		3AA9541A2AD290380031C20D /* PodcastsRow.swift */ = {isa = PBXFileReference; lastKnownFileType = sourcecode.swift; path = PodcastsRow.swift; sourceTree = "<group>"; };
		3AA9541C2AD290520031C20D /* Podcast+Fixture.swift */ = {isa = PBXFileReference; lastKnownFileType = sourcecode.swift; path = "Podcast+Fixture.swift"; sourceTree = "<group>"; };
		3AA9541E2AD2925C0031C20D /* RowTitle.swift */ = {isa = PBXFileReference; lastKnownFileType = sourcecode.swift; path = RowTitle.swift; sourceTree = "<group>"; };
		3AA954202AD293670031C20D /* PodcastCover.swift */ = {isa = PBXFileReference; lastKnownFileType = sourcecode.swift; path = PodcastCover.swift; sourceTree = "<group>"; };
		3AA954222AD297A20031C20D /* Episode+Convert.swift */ = {isa = PBXFileReference; lastKnownFileType = sourcecode.swift; path = "Episode+Convert.swift"; sourceTree = "<group>"; };
		3AA954242AD29A0A0031C20D /* EpisodesTable.swift */ = {isa = PBXFileReference; lastKnownFileType = sourcecode.swift; path = EpisodesTable.swift; sourceTree = "<group>"; };
		3AA954262AD29A270031C20D /* Episode+Fixture.swift */ = {isa = PBXFileReference; lastKnownFileType = sourcecode.swift; path = "Episode+Fixture.swift"; sourceTree = "<group>"; };
		3AA954282AD29B760031C20D /* EpisodeImageRow.swift */ = {isa = PBXFileReference; lastKnownFileType = sourcecode.swift; path = EpisodeImageRow.swift; sourceTree = "<group>"; };
		3AA9542A2AD2A87E0031C20D /* EpisodesFeaturedRow.swift */ = {isa = PBXFileReference; lastKnownFileType = sourcecode.swift; path = EpisodesFeaturedRow.swift; sourceTree = "<group>"; };
		3AA9542C2AD2A8FE0031C20D /* EpisodeFeatured.swift */ = {isa = PBXFileReference; lastKnownFileType = sourcecode.swift; path = EpisodeFeatured.swift; sourceTree = "<group>"; };
		3AA9542F2AD2AE520031C20D /* EpisodePlayButton.swift */ = {isa = PBXFileReference; lastKnownFileType = sourcecode.swift; path = EpisodePlayButton.swift; sourceTree = "<group>"; };
		3AB4529A2ACF4B4B005D5DBA /* SeriesLoadView.swift */ = {isa = PBXFileReference; lastKnownFileType = sourcecode.swift; path = SeriesLoadView.swift; sourceTree = "<group>"; };
		3AB4529C2ACF4D0D005D5DBA /* SeriesView.swift */ = {isa = PBXFileReference; lastKnownFileType = sourcecode.swift; path = SeriesView.swift; sourceTree = "<group>"; };
		3AB4529E2ACF4D3C005D5DBA /* Series+Fixture.swift */ = {isa = PBXFileReference; lastKnownFileType = sourcecode.swift; path = "Series+Fixture.swift"; sourceTree = "<group>"; };
		3AB695332ACF39F000823049 /* Array+Repeat.swift */ = {isa = PBXFileReference; lastKnownFileType = sourcecode.swift; path = "Array+Repeat.swift"; sourceTree = "<group>"; };
		3AB695352ACF3BAF00823049 /* AuthorLoadView.swift */ = {isa = PBXFileReference; lastKnownFileType = sourcecode.swift; path = AuthorLoadView.swift; sourceTree = "<group>"; };
		3AB695372ACF3D1200823049 /* AuthorView.swift */ = {isa = PBXFileReference; lastKnownFileType = sourcecode.swift; path = AuthorView.swift; sourceTree = "<group>"; };
		3AB695392ACF3D3200823049 /* Author+Fixture.swift */ = {isa = PBXFileReference; lastKnownFileType = sourcecode.swift; path = "Author+Fixture.swift"; sourceTree = "<group>"; };
		3ABCC7DF2AD4647D004AEADF /* EpisodeView+Toolbar.swift */ = {isa = PBXFileReference; lastKnownFileType = sourcecode.swift; path = "EpisodeView+Toolbar.swift"; sourceTree = "<group>"; };
		3ABCC7E12AD4659E004AEADF /* Description.swift */ = {isa = PBXFileReference; lastKnownFileType = sourcecode.swift; path = Description.swift; sourceTree = "<group>"; };
		3ABCC7E32AD46655004AEADF /* GeometryRectangle.swift */ = {isa = PBXFileReference; lastKnownFileType = sourcecode.swift; path = GeometryRectangle.swift; sourceTree = "<group>"; };
		3ABD77C12AD1459100636513 /* SeriesView+Header.swift */ = {isa = PBXFileReference; lastKnownFileType = sourcecode.swift; path = "SeriesView+Header.swift"; sourceTree = "<group>"; };
		3ACB3B8C2AD16F37005EA609 /* SeriesGrid.swift */ = {isa = PBXFileReference; lastKnownFileType = sourcecode.swift; path = SeriesGrid.swift; sourceTree = "<group>"; };
		3ACB3B8E2AD17025005EA609 /* SeriesCover.swift */ = {isa = PBXFileReference; lastKnownFileType = sourcecode.swift; path = SeriesCover.swift; sourceTree = "<group>"; };
		3ACB3B912AD1D149005EA609 /* PodcastLibraryView+Home.swift */ = {isa = PBXFileReference; lastKnownFileType = sourcecode.swift; path = "PodcastLibraryView+Home.swift"; sourceTree = "<group>"; };
		3ACB3B932AD1D172005EA609 /* PodcastLibraryView+Latest.swift */ = {isa = PBXFileReference; lastKnownFileType = sourcecode.swift; path = "PodcastLibraryView+Latest.swift"; sourceTree = "<group>"; };
		3ACB3B952AD1D186005EA609 /* PodcastLibraryView+Library.swift */ = {isa = PBXFileReference; lastKnownFileType = sourcecode.swift; path = "PodcastLibraryView+Library.swift"; sourceTree = "<group>"; };
		3ACB3B972AD1D18D005EA609 /* PodcastLibraryView+Search.swift */ = {isa = PBXFileReference; lastKnownFileType = sourcecode.swift; path = "PodcastLibraryView+Search.swift"; sourceTree = "<group>"; };
		3ACB3B9D2AD1DA55005EA609 /* Podcast.swift */ = {isa = PBXFileReference; lastKnownFileType = sourcecode.swift; path = Podcast.swift; sourceTree = "<group>"; };
		3ACB3B9F2AD1DA62005EA609 /* Episode.swift */ = {isa = PBXFileReference; lastKnownFileType = sourcecode.swift; path = Episode.swift; sourceTree = "<group>"; };
		3ACB3BA12AD1E0DD005EA609 /* AudiobookshelfClient+Podcasts.swift */ = {isa = PBXFileReference; lastKnownFileType = sourcecode.swift; path = "AudiobookshelfClient+Podcasts.swift"; sourceTree = "<group>"; };
		3ACB3BA32AD1E393005EA609 /* Podcast+Convert.swift */ = {isa = PBXFileReference; lastKnownFileType = sourcecode.swift; path = "Podcast+Convert.swift"; sourceTree = "<group>"; };
		3ACD19A72ACAFA87007D01FE /* Item.swift */ = {isa = PBXFileReference; lastKnownFileType = sourcecode.swift; path = Item.swift; sourceTree = "<group>"; };
		3ACD19A92ACAFC97007D01FE /* Audiobook.swift */ = {isa = PBXFileReference; lastKnownFileType = sourcecode.swift; path = Audiobook.swift; sourceTree = "<group>"; };
		3ACD19AD2ACB57CD007D01FE /* LibraryView.swift */ = {isa = PBXFileReference; lastKnownFileType = sourcecode.swift; path = LibraryView.swift; sourceTree = "<group>"; };
		3ACD19B02ACB5811007D01FE /* Library.swift */ = {isa = PBXFileReference; lastKnownFileType = sourcecode.swift; path = Library.swift; sourceTree = "<group>"; };
		3ACD19B42ACB58EB007D01FE /* LoadingView.swift */ = {isa = PBXFileReference; lastKnownFileType = sourcecode.swift; path = LoadingView.swift; sourceTree = "<group>"; };
		3ACD19B62ACB5A49007D01FE /* ErrorView.swift */ = {isa = PBXFileReference; lastKnownFileType = sourcecode.swift; path = ErrorView.swift; sourceTree = "<group>"; };
		3ACD19B82ACB5B32007D01FE /* SessionsImportView.swift */ = {isa = PBXFileReference; lastKnownFileType = sourcecode.swift; path = SessionsImportView.swift; sourceTree = "<group>"; };
		3ACD19BB2ACB60D0007D01FE /* PersistenceManager.swift */ = {isa = PBXFileReference; lastKnownFileType = sourcecode.swift; path = PersistenceManager.swift; sourceTree = "<group>"; };
		3AFA7F9A2ACD435000B7FF4B /* ProgressOverlay.swift */ = {isa = PBXFileReference; lastKnownFileType = sourcecode.swift; path = ProgressOverlay.swift; sourceTree = "<group>"; };
		3AFA7F9C2ACD440A00B7FF4B /* Triangle.swift */ = {isa = PBXFileReference; lastKnownFileType = sourcecode.swift; path = Triangle.swift; sourceTree = "<group>"; };
/* End PBXFileReference section */

/* Begin PBXFrameworksBuildPhase section */
		3A0AE69D2AB623F400ACCD68 /* Frameworks */ = {
			isa = PBXFrameworksBuildPhase;
			buildActionMask = 2147483647;
			files = (
				3A8810F52AD2C35B009696D1 /* UIImageColors in Frameworks */,
				3A1EAB932ACC80690064C80C /* NukeUI in Frameworks */,
				3AA954332AD2B61F0031C20D /* SwiftSoup in Frameworks */,
			);
			runOnlyForDeploymentPostprocessing = 0;
		};
/* End PBXFrameworksBuildPhase section */

/* Begin PBXGroup section */
		3A0AE6972AB623F400ACCD68 = {
			isa = PBXGroup;
			children = (
				3A0AE6A22AB623F400ACCD68 /* Audiobooks */,
				3A0AE6A12AB623F400ACCD68 /* Products */,
			);
			sourceTree = "<group>";
		};
		3A0AE6A12AB623F400ACCD68 /* Products */ = {
			isa = PBXGroup;
			children = (
				3A0AE6A02AB623F400ACCD68 /* Audiobooks.app */,
			);
			name = Products;
			sourceTree = "<group>";
		};
		3A0AE6A22AB623F400ACCD68 /* Audiobooks */ = {
			isa = PBXGroup;
			children = (
				3ACD19A52ACAFA6D007D01FE /* Data */,
				3ACD19BA2ACB603B007D01FE /* Util */,
				3A0AE6B42AB624B900ACCD68 /* Presentation */,
				3A27A66C2AB761F600F80C92 /* AudiobookshelfClient */,
				3A27A66D2AB7631900F80C92 /* Info.plist */,
				3A0AE6A92AB623F500ACCD68 /* Assets.xcassets */,
				3A0AE6AB2AB623F500ACCD68 /* Audiobooks.entitlements */,
			);
			path = Audiobooks;
			sourceTree = "<group>";
		};
		3A0AE6B42AB624B900ACCD68 /* Presentation */ = {
			isa = PBXGroup;
			children = (
				3A0AE6B52AB624C700ACCD68 /* Views */,
				3ACD19B22ACB58BD007D01FE /* Components */,
				3A0AE6BC2AB6252300ACCD68 /* Styles */,
				3A0AE6BB2AB624EB00ACCD68 /* Core */,
			);
			path = Presentation;
			sourceTree = "<group>";
		};
		3A0AE6B52AB624C700ACCD68 /* Views */ = {
			isa = PBXGroup;
			children = (
				3ACD19AC2ACB57B1007D01FE /* Mixed */,
				3A0AE6B62AB624CC00ACCD68 /* Account */,
				3A48D2522AD074C500991139 /* Podcasts */,
				3ACD19AB2ACB5794007D01FE /* Audiobooks */,
			);
			path = Views;
			sourceTree = "<group>";
		};
		3A0AE6B62AB624CC00ACCD68 /* Account */ = {
			isa = PBXGroup;
			children = (
				3A0AE6B92AB624E700ACCD68 /* LoginView.swift */,
			);
			path = Account;
			sourceTree = "<group>";
		};
		3A0AE6BB2AB624EB00ACCD68 /* Core */ = {
			isa = PBXGroup;
			children = (
				3A0AE6A52AB623F400ACCD68 /* ContentView.swift */,
				3A0AE6A32AB623F400ACCD68 /* AudiobooksApp.swift */,
			);
			path = Core;
			sourceTree = "<group>";
		};
		3A0AE6BC2AB6252300ACCD68 /* Styles */ = {
			isa = PBXGroup;
			children = (
				3A0AE6BD2AB6252A00ACCD68 /* Button */,
			);
			path = Styles;
			sourceTree = "<group>";
		};
		3A0AE6BD2AB6252A00ACCD68 /* Button */ = {
			isa = PBXGroup;
			children = (
				3A0AE6BE2AB6253300ACCD68 /* LargeButtonStyle.swift */,
				3A0E0ABD2ACD72B0009F8EF1 /* PlayNowButtonStyle.swift */,
			);
			path = Button;
			sourceTree = "<group>";
		};
		3A0E0ABA2ACD6E23009F8EF1 /* Audiobook */ = {
			isa = PBXGroup;
			children = (
				3A0E0ABB2ACD6E2F009F8EF1 /* AudiobookView.swift */,
				3A77B6F72ACDDC9D00F22C7F /* AudiobookView+Header.swift */,
				3A77B7032ACDF76E00F22C7F /* AudiobookView+Toolbar.swift */,
			);
			path = Audiobook;
			sourceTree = "<group>";
		};
		3A1011782AD696CF00AAE220 /* Fullscreen */ = {
			isa = PBXGroup;
			children = (
				3A77B7082ACDF8F200F22C7F /* CustomBackButton.swift */,
				3A77B7062ACDF89500F22C7F /* FullscreenToolbarModifier.swift */,
			);
			path = Fullscreen;
			sourceTree = "<group>";
		};
		3A10117A2AD696F000AAE220 /* Shapes */ = {
			isa = PBXGroup;
			children = (
				3AFA7F9C2ACD440A00B7FF4B /* Triangle.swift */,
				3ABCC7E32AD46655004AEADF /* GeometryRectangle.swift */,
			);
			path = Shapes;
			sourceTree = "<group>";
		};
		3A10117B2AD6970100AAE220 /* Slider */ = {
			isa = PBXGroup;
			children = (
				3A17E6902AD5F21B00E59464 /* Slider.swift */,
				3A10117C2AD6971900AAE220 /* VolumeSlider.swift */,
			);
			path = Slider;
			sourceTree = "<group>";
		};
		3A10117E2AD6972A00AAE220 /* String */ = {
			isa = PBXGroup;
			children = (
				3A77B6F92ACDE08800F22C7F /* String+Trim.swift */,
				3A1EAB9D2ACC85B50064C80C /* String+Prefix.swift */,
				3A77B7102ACE00FC00F22C7F /* String+Base64.swift */,
				3A1EAB9B2ACC84490064C80C /* String+Padding.swift */,
			);
			path = String;
			sourceTree = "<group>";
		};
		3A10117F2AD6973400AAE220 /* UIKit */ = {
			isa = PBXGroup;
			children = (
				3A8810F82AD2CE32009696D1 /* UIColor+IsLight.swift */,
				3A1507982AD4494300D7D6CF /* UINavigationController+Gesture.swift */,
			);
			path = UIKit;
			sourceTree = "<group>";
		};
		3A1011802AD6973D00AAE220 /* Other */ = {
			isa = PBXGroup;
			children = (
				3A5159532AD02B6D00CD5680 /* Date+Get.swift */,
				3AB695332ACF39F000823049 /* Array+Repeat.swift */,
				3A1EAB992ACC82490064C80C /* Double+FormatTime.swift */,
				3A1011812AD6975C00AAE220 /* MPVolumeView+Volume.swift */,
			);
			path = Other;
			sourceTree = "<group>";
		};
		3A1011852AD69DB200AAE220 /* Buttons */ = {
			isa = PBXGroup;
			children = (
				3A38A1572AD4715100D533F3 /* PlayButton.swift */,
				3A48D2502AD0661500991139 /* LibrarySelectorModifier.swift */,
				3A1011862AD69DDA00AAE220 /* PlaybackSpeedSelector.swift */,
			);
			path = Buttons;
			sourceTree = "<group>";
		};
		3A17E68B2AD5EF2C00E59464 /* Series */ = {
			isa = PBXGroup;
			children = (
				3ACB3B8C2AD16F37005EA609 /* SeriesGrid.swift */,
				3ACB3B8E2AD17025005EA609 /* SeriesCover.swift */,
			);
			path = Series;
			sourceTree = "<group>";
		};
		3A1EAB8E2ACC7EE20064C80C /* Audiobooks */ = {
			isa = PBXGroup;
			children = (
				3A5159512AD02A3800CD5680 /* AudiobookRow.swift */,
				3A1EAB8F2ACC7EF40064C80C /* AudiobookCover.swift */,
				3A51594F2AD029A200CD5680 /* AudiobooksList.swift */,
				3A5159552AD0374600CD5680 /* AudiobooksSort.swift */,
				3A36D78A2ACF2C1D002EEC54 /* AudiobooksGrid.swift */,
				3A1EAB8A2ACC7C5D0064C80C /* AudiobooksRow.swift */,
				3A17E68B2AD5EF2C00E59464 /* Series */,
			);
			path = Audiobooks;
			sourceTree = "<group>";
		};
		3A1EAB942ACC80820064C80C /* Items */ = {
			isa = PBXGroup;
			children = (
				3A1EAB952ACC808A0064C80C /* ItemImage.swift */,
				3AFA7F9A2ACD435000B7FF4B /* ProgressOverlay.swift */,
			);
			path = Items;
			sourceTree = "<group>";
		};
		3A1EAB972ACC822F0064C80C /* Extensions */ = {
			isa = PBXGroup;
			children = (
				3A1011802AD6973D00AAE220 /* Other */,
				3A10117F2AD6973400AAE220 /* UIKit */,
				3A10117E2AD6972A00AAE220 /* String */,
			);
			path = Extensions;
			sourceTree = "<group>";
		};
		3A1EAB982ACC82350064C80C /* Offline */ = {
			isa = PBXGroup;
			children = (
				3A50AAAD2ACC4B1600BF5438 /* OfflineManager.swift */,
				3A50AAAF2ACC4B4B00BF5438 /* OfflineManager+Progress.swift */,
			);
			path = Offline;
			sourceTree = "<group>";
		};
		3A27A66C2AB761F600F80C92 /* AudiobookshelfClient */ = {
			isa = PBXGroup;
			children = (
				3A27A6752AB7667D00F80C92 /* Types */,
				3A27A6722AB7645100F80C92 /* Methods */,
				3A27A66A2AB761EE00F80C92 /* AudiobookshelfClient.swift */,
				3A27A6702AB763CF00F80C92 /* AudiobookshelfClient+Request.swift */,
				3A27A66E2AB7636700F80C92 /* AudiobookshelfClientError.swift */,
			);
			path = AudiobookshelfClient;
			sourceTree = "<group>";
		};
		3A27A6722AB7645100F80C92 /* Methods */ = {
			isa = PBXGroup;
			children = (
				3A27A6732AB7646900F80C92 /* AudiobookshelfClient+Authorization.swift */,
				3A50AAA62ACC431A00BF5438 /* AudiobookshelfClient+Libraries.swift */,
				3A48D24E2AD0600000991139 /* AudiobookshelfClient+Item.swift */,
				3ACB3B9A2AD1D65D005EA609 /* Podcasts */,
				3ACB3B992AD1D642005EA609 /* Audiobooks */,
			);
			path = Methods;
			sourceTree = "<group>";
		};
		3A27A6752AB7667D00F80C92 /* Types */ = {
			isa = PBXGroup;
			children = (
				3A27A6762AB7669600F80C92 /* AudiobookshelfClient+MediaProgress.swift */,
				3A50AAC12ACC599000BF5438 /* AudiobookshelfClient+Util.swift */,
				3A50AABF2ACC57AD00BF5438 /* AudiobookshelfClient+ItemType.swift */,
			);
			path = Types;
			sourceTree = "<group>";
		};
		3A38A15D2AD4885900D533F3 /* AudioPlayer */ = {
			isa = PBXGroup;
			children = (
				3A38A15E2AD4886D00D533F3 /* AudioPlayer.swift */,
				3A17E6892AD5EC6A00E59464 /* AudioPlayer+Notifications.swift */,
				3A7118EC2AD5ACED005F7E08 /* PlaybackReporter.swift */,
			);
			path = AudioPlayer;
			sourceTree = "<group>";
		};
		3A48D2522AD074C500991139 /* Podcasts */ = {
			isa = PBXGroup;
			children = (
				3ACB3B902AD1D0F8005EA609 /* Library */,
				3A8810FC2AD2D2B3009696D1 /* Podcast */,
				3A8810EC2AD2C061009696D1 /* Episode */,
			);
			path = Podcasts;
			sourceTree = "<group>";
		};
		3A50AAA82ACC462300BF5438 /* Fixtures */ = {
			isa = PBXGroup;
			children = (
				3AB4529E2ACF4D3C005D5DBA /* Series+Fixture.swift */,
				3AB695392ACF3D3200823049 /* Author+Fixture.swift */,
				3A50AAA92ACC463C00BF5438 /* Library+Fixture.swift */,
				3AA954262AD29A270031C20D /* Episode+Fixture.swift */,
				3AA9541C2AD290520031C20D /* Podcast+Fixture.swift */,
				3A1EAB8C2ACC7C790064C80C /* Audiobook+Fixture.swift */,
			);
			path = Fixtures;
			sourceTree = "<group>";
		};
		3A50AAB42ACC51F200BF5438 /* Library */ = {
			isa = PBXGroup;
			children = (
				3A50AAA42ACC42B400BF5438 /* AudiobookLibraryView.swift */,
				3A50AAB52ACC521B00BF5438 /* AudiobookLibraryView+Home.swift */,
				3A50AAB92ACC523000BF5438 /* AudiobookLibraryView+Series.swift */,
				3A50AAB72ACC522900BF5438 /* AudiobookLibraryView+Library.swift */,
				3A50AABB2ACC523700BF5438 /* AudiobookLibraryView+Search.swift */,
			);
			path = Library;
			sourceTree = "<group>";
		};
		3A50AAC32ACC59AC00BF5438 /* Util */ = {
			isa = PBXGroup;
			children = (
				3ACD19B02ACB5811007D01FE /* Library.swift */,
				3A50AAC42ACC59BD00BF5438 /* HomeRow.swift */,
			);
			path = Util;
			sourceTree = "<group>";
		};
		3A50AAC62ACC5A6F00BF5438 /* Convert */ = {
			isa = PBXGroup;
			children = (
				3A1EAB9F2ACC86F60064C80C /* Image+Convert.swift */,
				3A77B70C2ACDFB1D00F22C7F /* Series+Convert.swift */,
				3A77B6FE2ACDEBEF00F22C7F /* Author+Convert.swift */,
				3AA954222AD297A20031C20D /* Episode+Convert.swift */,
				3ACB3BA32AD1E393005EA609 /* Podcast+Convert.swift */,
				3A50AAC72ACC5A8800BF5438 /* Audiobook+Convert.swift */,
				3A38A15B2AD4830E00D533F3 /* PlayableItem+Convert.swift */,
			);
			path = Convert;
			sourceTree = "<group>";
		};
		3A7118EB2AD5ACA4005F7E08 /* NowPlaying */ = {
			isa = PBXGroup;
			children = (
				3A17E6872AD5EC3000E59464 /* NowPlayingBarModifier.swift */,
				3A17E68C2AD5EF9C00E59464 /* NowPlayingSheet.swift */,
				3A17E68E2AD5F15900E59464 /* NowPlayingSheet+Title.swift */,
				3A17E6922AD5F24500E59464 /* NowPlayingSheet+Controls.swift */,
				3A1011832AD697B600AAE220 /* NowPlayingSheet+BottomButtons.swift */,
				3AA19BA72AD6EE3F00C468EA /* NowPlayingSheet+Chapters.swift */,
			);
			path = NowPlaying;
			sourceTree = "<group>";
		};
		3A77B6FB2ACDE2DA00F22C7F /* Author */ = {
			isa = PBXGroup;
			children = (
				3AB695372ACF3D1200823049 /* AuthorView.swift */,
				3A853FAE2AD03FA600FACAF6 /* AuthorView+Header.swift */,
				3AB695352ACF3BAF00823049 /* AuthorLoadView.swift */,
				3A77B6FC2ACDE2FA00F22C7F /* AuthorUnavailableView.swift */,
			);
			path = Author;
			sourceTree = "<group>";
		};
		3A77B7002ACDF00100F22C7F /* Series */ = {
			isa = PBXGroup;
			children = (
				3AB4529C2ACF4D0D005D5DBA /* SeriesView.swift */,
				3ABD77C12AD1459100636513 /* SeriesView+Header.swift */,
				3AB4529A2ACF4B4B005D5DBA /* SeriesLoadView.swift */,
				3A77B7012ACDF01C00F22C7F /* SeriesUnavailableView.swift */,
			);
			path = Series;
			sourceTree = "<group>";
		};
		3A77B7052ACDF88200F22C7F /* Util */ = {
			isa = PBXGroup;
			children = (
				3A10117B2AD6970100AAE220 /* Slider */,
				3A10117A2AD696F000AAE220 /* Shapes */,
				3A1011852AD69DB200AAE220 /* Buttons */,
				3A1EAB942ACC80820064C80C /* Items */,
				3A1011782AD696CF00AAE220 /* Fullscreen */,
				3AA9541E2AD2925C0031C20D /* RowTitle.swift */,
				3ABCC7E12AD4659E004AEADF /* Description.swift */,
			);
			path = Util;
			sourceTree = "<group>";
		};
		3A8810EC2AD2C061009696D1 /* Episode */ = {
			isa = PBXGroup;
			children = (
				3AA0B0882AD322470009FBB4 /* EpisodeView.swift */,
				3AA0B08A2AD32D4E0009FBB4 /* EpisodeView+Header.swift */,
				3ABCC7DF2AD4647D004AEADF /* EpisodeView+Toolbar.swift */,
				3A1507942AD348E700D7D6CF /* AllEpisodesView.swift */,
			);
			path = Episode;
			sourceTree = "<group>";
		};
		3A8810FC2AD2D2B3009696D1 /* Podcast */ = {
			isa = PBXGroup;
			children = (
				3A8810F12AD2C2C3009696D1 /* PodcastView.swift */,
				3A8810F62AD2CDE9009696D1 /* PodcastView+Header.swift */,
				3A8810FA2AD2CEE7009696D1 /* PodcastView+Toolbar.swift */,
				3A8810ED2AD2C071009696D1 /* PodcastLoadView.swift */,
				3A8810EF2AD2C0E4009696D1 /* PodcastUnavailableView.swift */,
			);
			path = Podcast;
			sourceTree = "<group>";
		};
		3AA0B0862AD316E80009FBB4 /* List */ = {
			isa = PBXGroup;
			children = (
				3AA0B0802AD3133B0009FBB4 /* EpisodesList.swift */,
				3AA0B0822AD3148A0009FBB4 /* EpisodeRow.swift */,
				3AA19BA12AD6C80000C468EA /* LatestList.swift */,
			);
			path = List;
			sourceTree = "<group>";
		};
		3AA0B0872AD316EE0009FBB4 /* Row */ = {
			isa = PBXGroup;
			children = (
				3AA954242AD29A0A0031C20D /* EpisodesTable.swift */,
				3AA954282AD29B760031C20D /* EpisodeImageRow.swift */,
				3AA9542A2AD2A87E0031C20D /* EpisodesFeaturedRow.swift */,
				3AA9542C2AD2A8FE0031C20D /* EpisodeFeatured.swift */,
			);
			path = Row;
			sourceTree = "<group>";
		};
		3AA9542E2AD2A9010031C20D /* Episode */ = {
			isa = PBXGroup;
			children = (
				3AA0B0842AD316E50009FBB4 /* EpisodeFilterSortMenu.swift */,
				3A8810E92AD2C020009696D1 /* EpisodeMenu.swift */,
				3AA9542F2AD2AE520031C20D /* EpisodePlayButton.swift */,
				3AA0B0862AD316E80009FBB4 /* List */,
				3AA0B0872AD316EE0009FBB4 /* Row */,
			);
			path = Episode;
			sourceTree = "<group>";
		};
		3ACB3B902AD1D0F8005EA609 /* Library */ = {
			isa = PBXGroup;
			children = (
				3A48D2532AD074DC00991139 /* PodcastLibraryView.swift */,
				3ACB3B912AD1D149005EA609 /* PodcastLibraryView+Home.swift */,
				3ACB3B932AD1D172005EA609 /* PodcastLibraryView+Latest.swift */,
				3ACB3B952AD1D186005EA609 /* PodcastLibraryView+Library.swift */,
				3ACB3B972AD1D18D005EA609 /* PodcastLibraryView+Search.swift */,
			);
			path = Library;
			sourceTree = "<group>";
		};
		3ACB3B992AD1D642005EA609 /* Audiobooks */ = {
			isa = PBXGroup;
			children = (
				3A50AABD2ACC572B00BF5438 /* AudiobookshelfClient+Audiobooks.swift */,
				3A77B70E2ACDFBF700F22C7F /* AudiobookshelfClient+Series.swift */,
				3A77B6F32ACDD95200F22C7F /* AudiobookshelfClient+Authors.swift */,
			);
			path = Audiobooks;
			sourceTree = "<group>";
		};
		3ACB3B9A2AD1D65D005EA609 /* Podcasts */ = {
			isa = PBXGroup;
			children = (
				3A7C015A2AD6BBA2002E9690 /* AudiobookshelfClient+Episodes.swift */,
				3ACB3BA12AD1E0DD005EA609 /* AudiobookshelfClient+Podcasts.swift */,
			);
			path = Podcasts;
			sourceTree = "<group>";
		};
		3ACB3B9B2AD1DA30005EA609 /* Audiobooks */ = {
			isa = PBXGroup;
			children = (
				3A77B70A2ACDFB0500F22C7F /* Series.swift */,
				3A77B6F52ACDDA4900F22C7F /* Author.swift */,
				3ACD19A92ACAFC97007D01FE /* Audiobook.swift */,
			);
			path = Audiobooks;
			sourceTree = "<group>";
		};
		3ACB3B9C2AD1DA45005EA609 /* Podcasts */ = {
			isa = PBXGroup;
			children = (
				3ACB3B9F2AD1DA62005EA609 /* Episode.swift */,
				3ACB3B9D2AD1DA55005EA609 /* Podcast.swift */,
			);
			path = Podcasts;
			sourceTree = "<group>";
		};
		3ACB3BA52AD1E7FE005EA609 /* Podcasts */ = {
			isa = PBXGroup;
			children = (
				3AA19BA52AD6E94B00C468EA /* PodcastsGrid.swift */,
				3AA9541A2AD290380031C20D /* PodcastsRow.swift */,
				3AA954202AD293670031C20D /* PodcastCover.swift */,
				3AA9542E2AD2A9010031C20D /* Episode */,
			);
			path = Podcasts;
			sourceTree = "<group>";
		};
		3ACD19A52ACAFA6D007D01FE /* Data */ = {
			isa = PBXGroup;
			children = (
				3ACD19A62ACAFA80007D01FE /* Item */,
				3A50AAC32ACC59AC00BF5438 /* Util */,
				3ACD19BD2ACB6263007D01FE /* Models */,
				3A50AAA82ACC462300BF5438 /* Fixtures */,
			);
			path = Data;
			sourceTree = "<group>";
		};
		3ACD19A62ACAFA80007D01FE /* Item */ = {
			isa = PBXGroup;
			children = (
				3ACD19A72ACAFA87007D01FE /* Item.swift */,
				3A38A1592AD47F6200D533F3 /* PlayableItem.swift */,
				3ACB3B9C2AD1DA45005EA609 /* Podcasts */,
				3ACB3B9B2AD1DA30005EA609 /* Audiobooks */,
				3A50AAC62ACC5A6F00BF5438 /* Convert */,
			);
			path = Item;
			sourceTree = "<group>";
		};
		3ACD19AB2ACB5794007D01FE /* Audiobooks */ = {
			isa = PBXGroup;
			children = (
				3A0E0ABA2ACD6E23009F8EF1 /* Audiobook */,
				3A77B7002ACDF00100F22C7F /* Series */,
				3A50AAB42ACC51F200BF5438 /* Library */,
				3A77B6FB2ACDE2DA00F22C7F /* Author */,
			);
			path = Audiobooks;
			sourceTree = "<group>";
		};
		3ACD19AC2ACB57B1007D01FE /* Mixed */ = {
			isa = PBXGroup;
			children = (
				3ACD19AD2ACB57CD007D01FE /* LibraryView.swift */,
				3ACD19B82ACB5B32007D01FE /* SessionsImportView.swift */,
			);
			path = Mixed;
			sourceTree = "<group>";
		};
		3ACD19B22ACB58BD007D01FE /* Components */ = {
			isa = PBXGroup;
			children = (
				3A77B7052ACDF88200F22C7F /* Util */,
				3ACB3BA52AD1E7FE005EA609 /* Podcasts */,
				3A1EAB8E2ACC7EE20064C80C /* Audiobooks */,
				3ACD19B32ACB58D6007D01FE /* Fallback */,
				3A7118EB2AD5ACA4005F7E08 /* NowPlaying */,
			);
			path = Components;
			sourceTree = "<group>";
		};
		3ACD19B32ACB58D6007D01FE /* Fallback */ = {
			isa = PBXGroup;
			children = (
				3ACD19B42ACB58EB007D01FE /* LoadingView.swift */,
				3ACD19B62ACB5A49007D01FE /* ErrorView.swift */,
			);
			path = Fallback;
			sourceTree = "<group>";
		};
		3ACD19BA2ACB603B007D01FE /* Util */ = {
			isa = PBXGroup;
			children = (
				3ACD19BB2ACB60D0007D01FE /* PersistenceManager.swift */,
				3A1EAB982ACC82350064C80C /* Offline */,
				3A1EAB972ACC822F0064C80C /* Extensions */,
				3A38A15D2AD4885900D533F3 /* AudioPlayer */,
			);
			path = Util;
			sourceTree = "<group>";
		};
		3ACD19BD2ACB6263007D01FE /* Models */ = {
			isa = PBXGroup;
			children = (
				3A50AAAB2ACC479200BF5438 /* OfflineProgress.swift */,
			);
			path = Models;
			sourceTree = "<group>";
		};
/* End PBXGroup section */

/* Begin PBXNativeTarget section */
		3A0AE69F2AB623F400ACCD68 /* Audiobooks */ = {
			isa = PBXNativeTarget;
			buildConfigurationList = 3A0AE6B12AB623F500ACCD68 /* Build configuration list for PBXNativeTarget "Audiobooks" */;
			buildPhases = (
				3A0AE69C2AB623F400ACCD68 /* Sources */,
				3A0AE69D2AB623F400ACCD68 /* Frameworks */,
				3A0AE69E2AB623F400ACCD68 /* Resources */,
				3AA954342AD2BAC10031C20D /* ShellScript */,
			);
			buildRules = (
			);
			dependencies = (
			);
			name = Audiobooks;
			packageProductDependencies = (
				3A1EAB922ACC80690064C80C /* NukeUI */,
				3AA954322AD2B61F0031C20D /* SwiftSoup */,
				3A8810F42AD2C35B009696D1 /* UIImageColors */,
			);
			productName = Audiobooks;
			productReference = 3A0AE6A02AB623F400ACCD68 /* Audiobooks.app */;
			productType = "com.apple.product-type.application";
		};
/* End PBXNativeTarget section */

/* Begin PBXProject section */
		3A0AE6982AB623F400ACCD68 /* Project object */ = {
			isa = PBXProject;
			attributes = {
				BuildIndependentTargetsInParallel = 1;
				LastSwiftUpdateCheck = 1500;
				LastUpgradeCheck = 1500;
				TargetAttributes = {
					3A0AE69F2AB623F400ACCD68 = {
						CreatedOnToolsVersion = 15.0;
					};
				};
			};
			buildConfigurationList = 3A0AE69B2AB623F400ACCD68 /* Build configuration list for PBXProject "Audiobooks" */;
			compatibilityVersion = "Xcode 14.0";
			developmentRegion = en;
			hasScannedForEncodings = 0;
			knownRegions = (
				en,
				Base,
			);
			mainGroup = 3A0AE6972AB623F400ACCD68;
			packageReferences = (
				3A1EAB912ACC80690064C80C /* XCRemoteSwiftPackageReference "Nuke" */,
				3AA954312AD2B61F0031C20D /* XCRemoteSwiftPackageReference "SwiftSoup" */,
				3A8810F32AD2C35B009696D1 /* XCRemoteSwiftPackageReference "UIImageColors" */,
			);
			productRefGroup = 3A0AE6A12AB623F400ACCD68 /* Products */;
			projectDirPath = "";
			projectRoot = "";
			targets = (
				3A0AE69F2AB623F400ACCD68 /* Audiobooks */,
			);
		};
/* End PBXProject section */

/* Begin PBXResourcesBuildPhase section */
		3A0AE69E2AB623F400ACCD68 /* Resources */ = {
			isa = PBXResourcesBuildPhase;
			buildActionMask = 2147483647;
			files = (
				3A0AE6AA2AB623F500ACCD68 /* Assets.xcassets in Resources */,
			);
			runOnlyForDeploymentPostprocessing = 0;
		};
/* End PBXResourcesBuildPhase section */

/* Begin PBXShellScriptBuildPhase section */
		3AA954342AD2BAC10031C20D /* ShellScript */ = {
			isa = PBXShellScriptBuildPhase;
			alwaysOutOfDate = 1;
			buildActionMask = 2147483647;
			files = (
			);
			inputFileListPaths = (
			);
			inputPaths = (
			);
			outputFileListPaths = (
			);
			outputPaths = (
			);
			runOnlyForDeploymentPostprocessing = 0;
			shellPath = /bin/sh;
			shellScript = "if [ \"${CONFIGURATION}\" = \"Release\" ]; then\n    buildNumber=$(git rev-list --count head)\n    /usr/libexec/PlistBuddy -c \"Set :CFBundleVersion $buildNumber\" \"${TARGET_BUILD_DIR}/${INFOPLIST_PATH}\"\nfi\n";
		};
/* End PBXShellScriptBuildPhase section */

/* Begin PBXSourcesBuildPhase section */
		3A0AE69C2AB623F400ACCD68 /* Sources */ = {
			isa = PBXSourcesBuildPhase;
			buildActionMask = 2147483647;
			files = (
				3A5159542AD02B6D00CD5680 /* Date+Get.swift in Sources */,
				3AB695362ACF3BAF00823049 /* AuthorLoadView.swift in Sources */,
				3ACB3B9E2AD1DA55005EA609 /* Podcast.swift in Sources */,
				3AA954292AD29B760031C20D /* EpisodeImageRow.swift in Sources */,
				3ACB3B8F2AD17025005EA609 /* SeriesCover.swift in Sources */,
				3A48D2512AD0661500991139 /* LibrarySelectorModifier.swift in Sources */,
				3A77B7072ACDF89500F22C7F /* FullscreenToolbarModifier.swift in Sources */,
				3A1EAB9C2ACC84490064C80C /* String+Padding.swift in Sources */,
				3A8810F02AD2C0E4009696D1 /* PodcastUnavailableView.swift in Sources */,
				3A5159502AD029A200CD5680 /* AudiobooksList.swift in Sources */,
				3A1EAB902ACC7EF40064C80C /* AudiobookCover.swift in Sources */,
				3A38A15F2AD4886D00D533F3 /* AudioPlayer.swift in Sources */,
				3AA19BA22AD6C80000C468EA /* LatestList.swift in Sources */,
				3A50AABC2ACC523700BF5438 /* AudiobookLibraryView+Search.swift in Sources */,
				3AA9541D2AD290520031C20D /* Podcast+Fixture.swift in Sources */,
				3A7C015B2AD6BBA2002E9690 /* AudiobookshelfClient+Episodes.swift in Sources */,
				3AA9541F2AD2925C0031C20D /* RowTitle.swift in Sources */,
				3AA954302AD2AE520031C20D /* EpisodePlayButton.swift in Sources */,
				3AB695342ACF39F000823049 /* Array+Repeat.swift in Sources */,
				3A50AAA52ACC42B400BF5438 /* AudiobookLibraryView.swift in Sources */,
				3AA9542D2AD2A8FE0031C20D /* EpisodeFeatured.swift in Sources */,
				3A50AAAE2ACC4B1600BF5438 /* OfflineManager.swift in Sources */,
				3A77B70D2ACDFB1D00F22C7F /* Series+Convert.swift in Sources */,
				3ACB3B8D2AD16F37005EA609 /* SeriesGrid.swift in Sources */,
				3ACB3B942AD1D172005EA609 /* PodcastLibraryView+Latest.swift in Sources */,
				3A5159522AD02A3800CD5680 /* AudiobookRow.swift in Sources */,
				3AA954272AD29A270031C20D /* Episode+Fixture.swift in Sources */,
				3A77B6F82ACDDC9D00F22C7F /* AudiobookView+Header.swift in Sources */,
				3A1EAB8B2ACC7C5D0064C80C /* AudiobooksRow.swift in Sources */,
				3ABCC7E42AD46655004AEADF /* GeometryRectangle.swift in Sources */,
				3AFA7F9B2ACD435000B7FF4B /* ProgressOverlay.swift in Sources */,
				3AA19BA82AD6EE3F00C468EA /* NowPlayingSheet+Chapters.swift in Sources */,
				3A50AAB02ACC4B4B00BF5438 /* OfflineManager+Progress.swift in Sources */,
				3AA954232AD297A20031C20D /* Episode+Convert.swift in Sources */,
				3A8810EE2AD2C071009696D1 /* PodcastLoadView.swift in Sources */,
				3A8810F92AD2CE32009696D1 /* UIColor+IsLight.swift in Sources */,
				3A1EAB9A2ACC82490064C80C /* Double+FormatTime.swift in Sources */,
				3A50AAB62ACC521B00BF5438 /* AudiobookLibraryView+Home.swift in Sources */,
				3A17E6882AD5EC3000E59464 /* NowPlayingBarModifier.swift in Sources */,
				3AB695382ACF3D1200823049 /* AuthorView.swift in Sources */,
				3A17E6932AD5F24500E59464 /* NowPlayingSheet+Controls.swift in Sources */,
				3A77B7112ACE00FC00F22C7F /* String+Base64.swift in Sources */,
				3A17E68A2AD5EC6A00E59464 /* AudioPlayer+Notifications.swift in Sources */,
				3AA9542B2AD2A87E0031C20D /* EpisodesFeaturedRow.swift in Sources */,
				3A50AAB82ACC522900BF5438 /* AudiobookLibraryView+Library.swift in Sources */,
				3AA0B0812AD3133B0009FBB4 /* EpisodesList.swift in Sources */,
				3AA0B0892AD322470009FBB4 /* EpisodeView.swift in Sources */,
				3A77B7042ACDF76E00F22C7F /* AudiobookView+Toolbar.swift in Sources */,
				3A50AAC52ACC59BD00BF5438 /* HomeRow.swift in Sources */,
				3A1EAB8D2ACC7C790064C80C /* Audiobook+Fixture.swift in Sources */,
				3A17E68D2AD5EF9C00E59464 /* NowPlayingSheet.swift in Sources */,
				3ACB3B982AD1D18D005EA609 /* PodcastLibraryView+Search.swift in Sources */,
				3AA954252AD29A0A0031C20D /* EpisodesTable.swift in Sources */,
				3A50AAA72ACC431A00BF5438 /* AudiobookshelfClient+Libraries.swift in Sources */,
				3ACD19B92ACB5B32007D01FE /* SessionsImportView.swift in Sources */,
				3A77B6FF2ACDEBEF00F22C7F /* Author+Convert.swift in Sources */,
				3AB4529D2ACF4D0D005D5DBA /* SeriesView.swift in Sources */,
				3ACB3BA02AD1DA62005EA609 /* Episode.swift in Sources */,
				3A77B70B2ACDFB0500F22C7F /* Series.swift in Sources */,
				3ACD19A82ACAFA87007D01FE /* Item.swift in Sources */,
				3ACB3B962AD1D186005EA609 /* PodcastLibraryView+Library.swift in Sources */,
				3ACD19B12ACB5811007D01FE /* Library.swift in Sources */,
				3A27A66F2AB7636700F80C92 /* AudiobookshelfClientError.swift in Sources */,
				3A77B6FD2ACDE2FA00F22C7F /* AuthorUnavailableView.swift in Sources */,
				3A0AE6BA2AB624E700ACCD68 /* LoginView.swift in Sources */,
				3A48D24F2AD0600000991139 /* AudiobookshelfClient+Item.swift in Sources */,
				3AB6953A2ACF3D3200823049 /* Author+Fixture.swift in Sources */,
				3A77B70F2ACDFBF700F22C7F /* AudiobookshelfClient+Series.swift in Sources */,
				3A1EAB962ACC808A0064C80C /* ItemImage.swift in Sources */,
				3AA0B0832AD3148A0009FBB4 /* EpisodeRow.swift in Sources */,
				3A853FAF2AD03FA600FACAF6 /* AuthorView+Header.swift in Sources */,
				3A27A6712AB763CF00F80C92 /* AudiobookshelfClient+Request.swift in Sources */,
				3A50AAAC2ACC479200BF5438 /* OfflineProgress.swift in Sources */,
				3A38A1582AD4715100D533F3 /* PlayButton.swift in Sources */,
				3A38A15C2AD4830E00D533F3 /* PlayableItem+Convert.swift in Sources */,
				3A1EABA02ACC86F60064C80C /* Image+Convert.swift in Sources */,
				3A7118ED2AD5ACED005F7E08 /* PlaybackReporter.swift in Sources */,
				3ACD19B52ACB58EB007D01FE /* LoadingView.swift in Sources */,
				3ACD19AE2ACB57CD007D01FE /* LibraryView.swift in Sources */,
				3A77B6FA2ACDE08800F22C7F /* String+Trim.swift in Sources */,
				3A50AABA2ACC523000BF5438 /* AudiobookLibraryView+Series.swift in Sources */,
				3A8810F22AD2C2C3009696D1 /* PodcastView.swift in Sources */,
				3A1011872AD69DDA00AAE220 /* PlaybackSpeedSelector.swift in Sources */,
				3A50AABE2ACC572B00BF5438 /* AudiobookshelfClient+Audiobooks.swift in Sources */,
				3A0AE6BF2AB6253300ACCD68 /* LargeButtonStyle.swift in Sources */,
				3A8810F72AD2CDE9009696D1 /* PodcastView+Header.swift in Sources */,
				3A77B7022ACDF01C00F22C7F /* SeriesUnavailableView.swift in Sources */,
				3A1011822AD6975C00AAE220 /* MPVolumeView+Volume.swift in Sources */,
				3A50AAAA2ACC463C00BF5438 /* Library+Fixture.swift in Sources */,
				3A1011842AD697B600AAE220 /* NowPlayingSheet+BottomButtons.swift in Sources */,
				3ACB3BA42AD1E393005EA609 /* Podcast+Convert.swift in Sources */,
				3A10117D2AD6971900AAE220 /* VolumeSlider.swift in Sources */,
				3ACD19AA2ACAFC97007D01FE /* Audiobook.swift in Sources */,
				3A1507952AD348E700D7D6CF /* AllEpisodesView.swift in Sources */,
				3AA954212AD293670031C20D /* PodcastCover.swift in Sources */,
				3AA19BA62AD6E94B00C468EA /* PodcastsGrid.swift in Sources */,
				3AA0B0852AD316E50009FBB4 /* EpisodeFilterSortMenu.swift in Sources */,
				3ABCC7E22AD4659F004AEADF /* Description.swift in Sources */,
				3A77B6F62ACDDA4900F22C7F /* Author.swift in Sources */,
				3A8810FB2AD2CEE7009696D1 /* PodcastView+Toolbar.swift in Sources */,
				3ACB3BA22AD1E0DD005EA609 /* AudiobookshelfClient+Podcasts.swift in Sources */,
				3A38A15A2AD47F6200D533F3 /* PlayableItem.swift in Sources */,
				3A48D2542AD074DC00991139 /* PodcastLibraryView.swift in Sources */,
				3A0AE6A62AB623F400ACCD68 /* ContentView.swift in Sources */,
				3A50AAC02ACC57AD00BF5438 /* AudiobookshelfClient+ItemType.swift in Sources */,
				3A8810EA2AD2C020009696D1 /* EpisodeMenu.swift in Sources */,
				3A0E0ABC2ACD6E2F009F8EF1 /* AudiobookView.swift in Sources */,
				3ACD19BC2ACB60D0007D01FE /* PersistenceManager.swift in Sources */,
				3ACB3B922AD1D149005EA609 /* PodcastLibraryView+Home.swift in Sources */,
				3AFA7F9D2ACD440A00B7FF4B /* Triangle.swift in Sources */,
				3AA9541B2AD290380031C20D /* PodcastsRow.swift in Sources */,
				3AA0B08B2AD32D4E0009FBB4 /* EpisodeView+Header.swift in Sources */,
				3A1EAB9E2ACC85B50064C80C /* String+Prefix.swift in Sources */,
				3ABCC7E02AD4647D004AEADF /* EpisodeView+Toolbar.swift in Sources */,
				3ACD19B72ACB5A49007D01FE /* ErrorView.swift in Sources */,
				3AB4529B2ACF4B4B005D5DBA /* SeriesLoadView.swift in Sources */,
				3A27A6742AB7646900F80C92 /* AudiobookshelfClient+Authorization.swift in Sources */,
				3A1507992AD4494300D7D6CF /* UINavigationController+Gesture.swift in Sources */,
				3A50AAC82ACC5A8800BF5438 /* Audiobook+Convert.swift in Sources */,
				3A0AE6A42AB623F400ACCD68 /* AudiobooksApp.swift in Sources */,
				3AB4529F2ACF4D3C005D5DBA /* Series+Fixture.swift in Sources */,
				3A50AAC22ACC599000BF5438 /* AudiobookshelfClient+Util.swift in Sources */,
				3A77B6F42ACDD95200F22C7F /* AudiobookshelfClient+Authors.swift in Sources */,
				3A77B7092ACDF8F200F22C7F /* CustomBackButton.swift in Sources */,
				3A36D78B2ACF2C1D002EEC54 /* AudiobooksGrid.swift in Sources */,
				3A27A6772AB7669600F80C92 /* AudiobookshelfClient+MediaProgress.swift in Sources */,
				3A0E0ABE2ACD72B0009F8EF1 /* PlayNowButtonStyle.swift in Sources */,
				3A27A66B2AB761EE00F80C92 /* AudiobookshelfClient.swift in Sources */,
				3A17E68F2AD5F15900E59464 /* NowPlayingSheet+Title.swift in Sources */,
				3ABD77C22AD1459100636513 /* SeriesView+Header.swift in Sources */,
				3A17E6912AD5F21B00E59464 /* Slider.swift in Sources */,
				3A5159562AD0374600CD5680 /* AudiobooksSort.swift in Sources */,
			);
			runOnlyForDeploymentPostprocessing = 0;
		};
/* End PBXSourcesBuildPhase section */

/* Begin XCBuildConfiguration section */
		3A0AE6AF2AB623F500ACCD68 /* Debug */ = {
			isa = XCBuildConfiguration;
			buildSettings = {
				ALWAYS_SEARCH_USER_PATHS = NO;
				ASSETCATALOG_COMPILER_GENERATE_SWIFT_ASSET_SYMBOL_EXTENSIONS = YES;
				CLANG_ANALYZER_NONNULL = YES;
				CLANG_ANALYZER_NUMBER_OBJECT_CONVERSION = YES_AGGRESSIVE;
				CLANG_CXX_LANGUAGE_STANDARD = "gnu++20";
				CLANG_ENABLE_MODULES = YES;
				CLANG_ENABLE_OBJC_ARC = YES;
				CLANG_ENABLE_OBJC_WEAK = YES;
				CLANG_WARN_BLOCK_CAPTURE_AUTORELEASING = YES;
				CLANG_WARN_BOOL_CONVERSION = YES;
				CLANG_WARN_COMMA = YES;
				CLANG_WARN_CONSTANT_CONVERSION = YES;
				CLANG_WARN_DEPRECATED_OBJC_IMPLEMENTATIONS = YES;
				CLANG_WARN_DIRECT_OBJC_ISA_USAGE = YES_ERROR;
				CLANG_WARN_DOCUMENTATION_COMMENTS = YES;
				CLANG_WARN_EMPTY_BODY = YES;
				CLANG_WARN_ENUM_CONVERSION = YES;
				CLANG_WARN_INFINITE_RECURSION = YES;
				CLANG_WARN_INT_CONVERSION = YES;
				CLANG_WARN_NON_LITERAL_NULL_CONVERSION = YES;
				CLANG_WARN_OBJC_IMPLICIT_RETAIN_SELF = YES;
				CLANG_WARN_OBJC_LITERAL_CONVERSION = YES;
				CLANG_WARN_OBJC_ROOT_CLASS = YES_ERROR;
				CLANG_WARN_QUOTED_INCLUDE_IN_FRAMEWORK_HEADER = YES;
				CLANG_WARN_RANGE_LOOP_ANALYSIS = YES;
				CLANG_WARN_STRICT_PROTOTYPES = YES;
				CLANG_WARN_SUSPICIOUS_MOVE = YES;
				CLANG_WARN_UNGUARDED_AVAILABILITY = YES_AGGRESSIVE;
				CLANG_WARN_UNREACHABLE_CODE = YES;
				CLANG_WARN__DUPLICATE_METHOD_MATCH = YES;
				COPY_PHASE_STRIP = NO;
				DEBUG_INFORMATION_FORMAT = dwarf;
				ENABLE_STRICT_OBJC_MSGSEND = YES;
				ENABLE_TESTABILITY = YES;
				ENABLE_USER_SCRIPT_SANDBOXING = YES;
				GCC_C_LANGUAGE_STANDARD = gnu17;
				GCC_DYNAMIC_NO_PIC = NO;
				GCC_NO_COMMON_BLOCKS = YES;
				GCC_OPTIMIZATION_LEVEL = 0;
				GCC_PREPROCESSOR_DEFINITIONS = (
					"DEBUG=1",
					"$(inherited)",
				);
				GCC_WARN_64_TO_32_BIT_CONVERSION = YES;
				GCC_WARN_ABOUT_RETURN_TYPE = YES_ERROR;
				GCC_WARN_UNDECLARED_SELECTOR = YES;
				GCC_WARN_UNINITIALIZED_AUTOS = YES_AGGRESSIVE;
				GCC_WARN_UNUSED_FUNCTION = YES;
				GCC_WARN_UNUSED_VARIABLE = YES;
				LOCALIZATION_PREFERS_STRING_CATALOGS = YES;
				MTL_ENABLE_DEBUG_INFO = INCLUDE_SOURCE;
				MTL_FAST_MATH = YES;
				ONLY_ACTIVE_ARCH = YES;
				SWIFT_ACTIVE_COMPILATION_CONDITIONS = "DEBUG $(inherited)";
				SWIFT_OPTIMIZATION_LEVEL = "-Onone";
			};
			name = Debug;
		};
		3A0AE6B02AB623F500ACCD68 /* Release */ = {
			isa = XCBuildConfiguration;
			buildSettings = {
				ALWAYS_SEARCH_USER_PATHS = NO;
				ASSETCATALOG_COMPILER_GENERATE_SWIFT_ASSET_SYMBOL_EXTENSIONS = YES;
				CLANG_ANALYZER_NONNULL = YES;
				CLANG_ANALYZER_NUMBER_OBJECT_CONVERSION = YES_AGGRESSIVE;
				CLANG_CXX_LANGUAGE_STANDARD = "gnu++20";
				CLANG_ENABLE_MODULES = YES;
				CLANG_ENABLE_OBJC_ARC = YES;
				CLANG_ENABLE_OBJC_WEAK = YES;
				CLANG_WARN_BLOCK_CAPTURE_AUTORELEASING = YES;
				CLANG_WARN_BOOL_CONVERSION = YES;
				CLANG_WARN_COMMA = YES;
				CLANG_WARN_CONSTANT_CONVERSION = YES;
				CLANG_WARN_DEPRECATED_OBJC_IMPLEMENTATIONS = YES;
				CLANG_WARN_DIRECT_OBJC_ISA_USAGE = YES_ERROR;
				CLANG_WARN_DOCUMENTATION_COMMENTS = YES;
				CLANG_WARN_EMPTY_BODY = YES;
				CLANG_WARN_ENUM_CONVERSION = YES;
				CLANG_WARN_INFINITE_RECURSION = YES;
				CLANG_WARN_INT_CONVERSION = YES;
				CLANG_WARN_NON_LITERAL_NULL_CONVERSION = YES;
				CLANG_WARN_OBJC_IMPLICIT_RETAIN_SELF = YES;
				CLANG_WARN_OBJC_LITERAL_CONVERSION = YES;
				CLANG_WARN_OBJC_ROOT_CLASS = YES_ERROR;
				CLANG_WARN_QUOTED_INCLUDE_IN_FRAMEWORK_HEADER = YES;
				CLANG_WARN_RANGE_LOOP_ANALYSIS = YES;
				CLANG_WARN_STRICT_PROTOTYPES = YES;
				CLANG_WARN_SUSPICIOUS_MOVE = YES;
				CLANG_WARN_UNGUARDED_AVAILABILITY = YES_AGGRESSIVE;
				CLANG_WARN_UNREACHABLE_CODE = YES;
				CLANG_WARN__DUPLICATE_METHOD_MATCH = YES;
				COPY_PHASE_STRIP = NO;
				DEBUG_INFORMATION_FORMAT = "dwarf-with-dsym";
				ENABLE_NS_ASSERTIONS = NO;
				ENABLE_STRICT_OBJC_MSGSEND = YES;
				ENABLE_USER_SCRIPT_SANDBOXING = YES;
				GCC_C_LANGUAGE_STANDARD = gnu17;
				GCC_NO_COMMON_BLOCKS = YES;
				GCC_WARN_64_TO_32_BIT_CONVERSION = YES;
				GCC_WARN_ABOUT_RETURN_TYPE = YES_ERROR;
				GCC_WARN_UNDECLARED_SELECTOR = YES;
				GCC_WARN_UNINITIALIZED_AUTOS = YES_AGGRESSIVE;
				GCC_WARN_UNUSED_FUNCTION = YES;
				GCC_WARN_UNUSED_VARIABLE = YES;
				LOCALIZATION_PREFERS_STRING_CATALOGS = YES;
				MTL_ENABLE_DEBUG_INFO = NO;
				MTL_FAST_MATH = YES;
				SWIFT_COMPILATION_MODE = wholemodule;
			};
			name = Release;
		};
		3A0AE6B22AB623F500ACCD68 /* Debug */ = {
			isa = XCBuildConfiguration;
			buildSettings = {
				ASSETCATALOG_COMPILER_APPICON_NAME = AppIcon;
				ASSETCATALOG_COMPILER_GLOBAL_ACCENT_COLOR_NAME = AccentColor;
				CODE_SIGN_ENTITLEMENTS = Audiobooks/Audiobooks.entitlements;
				CODE_SIGN_STYLE = Automatic;
				CURRENT_PROJECT_VERSION = DEVELOPMENT;
				DEVELOPMENT_TEAM = N8AA4S3S96;
				ENABLE_HARDENED_RUNTIME = YES;
				ENABLE_PREVIEWS = YES;
				ENABLE_USER_SCRIPT_SANDBOXING = NO;
				GENERATE_INFOPLIST_FILE = YES;
				INFOPLIST_FILE = Audiobooks/Info.plist;
				"INFOPLIST_KEY_UIApplicationSceneManifest_Generation[sdk=iphoneos*]" = YES;
				"INFOPLIST_KEY_UIApplicationSceneManifest_Generation[sdk=iphonesimulator*]" = YES;
				"INFOPLIST_KEY_UIApplicationSupportsIndirectInputEvents[sdk=iphoneos*]" = YES;
				"INFOPLIST_KEY_UIApplicationSupportsIndirectInputEvents[sdk=iphonesimulator*]" = YES;
				"INFOPLIST_KEY_UILaunchScreen_Generation[sdk=iphoneos*]" = YES;
				"INFOPLIST_KEY_UILaunchScreen_Generation[sdk=iphonesimulator*]" = YES;
				"INFOPLIST_KEY_UIStatusBarStyle[sdk=iphoneos*]" = UIStatusBarStyleDefault;
				"INFOPLIST_KEY_UIStatusBarStyle[sdk=iphonesimulator*]" = UIStatusBarStyleDefault;
				INFOPLIST_KEY_UISupportedInterfaceOrientations = UIInterfaceOrientationPortrait;
				INFOPLIST_KEY_UISupportedInterfaceOrientations_iPad = "UIInterfaceOrientationLandscapeLeft UIInterfaceOrientationLandscapeRight UIInterfaceOrientationPortrait UIInterfaceOrientationPortraitUpsideDown";
				IPHONEOS_DEPLOYMENT_TARGET = 17.0;
				LD_RUNPATH_SEARCH_PATHS = "@executable_path/Frameworks";
				"LD_RUNPATH_SEARCH_PATHS[sdk=macosx*]" = "@executable_path/../Frameworks";
				MACOSX_DEPLOYMENT_TARGET = 14.0;
				MARKETING_VERSION = 1.0;
				PRODUCT_BUNDLE_IDENTIFIER = "io.rfk.Audiobooks-";
				PRODUCT_NAME = "$(TARGET_NAME)";
				SDKROOT = auto;
				SUPPORTED_PLATFORMS = "iphoneos iphonesimulator";
				SUPPORTS_MACCATALYST = NO;
				SWIFT_EMIT_LOC_STRINGS = YES;
				SWIFT_VERSION = 5.0;
				TARGETED_DEVICE_FAMILY = 1;
			};
			name = Debug;
		};
		3A0AE6B32AB623F500ACCD68 /* Release */ = {
			isa = XCBuildConfiguration;
			buildSettings = {
				ASSETCATALOG_COMPILER_APPICON_NAME = AppIcon;
				ASSETCATALOG_COMPILER_GLOBAL_ACCENT_COLOR_NAME = AccentColor;
				CODE_SIGN_ENTITLEMENTS = Audiobooks/Audiobooks.entitlements;
				CODE_SIGN_STYLE = Automatic;
				CURRENT_PROJECT_VERSION = DEVELOPMENT;
				DEVELOPMENT_TEAM = N8AA4S3S96;
				ENABLE_HARDENED_RUNTIME = YES;
				ENABLE_PREVIEWS = YES;
				ENABLE_USER_SCRIPT_SANDBOXING = NO;
				GENERATE_INFOPLIST_FILE = YES;
				INFOPLIST_FILE = Audiobooks/Info.plist;
				"INFOPLIST_KEY_UIApplicationSceneManifest_Generation[sdk=iphoneos*]" = YES;
				"INFOPLIST_KEY_UIApplicationSceneManifest_Generation[sdk=iphonesimulator*]" = YES;
				"INFOPLIST_KEY_UIApplicationSupportsIndirectInputEvents[sdk=iphoneos*]" = YES;
				"INFOPLIST_KEY_UIApplicationSupportsIndirectInputEvents[sdk=iphonesimulator*]" = YES;
				"INFOPLIST_KEY_UILaunchScreen_Generation[sdk=iphoneos*]" = YES;
				"INFOPLIST_KEY_UILaunchScreen_Generation[sdk=iphonesimulator*]" = YES;
				"INFOPLIST_KEY_UIStatusBarStyle[sdk=iphoneos*]" = UIStatusBarStyleDefault;
				"INFOPLIST_KEY_UIStatusBarStyle[sdk=iphonesimulator*]" = UIStatusBarStyleDefault;
				INFOPLIST_KEY_UISupportedInterfaceOrientations = UIInterfaceOrientationPortrait;
				INFOPLIST_KEY_UISupportedInterfaceOrientations_iPad = "UIInterfaceOrientationLandscapeLeft UIInterfaceOrientationLandscapeRight UIInterfaceOrientationPortrait UIInterfaceOrientationPortraitUpsideDown";
				IPHONEOS_DEPLOYMENT_TARGET = 17.0;
				LD_RUNPATH_SEARCH_PATHS = "@executable_path/Frameworks";
				"LD_RUNPATH_SEARCH_PATHS[sdk=macosx*]" = "@executable_path/../Frameworks";
				MACOSX_DEPLOYMENT_TARGET = 14.0;
				MARKETING_VERSION = 1.0;
				PRODUCT_BUNDLE_IDENTIFIER = "io.rfk.Audiobooks-";
				PRODUCT_NAME = "$(TARGET_NAME)";
				SDKROOT = auto;
				SUPPORTED_PLATFORMS = "iphoneos iphonesimulator";
				SUPPORTS_MACCATALYST = NO;
				SWIFT_EMIT_LOC_STRINGS = YES;
				SWIFT_VERSION = 5.0;
				TARGETED_DEVICE_FAMILY = 1;
			};
			name = Release;
		};
/* End XCBuildConfiguration section */

/* Begin XCConfigurationList section */
		3A0AE69B2AB623F400ACCD68 /* Build configuration list for PBXProject "Audiobooks" */ = {
			isa = XCConfigurationList;
			buildConfigurations = (
				3A0AE6AF2AB623F500ACCD68 /* Debug */,
				3A0AE6B02AB623F500ACCD68 /* Release */,
			);
			defaultConfigurationIsVisible = 0;
			defaultConfigurationName = Release;
		};
		3A0AE6B12AB623F500ACCD68 /* Build configuration list for PBXNativeTarget "Audiobooks" */ = {
			isa = XCConfigurationList;
			buildConfigurations = (
				3A0AE6B22AB623F500ACCD68 /* Debug */,
				3A0AE6B32AB623F500ACCD68 /* Release */,
			);
			defaultConfigurationIsVisible = 0;
			defaultConfigurationName = Release;
		};
/* End XCConfigurationList section */

/* Begin XCRemoteSwiftPackageReference section */
		3A1EAB912ACC80690064C80C /* XCRemoteSwiftPackageReference "Nuke" */ = {
			isa = XCRemoteSwiftPackageReference;
			repositoryURL = "https://github.com/kean/Nuke.git";
			requirement = {
				kind = upToNextMajorVersion;
				minimumVersion = 12.1.6;
			};
		};
		3A8810F32AD2C35B009696D1 /* XCRemoteSwiftPackageReference "UIImageColors" */ = {
			isa = XCRemoteSwiftPackageReference;
			repositoryURL = "https://github.com/FelixHerrmann/UIImageColors.git";
			requirement = {
				kind = upToNextMajorVersion;
				minimumVersion = 2.2.0;
			};
		};
		3AA954312AD2B61F0031C20D /* XCRemoteSwiftPackageReference "SwiftSoup" */ = {
			isa = XCRemoteSwiftPackageReference;
			repositoryURL = "https://github.com/scinfu/SwiftSoup.git";
			requirement = {
				kind = upToNextMajorVersion;
				minimumVersion = 2.6.1;
			};
		};
/* End XCRemoteSwiftPackageReference section */

/* Begin XCSwiftPackageProductDependency section */
		3A1EAB922ACC80690064C80C /* NukeUI */ = {
			isa = XCSwiftPackageProductDependency;
			package = 3A1EAB912ACC80690064C80C /* XCRemoteSwiftPackageReference "Nuke" */;
			productName = NukeUI;
		};
		3A8810F42AD2C35B009696D1 /* UIImageColors */ = {
			isa = XCSwiftPackageProductDependency;
			package = 3A8810F32AD2C35B009696D1 /* XCRemoteSwiftPackageReference "UIImageColors" */;
			productName = UIImageColors;
		};
		3AA954322AD2B61F0031C20D /* SwiftSoup */ = {
			isa = XCSwiftPackageProductDependency;
			package = 3AA954312AD2B61F0031C20D /* XCRemoteSwiftPackageReference "SwiftSoup" */;
			productName = SwiftSoup;
		};
/* End XCSwiftPackageProductDependency section */
	};
	rootObject = 3A0AE6982AB623F400ACCD68 /* Project object */;
}
