// !$*UTF8*$!
{
	archiveVersion = 1;
	classes = {
	};
	objectVersion = 60;
	objects = {

/* Begin PBXBuildFile section */
		3A0620932AF7F96A004126D1 /* LocalizedStringKey+Key.swift in Sources */ = {isa = PBXBuildFile; fileRef = 3A0620922AF7F96A004126D1 /* LocalizedStringKey+Key.swift */; };
		3A0AE6A42AB623F400ACCD68 /* iOSApp.swift in Sources */ = {isa = PBXBuildFile; fileRef = 3A0AE6A32AB623F400ACCD68 /* iOSApp.swift */; };
		3A0AE6A62AB623F400ACCD68 /* ContentView.swift in Sources */ = {isa = PBXBuildFile; fileRef = 3A0AE6A52AB623F400ACCD68 /* ContentView.swift */; };
		3A0AE6AA2AB623F500ACCD68 /* Assets.xcassets in Resources */ = {isa = PBXBuildFile; fileRef = 3A0AE6A92AB623F500ACCD68 /* Assets.xcassets */; };
		3A0AE6BA2AB624E700ACCD68 /* LoginView.swift in Sources */ = {isa = PBXBuildFile; fileRef = 3A0AE6B92AB624E700ACCD68 /* LoginView.swift */; };
		3A0AE6BF2AB6253300ACCD68 /* LargeButtonStyle.swift in Sources */ = {isa = PBXBuildFile; fileRef = 3A0AE6BE2AB6253300ACCD68 /* LargeButtonStyle.swift */; };
		3A0E0ABC2ACD6E2F009F8EF1 /* AudiobookView.swift in Sources */ = {isa = PBXBuildFile; fileRef = 3A0E0ABB2ACD6E2F009F8EF1 /* AudiobookView.swift */; };
		3A10117D2AD6971900AAE220 /* VolumeSlider.swift in Sources */ = {isa = PBXBuildFile; fileRef = 3A10117C2AD6971900AAE220 /* VolumeSlider.swift */; };
		3A1011822AD6975C00AAE220 /* MPVolumeView+Volume.swift in Sources */ = {isa = PBXBuildFile; fileRef = 3A1011812AD6975C00AAE220 /* MPVolumeView+Volume.swift */; };
		3A1011842AD697B600AAE220 /* NowPlayingSheet+BottomButtons.swift in Sources */ = {isa = PBXBuildFile; fileRef = 3A1011832AD697B600AAE220 /* NowPlayingSheet+BottomButtons.swift */; };
		3A1011872AD69DDA00AAE220 /* PlaybackSpeedButton.swift in Sources */ = {isa = PBXBuildFile; fileRef = 3A1011862AD69DDA00AAE220 /* PlaybackSpeedButton.swift */; };
		3A1507952AD348E700D7D6CF /* PodcastView+EpisodeList.swift in Sources */ = {isa = PBXBuildFile; fileRef = 3A1507942AD348E700D7D6CF /* PodcastView+EpisodeList.swift */; };
		3A1507992AD4494300D7D6CF /* UINavigationController+Gesture.swift in Sources */ = {isa = PBXBuildFile; fileRef = 3A1507982AD4494300D7D6CF /* UINavigationController+Gesture.swift */; };
		3A17E6882AD5EC3000E59464 /* NowPlayingBarModifier.swift in Sources */ = {isa = PBXBuildFile; fileRef = 3A17E6872AD5EC3000E59464 /* NowPlayingBarModifier.swift */; };
		3A17E68D2AD5EF9C00E59464 /* NowPlayingSheet.swift in Sources */ = {isa = PBXBuildFile; fileRef = 3A17E68C2AD5EF9C00E59464 /* NowPlayingSheet.swift */; };
		3A17E68F2AD5F15900E59464 /* NowPlayingSheet+Title.swift in Sources */ = {isa = PBXBuildFile; fileRef = 3A17E68E2AD5F15900E59464 /* NowPlayingSheet+Title.swift */; };
		3A17E6912AD5F21B00E59464 /* Slider.swift in Sources */ = {isa = PBXBuildFile; fileRef = 3A17E6902AD5F21B00E59464 /* Slider.swift */; };
		3A17E6932AD5F24500E59464 /* NowPlayingSheet+Controls.swift in Sources */ = {isa = PBXBuildFile; fileRef = 3A17E6922AD5F24500E59464 /* NowPlayingSheet+Controls.swift */; };
		3A1EAB932ACC80690064C80C /* NukeUI in Frameworks */ = {isa = PBXBuildFile; productRef = 3A1EAB922ACC80690064C80C /* NukeUI */; };
		3A1EAB962ACC808A0064C80C /* ItemImage.swift in Sources */ = {isa = PBXBuildFile; fileRef = 3A1EAB952ACC808A0064C80C /* ItemImage.swift */; };
		3A2B93352B00D71B00638AE9 /* ProgressButton.swift in Sources */ = {isa = PBXBuildFile; fileRef = 3A2B93342B00D71B00638AE9 /* ProgressButton.swift */; };
		3A2BC1952AD8121400054727 /* Settings.bundle in Resources */ = {isa = PBXBuildFile; fileRef = 3A2BC1942AD8121400054727 /* Settings.bundle */; };
		3A337E3A2B0E13CE009C932A /* EpisodeContextMenuModifier.swift in Sources */ = {isa = PBXBuildFile; fileRef = 3A337E392B0E13CE009C932A /* EpisodeContextMenuModifier.swift */; };
		3A36D78B2ACF2C1D002EEC54 /* AudiobookGrid.swift in Sources */ = {isa = PBXBuildFile; fileRef = 3A36D78A2ACF2C1D002EEC54 /* AudiobookGrid.swift */; };
		3A38A1582AD4715100D533F3 /* PlayButton.swift in Sources */ = {isa = PBXBuildFile; fileRef = 3A38A1572AD4715100D533F3 /* PlayButton.swift */; };
		3A48D2512AD0661500991139 /* LibrarySelectorModifier.swift in Sources */ = {isa = PBXBuildFile; fileRef = 3A48D2502AD0661500991139 /* LibrarySelectorModifier.swift */; };
		3A48D2542AD074DC00991139 /* PodcastLibraryView.swift in Sources */ = {isa = PBXBuildFile; fileRef = 3A48D2532AD074DC00991139 /* PodcastLibraryView.swift */; };
		3A50AAA52ACC42B400BF5438 /* AudiobookLibraryView.swift in Sources */ = {isa = PBXBuildFile; fileRef = 3A50AAA42ACC42B400BF5438 /* AudiobookLibraryView.swift */; };
		3A50AAB62ACC521B00BF5438 /* AudiobookLibraryView+ListenNow.swift in Sources */ = {isa = PBXBuildFile; fileRef = 3A50AAB52ACC521B00BF5438 /* AudiobookLibraryView+ListenNow.swift */; };
		3A50AAB82ACC522900BF5438 /* AudiobookLibraryView+Library.swift in Sources */ = {isa = PBXBuildFile; fileRef = 3A50AAB72ACC522900BF5438 /* AudiobookLibraryView+Library.swift */; };
		3A50AABA2ACC523000BF5438 /* AudiobookLibraryView+Series.swift in Sources */ = {isa = PBXBuildFile; fileRef = 3A50AAB92ACC523000BF5438 /* AudiobookLibraryView+Series.swift */; };
		3A5159562AD0374600CD5680 /* AudiobookSortFilter.swift in Sources */ = {isa = PBXBuildFile; fileRef = 3A5159552AD0374600CD5680 /* AudiobookSortFilter.swift */; };
		3A5210082B6D30C900F59101 /* EpisodeSingleList.swift in Sources */ = {isa = PBXBuildFile; fileRef = 3A5210072B6D30C900F59101 /* EpisodeSingleList.swift */; };
		3A5A4DAB2B5EF6A400E72E8B /* PlayMediaIntentHandler.swift in Sources */ = {isa = PBXBuildFile; fileRef = 3A5A4DAA2B5EF6A400E72E8B /* PlayMediaIntentHandler.swift */; };
		3A5A4DAD2B5EF81B00E72E8B /* VocabularyDonator.swift in Sources */ = {isa = PBXBuildFile; fileRef = 3A5A4DAC2B5EF81B00E72E8B /* VocabularyDonator.swift */; };
		3A5A4DB02B5EFB1800E72E8B /* AppIntentVocabulary.plist in Resources */ = {isa = PBXBuildFile; fileRef = 3A5A4DB22B5EFB1800E72E8B /* AppIntentVocabulary.plist */; };
		3A5A4DB52B5F0A2700E72E8B /* SPBase in Frameworks */ = {isa = PBXBuildFile; productRef = 3A5A4DB42B5F0A2700E72E8B /* SPBase */; };
		3A5A4DB72B5F0A2700E72E8B /* SPOfflineExtended in Frameworks */ = {isa = PBXBuildFile; productRef = 3A5A4DB62B5F0A2700E72E8B /* SPOfflineExtended */; };
		3A5A4DB92B5F0A2700E72E8B /* SPPlayback in Frameworks */ = {isa = PBXBuildFile; productRef = 3A5A4DB82B5F0A2700E72E8B /* SPPlayback */; };
		3A5A4DBA2B5F0BCD00E72E8B /* Intents.intentdefinition in Sources */ = {isa = PBXBuildFile; fileRef = 3A5A4DBC2B5F0BCD00E72E8B /* Intents.intentdefinition */; };
		3A77B6F82ACDDC9D00F22C7F /* AudiobookView+Header.swift in Sources */ = {isa = PBXBuildFile; fileRef = 3A77B6F72ACDDC9D00F22C7F /* AudiobookView+Header.swift */; };
		3A77B6FD2ACDE2FA00F22C7F /* AuthorUnavailableView.swift in Sources */ = {isa = PBXBuildFile; fileRef = 3A77B6FC2ACDE2FA00F22C7F /* AuthorUnavailableView.swift */; };
		3A77B7022ACDF01C00F22C7F /* SeriesUnavailableView.swift in Sources */ = {isa = PBXBuildFile; fileRef = 3A77B7012ACDF01C00F22C7F /* SeriesUnavailableView.swift */; };
		3A77B7042ACDF76E00F22C7F /* AudiobookView+Toolbar.swift in Sources */ = {isa = PBXBuildFile; fileRef = 3A77B7032ACDF76E00F22C7F /* AudiobookView+Toolbar.swift */; };
		3A77B7072ACDF89500F22C7F /* FullscreenToolbarModifier.swift in Sources */ = {isa = PBXBuildFile; fileRef = 3A77B7062ACDF89500F22C7F /* FullscreenToolbarModifier.swift */; };
		3A77B7092ACDF8F200F22C7F /* FullscreenBackButton.swift in Sources */ = {isa = PBXBuildFile; fileRef = 3A77B7082ACDF8F200F22C7F /* FullscreenBackButton.swift */; };
		3A79A9692AE53555006B61FC /* DownloadIndicator.swift in Sources */ = {isa = PBXBuildFile; fileRef = 3A79A9682AE53555006B61FC /* DownloadIndicator.swift */; };
		3A82864D2AEC104400384BC9 /* SleepTimerButton.swift in Sources */ = {isa = PBXBuildFile; fileRef = 3A82864C2AEC104400384BC9 /* SleepTimerButton.swift */; };
		3A853FAF2AD03FA600FACAF6 /* AuthorView+Header.swift in Sources */ = {isa = PBXBuildFile; fileRef = 3A853FAE2AD03FA600FACAF6 /* AuthorView+Header.swift */; };
		3A8810EE2AD2C071009696D1 /* PodcastLoadView.swift in Sources */ = {isa = PBXBuildFile; fileRef = 3A8810ED2AD2C071009696D1 /* PodcastLoadView.swift */; };
		3A8810F02AD2C0E4009696D1 /* PodcastUnavailableView.swift in Sources */ = {isa = PBXBuildFile; fileRef = 3A8810EF2AD2C0E4009696D1 /* PodcastUnavailableView.swift */; };
		3A8810F22AD2C2C3009696D1 /* PodcastView.swift in Sources */ = {isa = PBXBuildFile; fileRef = 3A8810F12AD2C2C3009696D1 /* PodcastView.swift */; };
		3A8810F52AD2C35B009696D1 /* UIImageColors in Frameworks */ = {isa = PBXBuildFile; productRef = 3A8810F42AD2C35B009696D1 /* UIImageColors */; };
		3A8810F72AD2CDE9009696D1 /* PodcastView+Header.swift in Sources */ = {isa = PBXBuildFile; fileRef = 3A8810F62AD2CDE9009696D1 /* PodcastView+Header.swift */; };
		3A8810FB2AD2CEE7009696D1 /* PodcastView+Toolbar.swift in Sources */ = {isa = PBXBuildFile; fileRef = 3A8810FA2AD2CEE7009696D1 /* PodcastView+Toolbar.swift */; };
		3A9206FF2B6CD86400A5CAB0 /* Defaults in Frameworks */ = {isa = PBXBuildFile; productRef = 3A9206FE2B6CD86400A5CAB0 /* Defaults */; };
		3A9207052B6D018100A5CAB0 /* AudiobookViewModel.swift in Sources */ = {isa = PBXBuildFile; fileRef = 3A9207042B6D018100A5CAB0 /* AudiobookViewModel.swift */; };
		3A9874272B599BA600B2704F /* Chapters.swift in Sources */ = {isa = PBXBuildFile; fileRef = 3A9874262B599BA600B2704F /* Chapters.swift */; };
		3A9874292B59A7B500B2704F /* View+ReverseMask.swift in Sources */ = {isa = PBXBuildFile; fileRef = 3A9874282B59A7B500B2704F /* View+ReverseMask.swift */; };
		3A9AB5382AD941DC0089231A /* SwipeActionsModifier.swift in Sources */ = {isa = PBXBuildFile; fileRef = 3A9AB5372AD941DC0089231A /* SwipeActionsModifier.swift */; };
		3AA0187C2B4B4D120023DA7B /* AppDelegate.swift in Sources */ = {isa = PBXBuildFile; fileRef = 3AA0187B2B4B4D120023DA7B /* AppDelegate.swift */; };
		3AA089312B6E306F00773414 /* SeriesList.swift in Sources */ = {isa = PBXBuildFile; fileRef = 3AA089302B6E306F00773414 /* SeriesList.swift */; };
		3AA089332B6E315900773414 /* AuthorList.swift in Sources */ = {isa = PBXBuildFile; fileRef = 3AA089322B6E315900773414 /* AuthorList.swift */; };
		3AA089352B6E413800773414 /* AudiobookList.swift in Sources */ = {isa = PBXBuildFile; fileRef = 3AA089342B6E413800773414 /* AudiobookList.swift */; };
		3AA089372B6E43FA00773414 /* Defaults+Keys.swift in Sources */ = {isa = PBXBuildFile; fileRef = 3AA089362B6E43FA00773414 /* Defaults+Keys.swift */; };
		3AA0B0852AD316E50009FBB4 /* EpisodeSortFilter.swift in Sources */ = {isa = PBXBuildFile; fileRef = 3AA0B0842AD316E50009FBB4 /* EpisodeSortFilter.swift */; };
		3AA0B0892AD322470009FBB4 /* EpisodeView.swift in Sources */ = {isa = PBXBuildFile; fileRef = 3AA0B0882AD322470009FBB4 /* EpisodeView.swift */; };
		3AA0B08B2AD32D4E0009FBB4 /* EpisodeView+Header.swift in Sources */ = {isa = PBXBuildFile; fileRef = 3AA0B08A2AD32D4E0009FBB4 /* EpisodeView+Header.swift */; };
		3AA19BA22AD6C80000C468EA /* EpisodeList.swift in Sources */ = {isa = PBXBuildFile; fileRef = 3AA19BA12AD6C80000C468EA /* EpisodeList.swift */; };
		3AA19BA62AD6E94B00C468EA /* PodcastGrid.swift in Sources */ = {isa = PBXBuildFile; fileRef = 3AA19BA52AD6E94B00C468EA /* PodcastGrid.swift */; };
		3AA19BA82AD6EE3F00C468EA /* NowPlayingSheet+Chapters.swift in Sources */ = {isa = PBXBuildFile; fileRef = 3AA19BA72AD6EE3F00C468EA /* NowPlayingSheet+Chapters.swift */; };
		3AA9541B2AD290380031C20D /* PodcastList.swift in Sources */ = {isa = PBXBuildFile; fileRef = 3AA9541A2AD290380031C20D /* PodcastList.swift */; };
		3AA9541F2AD2925C0031C20D /* RowTitle.swift in Sources */ = {isa = PBXBuildFile; fileRef = 3AA9541E2AD2925C0031C20D /* RowTitle.swift */; };
		3AA954252AD29A0A0031C20D /* EpisodeGrid.swift in Sources */ = {isa = PBXBuildFile; fileRef = 3AA954242AD29A0A0031C20D /* EpisodeGrid.swift */; };
		3AA9542B2AD2A87E0031C20D /* EpisodeFeaturedGrid.swift in Sources */ = {isa = PBXBuildFile; fileRef = 3AA9542A2AD2A87E0031C20D /* EpisodeFeaturedGrid.swift */; };
		3AA954302AD2AE520031C20D /* EpisodePlayButton.swift in Sources */ = {isa = PBXBuildFile; fileRef = 3AA9542F2AD2AE520031C20D /* EpisodePlayButton.swift */; };
		3AB141DD2ADDC800007F68CB /* AccountSheet.swift in Sources */ = {isa = PBXBuildFile; fileRef = 3AB141DC2ADDC7FF007F68CB /* AccountSheet.swift */; };
		3AB4529B2ACF4B4B005D5DBA /* SeriesLoadView.swift in Sources */ = {isa = PBXBuildFile; fileRef = 3AB4529A2ACF4B4B005D5DBA /* SeriesLoadView.swift */; };
		3AB4529D2ACF4D0D005D5DBA /* SeriesView.swift in Sources */ = {isa = PBXBuildFile; fileRef = 3AB4529C2ACF4D0D005D5DBA /* SeriesView.swift */; };
		3AB695342ACF39F000823049 /* Array+Repeat.swift in Sources */ = {isa = PBXBuildFile; fileRef = 3AB695332ACF39F000823049 /* Array+Repeat.swift */; };
		3AB695362ACF3BAF00823049 /* AuthorLoadView.swift in Sources */ = {isa = PBXBuildFile; fileRef = 3AB695352ACF3BAF00823049 /* AuthorLoadView.swift */; };
		3AB695382ACF3D1200823049 /* AuthorView.swift in Sources */ = {isa = PBXBuildFile; fileRef = 3AB695372ACF3D1200823049 /* AuthorView.swift */; };
		3ABC2E862AD88B3900734B41 /* OfflineView.swift in Sources */ = {isa = PBXBuildFile; fileRef = 3ABC2E852AD88B3900734B41 /* OfflineView.swift */; };
		3ABCC7E02AD4647D004AEADF /* EpisodeView+Toolbar.swift in Sources */ = {isa = PBXBuildFile; fileRef = 3ABCC7DF2AD4647D004AEADF /* EpisodeView+Toolbar.swift */; };
		3ABCC7E22AD4659F004AEADF /* Description.swift in Sources */ = {isa = PBXBuildFile; fileRef = 3ABCC7E12AD4659E004AEADF /* Description.swift */; };
		3ABCC7E42AD46655004AEADF /* FullscreenBackground.swift in Sources */ = {isa = PBXBuildFile; fileRef = 3ABCC7E32AD46655004AEADF /* FullscreenBackground.swift */; };
		3ABD77C22AD1459100636513 /* SeriesView+Header.swift in Sources */ = {isa = PBXBuildFile; fileRef = 3ABD77C12AD1459100636513 /* SeriesView+Header.swift */; };
		3ACB3B8D2AD16F37005EA609 /* SeriesGrid.swift in Sources */ = {isa = PBXBuildFile; fileRef = 3ACB3B8C2AD16F37005EA609 /* SeriesGrid.swift */; };
		3ACB3B922AD1D149005EA609 /* PodcastLibraryView+ListenNow.swift in Sources */ = {isa = PBXBuildFile; fileRef = 3ACB3B912AD1D149005EA609 /* PodcastLibraryView+ListenNow.swift */; };
		3ACB3B942AD1D172005EA609 /* PodcastLibraryView+LatestEpisodes.swift in Sources */ = {isa = PBXBuildFile; fileRef = 3ACB3B932AD1D172005EA609 /* PodcastLibraryView+LatestEpisodes.swift */; };
		3ACB3B962AD1D186005EA609 /* PodcastLibraryView+Library.swift in Sources */ = {isa = PBXBuildFile; fileRef = 3ACB3B952AD1D186005EA609 /* PodcastLibraryView+Library.swift */; };
		3ACD19AE2ACB57CD007D01FE /* EntryView.swift in Sources */ = {isa = PBXBuildFile; fileRef = 3ACD19AD2ACB57CD007D01FE /* EntryView.swift */; };
		3ACD19B52ACB58EB007D01FE /* LoadingView.swift in Sources */ = {isa = PBXBuildFile; fileRef = 3ACD19B42ACB58EB007D01FE /* LoadingView.swift */; };
		3ACD19B72ACB5A49007D01FE /* ErrorView.swift in Sources */ = {isa = PBXBuildFile; fileRef = 3ACD19B62ACB5A49007D01FE /* ErrorView.swift */; };
		3ACD19B92ACB5B32007D01FE /* SessionsImportView.swift in Sources */ = {isa = PBXBuildFile; fileRef = 3ACD19B82ACB5B32007D01FE /* SessionsImportView.swift */; };
		3AD41D792B6B8F82003316CE /* AudiobookGenreFilter.swift in Sources */ = {isa = PBXBuildFile; fileRef = 3AD41D782B6B8F82003316CE /* AudiobookGenreFilter.swift */; };
		3ADB9B202B13B9760015F884 /* AudiobookContextMenuModifier.swift in Sources */ = {isa = PBXBuildFile; fileRef = 3ADB9B1F2B13B9760015F884 /* AudiobookContextMenuModifier.swift */; };
		3ADD29622B6D88EF0060248E /* DownloadButton.swift in Sources */ = {isa = PBXBuildFile; fileRef = 3ADD29612B6D88EF0060248E /* DownloadButton.swift */; };
		3AE31DCE2B4B3C310092DF36 /* AuthorsView.swift in Sources */ = {isa = PBXBuildFile; fileRef = 3AE31DCD2B4B3C310092DF36 /* AuthorsView.swift */; };
		3AF240E82ADA853A0065C0A4 /* SearchView.swift in Sources */ = {isa = PBXBuildFile; fileRef = 3AF240E72ADA853A0065C0A4 /* SearchView.swift */; };
		3AF240F12ADA99940065C0A4 /* AuthorGrid.swift in Sources */ = {isa = PBXBuildFile; fileRef = 3AF240F02ADA99940065C0A4 /* AuthorGrid.swift */; };
		3AFA7F9B2ACD435000B7FF4B /* StatusOverlay.swift in Sources */ = {isa = PBXBuildFile; fileRef = 3AFA7F9A2ACD435000B7FF4B /* StatusOverlay.swift */; };
		3AFA7F9D2ACD440A00B7FF4B /* Triangle.swift in Sources */ = {isa = PBXBuildFile; fileRef = 3AFA7F9C2ACD440A00B7FF4B /* Triangle.swift */; };
		3AFF94882AF65CF500127AFF /* Localizable.xcstrings in Resources */ = {isa = PBXBuildFile; fileRef = 3AFF94872AF65CF500127AFF /* Localizable.xcstrings */; };
/* End PBXBuildFile section */

/* Begin PBXFileReference section */
		3A0620922AF7F96A004126D1 /* LocalizedStringKey+Key.swift */ = {isa = PBXFileReference; lastKnownFileType = sourcecode.swift; path = "LocalizedStringKey+Key.swift"; sourceTree = "<group>"; };
		3A0AE6A32AB623F400ACCD68 /* iOSApp.swift */ = {isa = PBXFileReference; lastKnownFileType = sourcecode.swift; path = iOSApp.swift; sourceTree = "<group>"; };
		3A0AE6A52AB623F400ACCD68 /* ContentView.swift */ = {isa = PBXFileReference; lastKnownFileType = sourcecode.swift; path = ContentView.swift; sourceTree = "<group>"; };
		3A0AE6A92AB623F500ACCD68 /* Assets.xcassets */ = {isa = PBXFileReference; lastKnownFileType = folder.assetcatalog; path = Assets.xcassets; sourceTree = "<group>"; };
		3A0AE6AB2AB623F500ACCD68 /* Audiobooks.entitlements */ = {isa = PBXFileReference; lastKnownFileType = text.plist.entitlements; path = Audiobooks.entitlements; sourceTree = "<group>"; };
		3A0AE6B92AB624E700ACCD68 /* LoginView.swift */ = {isa = PBXFileReference; lastKnownFileType = sourcecode.swift; path = LoginView.swift; sourceTree = "<group>"; };
		3A0AE6BE2AB6253300ACCD68 /* LargeButtonStyle.swift */ = {isa = PBXFileReference; lastKnownFileType = sourcecode.swift; path = LargeButtonStyle.swift; sourceTree = "<group>"; };
		3A0E0ABB2ACD6E2F009F8EF1 /* AudiobookView.swift */ = {isa = PBXFileReference; lastKnownFileType = sourcecode.swift; path = AudiobookView.swift; sourceTree = "<group>"; };
		3A10117C2AD6971900AAE220 /* VolumeSlider.swift */ = {isa = PBXFileReference; lastKnownFileType = sourcecode.swift; path = VolumeSlider.swift; sourceTree = "<group>"; };
		3A1011812AD6975C00AAE220 /* MPVolumeView+Volume.swift */ = {isa = PBXFileReference; lastKnownFileType = sourcecode.swift; path = "MPVolumeView+Volume.swift"; sourceTree = "<group>"; };
		3A1011832AD697B600AAE220 /* NowPlayingSheet+BottomButtons.swift */ = {isa = PBXFileReference; lastKnownFileType = sourcecode.swift; path = "NowPlayingSheet+BottomButtons.swift"; sourceTree = "<group>"; };
		3A1011862AD69DDA00AAE220 /* PlaybackSpeedButton.swift */ = {isa = PBXFileReference; lastKnownFileType = sourcecode.swift; path = PlaybackSpeedButton.swift; sourceTree = "<group>"; };
		3A1507942AD348E700D7D6CF /* PodcastView+EpisodeList.swift */ = {isa = PBXFileReference; lastKnownFileType = sourcecode.swift; path = "PodcastView+EpisodeList.swift"; sourceTree = "<group>"; };
		3A1507982AD4494300D7D6CF /* UINavigationController+Gesture.swift */ = {isa = PBXFileReference; lastKnownFileType = sourcecode.swift; path = "UINavigationController+Gesture.swift"; sourceTree = "<group>"; };
		3A17E6872AD5EC3000E59464 /* NowPlayingBarModifier.swift */ = {isa = PBXFileReference; lastKnownFileType = sourcecode.swift; path = NowPlayingBarModifier.swift; sourceTree = "<group>"; };
		3A17E68C2AD5EF9C00E59464 /* NowPlayingSheet.swift */ = {isa = PBXFileReference; lastKnownFileType = sourcecode.swift; path = NowPlayingSheet.swift; sourceTree = "<group>"; };
		3A17E68E2AD5F15900E59464 /* NowPlayingSheet+Title.swift */ = {isa = PBXFileReference; lastKnownFileType = sourcecode.swift; path = "NowPlayingSheet+Title.swift"; sourceTree = "<group>"; };
		3A17E6902AD5F21B00E59464 /* Slider.swift */ = {isa = PBXFileReference; lastKnownFileType = sourcecode.swift; path = Slider.swift; sourceTree = "<group>"; };
		3A17E6922AD5F24500E59464 /* NowPlayingSheet+Controls.swift */ = {isa = PBXFileReference; lastKnownFileType = sourcecode.swift; path = "NowPlayingSheet+Controls.swift"; sourceTree = "<group>"; };
		3A1EAB952ACC808A0064C80C /* ItemImage.swift */ = {isa = PBXFileReference; lastKnownFileType = sourcecode.swift; path = ItemImage.swift; sourceTree = "<group>"; };
		3A27A66D2AB7631900F80C92 /* Info.plist */ = {isa = PBXFileReference; lastKnownFileType = text.plist.xml; path = Info.plist; sourceTree = "<group>"; };
		3A2B93342B00D71B00638AE9 /* ProgressButton.swift */ = {isa = PBXFileReference; lastKnownFileType = sourcecode.swift; path = ProgressButton.swift; sourceTree = "<group>"; };
		3A2BC1942AD8121400054727 /* Settings.bundle */ = {isa = PBXFileReference; lastKnownFileType = "wrapper.plug-in"; path = Settings.bundle; sourceTree = "<group>"; };
		3A337E392B0E13CE009C932A /* EpisodeContextMenuModifier.swift */ = {isa = PBXFileReference; lastKnownFileType = sourcecode.swift; path = EpisodeContextMenuModifier.swift; sourceTree = "<group>"; };
		3A36D78A2ACF2C1D002EEC54 /* AudiobookGrid.swift */ = {isa = PBXFileReference; lastKnownFileType = sourcecode.swift; path = AudiobookGrid.swift; sourceTree = "<group>"; };
		3A38A1572AD4715100D533F3 /* PlayButton.swift */ = {isa = PBXFileReference; lastKnownFileType = sourcecode.swift; path = PlayButton.swift; sourceTree = "<group>"; };
		3A48D2502AD0661500991139 /* LibrarySelectorModifier.swift */ = {isa = PBXFileReference; lastKnownFileType = sourcecode.swift; path = LibrarySelectorModifier.swift; sourceTree = "<group>"; };
		3A48D2532AD074DC00991139 /* PodcastLibraryView.swift */ = {isa = PBXFileReference; lastKnownFileType = sourcecode.swift; path = PodcastLibraryView.swift; sourceTree = "<group>"; };
		3A50AAA42ACC42B400BF5438 /* AudiobookLibraryView.swift */ = {isa = PBXFileReference; lastKnownFileType = sourcecode.swift; path = AudiobookLibraryView.swift; sourceTree = "<group>"; };
		3A50AAB52ACC521B00BF5438 /* AudiobookLibraryView+ListenNow.swift */ = {isa = PBXFileReference; lastKnownFileType = sourcecode.swift; path = "AudiobookLibraryView+ListenNow.swift"; sourceTree = "<group>"; };
		3A50AAB72ACC522900BF5438 /* AudiobookLibraryView+Library.swift */ = {isa = PBXFileReference; lastKnownFileType = sourcecode.swift; path = "AudiobookLibraryView+Library.swift"; sourceTree = "<group>"; };
		3A50AAB92ACC523000BF5438 /* AudiobookLibraryView+Series.swift */ = {isa = PBXFileReference; lastKnownFileType = sourcecode.swift; path = "AudiobookLibraryView+Series.swift"; sourceTree = "<group>"; };
		3A5159552AD0374600CD5680 /* AudiobookSortFilter.swift */ = {isa = PBXFileReference; lastKnownFileType = sourcecode.swift; path = AudiobookSortFilter.swift; sourceTree = "<group>"; };
		3A5210072B6D30C900F59101 /* EpisodeSingleList.swift */ = {isa = PBXFileReference; lastKnownFileType = sourcecode.swift; path = EpisodeSingleList.swift; sourceTree = "<group>"; };
		3A5A4DAA2B5EF6A400E72E8B /* PlayMediaIntentHandler.swift */ = {isa = PBXFileReference; lastKnownFileType = sourcecode.swift; path = PlayMediaIntentHandler.swift; sourceTree = "<group>"; };
		3A5A4DAC2B5EF81B00E72E8B /* VocabularyDonator.swift */ = {isa = PBXFileReference; lastKnownFileType = sourcecode.swift; path = VocabularyDonator.swift; sourceTree = "<group>"; };
		3A5A4DB12B5EFB1800E72E8B /* en */ = {isa = PBXFileReference; lastKnownFileType = text.plist.xml; name = en; path = en.lproj/AppIntentVocabulary.plist; sourceTree = "<group>"; };
		3A5A4DB32B5EFB1A00E72E8B /* de */ = {isa = PBXFileReference; lastKnownFileType = text.plist.xml; name = de; path = de.lproj/AppIntentVocabulary.plist; sourceTree = "<group>"; };
		3A5A4DBB2B5F0BCD00E72E8B /* Base */ = {isa = PBXFileReference; lastKnownFileType = file.intentdefinition; name = Base; path = Base.lproj/Intents.intentdefinition; sourceTree = "<group>"; };
		3A5A4DBE2B5F0BD000E72E8B /* en */ = {isa = PBXFileReference; lastKnownFileType = text.plist.strings; name = en; path = en.lproj/Intents.strings; sourceTree = "<group>"; };
		3A5A4DC02B5F0BD000E72E8B /* de */ = {isa = PBXFileReference; lastKnownFileType = text.plist.strings; name = de; path = de.lproj/Intents.strings; sourceTree = "<group>"; };
		3A77B6F72ACDDC9D00F22C7F /* AudiobookView+Header.swift */ = {isa = PBXFileReference; lastKnownFileType = sourcecode.swift; path = "AudiobookView+Header.swift"; sourceTree = "<group>"; };
		3A77B6FC2ACDE2FA00F22C7F /* AuthorUnavailableView.swift */ = {isa = PBXFileReference; lastKnownFileType = sourcecode.swift; path = AuthorUnavailableView.swift; sourceTree = "<group>"; };
		3A77B7012ACDF01C00F22C7F /* SeriesUnavailableView.swift */ = {isa = PBXFileReference; lastKnownFileType = sourcecode.swift; path = SeriesUnavailableView.swift; sourceTree = "<group>"; };
		3A77B7032ACDF76E00F22C7F /* AudiobookView+Toolbar.swift */ = {isa = PBXFileReference; lastKnownFileType = sourcecode.swift; path = "AudiobookView+Toolbar.swift"; sourceTree = "<group>"; };
		3A77B7062ACDF89500F22C7F /* FullscreenToolbarModifier.swift */ = {isa = PBXFileReference; lastKnownFileType = sourcecode.swift; path = FullscreenToolbarModifier.swift; sourceTree = "<group>"; };
		3A77B7082ACDF8F200F22C7F /* FullscreenBackButton.swift */ = {isa = PBXFileReference; lastKnownFileType = sourcecode.swift; path = FullscreenBackButton.swift; sourceTree = "<group>"; };
		3A79A9682AE53555006B61FC /* DownloadIndicator.swift */ = {isa = PBXFileReference; lastKnownFileType = sourcecode.swift; path = DownloadIndicator.swift; sourceTree = "<group>"; };
		3A82864B2AEC0DD800384BC9 /* README.md */ = {isa = PBXFileReference; lastKnownFileType = net.daringfireball.markdown; path = README.md; sourceTree = "<group>"; };
		3A82864C2AEC104400384BC9 /* SleepTimerButton.swift */ = {isa = PBXFileReference; lastKnownFileType = sourcecode.swift; path = SleepTimerButton.swift; sourceTree = "<group>"; };
		3A853FAE2AD03FA600FACAF6 /* AuthorView+Header.swift */ = {isa = PBXFileReference; lastKnownFileType = sourcecode.swift; path = "AuthorView+Header.swift"; sourceTree = "<group>"; };
		3A8810ED2AD2C071009696D1 /* PodcastLoadView.swift */ = {isa = PBXFileReference; lastKnownFileType = sourcecode.swift; path = PodcastLoadView.swift; sourceTree = "<group>"; };
		3A8810EF2AD2C0E4009696D1 /* PodcastUnavailableView.swift */ = {isa = PBXFileReference; lastKnownFileType = sourcecode.swift; path = PodcastUnavailableView.swift; sourceTree = "<group>"; };
		3A8810F12AD2C2C3009696D1 /* PodcastView.swift */ = {isa = PBXFileReference; lastKnownFileType = sourcecode.swift; path = PodcastView.swift; sourceTree = "<group>"; };
		3A8810F62AD2CDE9009696D1 /* PodcastView+Header.swift */ = {isa = PBXFileReference; lastKnownFileType = sourcecode.swift; path = "PodcastView+Header.swift"; sourceTree = "<group>"; };
		3A8810FA2AD2CEE7009696D1 /* PodcastView+Toolbar.swift */ = {isa = PBXFileReference; lastKnownFileType = sourcecode.swift; path = "PodcastView+Toolbar.swift"; sourceTree = "<group>"; };
		3A9207042B6D018100A5CAB0 /* AudiobookViewModel.swift */ = {isa = PBXFileReference; lastKnownFileType = sourcecode.swift; path = AudiobookViewModel.swift; sourceTree = "<group>"; };
		3A97FEB52B4175EC00A6A5C7 /* ShelfPlayerKit */ = {isa = PBXFileReference; lastKnownFileType = wrapper; path = ShelfPlayerKit; sourceTree = "<group>"; };
		3A9874262B599BA600B2704F /* Chapters.swift */ = {isa = PBXFileReference; lastKnownFileType = sourcecode.swift; path = Chapters.swift; sourceTree = "<group>"; };
		3A9874282B59A7B500B2704F /* View+ReverseMask.swift */ = {isa = PBXFileReference; lastKnownFileType = sourcecode.swift; path = "View+ReverseMask.swift"; sourceTree = "<group>"; };
		3A9AB5372AD941DC0089231A /* SwipeActionsModifier.swift */ = {isa = PBXFileReference; lastKnownFileType = sourcecode.swift; path = SwipeActionsModifier.swift; sourceTree = "<group>"; };
		3AA0187B2B4B4D120023DA7B /* AppDelegate.swift */ = {isa = PBXFileReference; lastKnownFileType = sourcecode.swift; path = AppDelegate.swift; sourceTree = "<group>"; };
		3AA089302B6E306F00773414 /* SeriesList.swift */ = {isa = PBXFileReference; lastKnownFileType = sourcecode.swift; path = SeriesList.swift; sourceTree = "<group>"; };
		3AA089322B6E315900773414 /* AuthorList.swift */ = {isa = PBXFileReference; lastKnownFileType = sourcecode.swift; path = AuthorList.swift; sourceTree = "<group>"; };
		3AA089342B6E413800773414 /* AudiobookList.swift */ = {isa = PBXFileReference; lastKnownFileType = sourcecode.swift; path = AudiobookList.swift; sourceTree = "<group>"; };
		3AA089362B6E43FA00773414 /* Defaults+Keys.swift */ = {isa = PBXFileReference; lastKnownFileType = sourcecode.swift; path = "Defaults+Keys.swift"; sourceTree = "<group>"; };
		3AA0B0842AD316E50009FBB4 /* EpisodeSortFilter.swift */ = {isa = PBXFileReference; lastKnownFileType = sourcecode.swift; path = EpisodeSortFilter.swift; sourceTree = "<group>"; };
		3AA0B0882AD322470009FBB4 /* EpisodeView.swift */ = {isa = PBXFileReference; lastKnownFileType = sourcecode.swift; path = EpisodeView.swift; sourceTree = "<group>"; };
		3AA0B08A2AD32D4E0009FBB4 /* EpisodeView+Header.swift */ = {isa = PBXFileReference; lastKnownFileType = sourcecode.swift; path = "EpisodeView+Header.swift"; sourceTree = "<group>"; };
		3AA19BA12AD6C80000C468EA /* EpisodeList.swift */ = {isa = PBXFileReference; lastKnownFileType = sourcecode.swift; path = EpisodeList.swift; sourceTree = "<group>"; };
		3AA19BA52AD6E94B00C468EA /* PodcastGrid.swift */ = {isa = PBXFileReference; lastKnownFileType = sourcecode.swift; path = PodcastGrid.swift; sourceTree = "<group>"; };
		3AA19BA72AD6EE3F00C468EA /* NowPlayingSheet+Chapters.swift */ = {isa = PBXFileReference; lastKnownFileType = sourcecode.swift; path = "NowPlayingSheet+Chapters.swift"; sourceTree = "<group>"; };
		3AA36E502B0A97FD0036038D /* ShelfPlayer.app */ = {isa = PBXFileReference; explicitFileType = wrapper.application; includeInIndex = 0; path = ShelfPlayer.app; sourceTree = BUILT_PRODUCTS_DIR; };
		3AA9541A2AD290380031C20D /* PodcastList.swift */ = {isa = PBXFileReference; lastKnownFileType = sourcecode.swift; path = PodcastList.swift; sourceTree = "<group>"; };
		3AA9541E2AD2925C0031C20D /* RowTitle.swift */ = {isa = PBXFileReference; lastKnownFileType = sourcecode.swift; path = RowTitle.swift; sourceTree = "<group>"; };
		3AA954242AD29A0A0031C20D /* EpisodeGrid.swift */ = {isa = PBXFileReference; lastKnownFileType = sourcecode.swift; path = EpisodeGrid.swift; sourceTree = "<group>"; };
		3AA9542A2AD2A87E0031C20D /* EpisodeFeaturedGrid.swift */ = {isa = PBXFileReference; lastKnownFileType = sourcecode.swift; path = EpisodeFeaturedGrid.swift; sourceTree = "<group>"; };
		3AA9542F2AD2AE520031C20D /* EpisodePlayButton.swift */ = {isa = PBXFileReference; lastKnownFileType = sourcecode.swift; path = EpisodePlayButton.swift; sourceTree = "<group>"; };
		3AB141DC2ADDC7FF007F68CB /* AccountSheet.swift */ = {isa = PBXFileReference; lastKnownFileType = sourcecode.swift; path = AccountSheet.swift; sourceTree = "<group>"; };
		3AB4529A2ACF4B4B005D5DBA /* SeriesLoadView.swift */ = {isa = PBXFileReference; lastKnownFileType = sourcecode.swift; path = SeriesLoadView.swift; sourceTree = "<group>"; };
		3AB4529C2ACF4D0D005D5DBA /* SeriesView.swift */ = {isa = PBXFileReference; lastKnownFileType = sourcecode.swift; path = SeriesView.swift; sourceTree = "<group>"; };
		3AB695332ACF39F000823049 /* Array+Repeat.swift */ = {isa = PBXFileReference; lastKnownFileType = sourcecode.swift; path = "Array+Repeat.swift"; sourceTree = "<group>"; };
		3AB695352ACF3BAF00823049 /* AuthorLoadView.swift */ = {isa = PBXFileReference; lastKnownFileType = sourcecode.swift; path = AuthorLoadView.swift; sourceTree = "<group>"; };
		3AB695372ACF3D1200823049 /* AuthorView.swift */ = {isa = PBXFileReference; lastKnownFileType = sourcecode.swift; path = AuthorView.swift; sourceTree = "<group>"; };
		3ABC2E852AD88B3900734B41 /* OfflineView.swift */ = {isa = PBXFileReference; lastKnownFileType = sourcecode.swift; path = OfflineView.swift; sourceTree = "<group>"; };
		3ABCC7DF2AD4647D004AEADF /* EpisodeView+Toolbar.swift */ = {isa = PBXFileReference; lastKnownFileType = sourcecode.swift; path = "EpisodeView+Toolbar.swift"; sourceTree = "<group>"; };
		3ABCC7E12AD4659E004AEADF /* Description.swift */ = {isa = PBXFileReference; lastKnownFileType = sourcecode.swift; path = Description.swift; sourceTree = "<group>"; };
		3ABCC7E32AD46655004AEADF /* FullscreenBackground.swift */ = {isa = PBXFileReference; lastKnownFileType = sourcecode.swift; path = FullscreenBackground.swift; sourceTree = "<group>"; };
		3ABD77C12AD1459100636513 /* SeriesView+Header.swift */ = {isa = PBXFileReference; lastKnownFileType = sourcecode.swift; path = "SeriesView+Header.swift"; sourceTree = "<group>"; };
		3ACB3B8C2AD16F37005EA609 /* SeriesGrid.swift */ = {isa = PBXFileReference; lastKnownFileType = sourcecode.swift; path = SeriesGrid.swift; sourceTree = "<group>"; };
		3ACB3B912AD1D149005EA609 /* PodcastLibraryView+ListenNow.swift */ = {isa = PBXFileReference; lastKnownFileType = sourcecode.swift; path = "PodcastLibraryView+ListenNow.swift"; sourceTree = "<group>"; };
		3ACB3B932AD1D172005EA609 /* PodcastLibraryView+LatestEpisodes.swift */ = {isa = PBXFileReference; lastKnownFileType = sourcecode.swift; path = "PodcastLibraryView+LatestEpisodes.swift"; sourceTree = "<group>"; };
		3ACB3B952AD1D186005EA609 /* PodcastLibraryView+Library.swift */ = {isa = PBXFileReference; lastKnownFileType = sourcecode.swift; path = "PodcastLibraryView+Library.swift"; sourceTree = "<group>"; };
		3ACD19AD2ACB57CD007D01FE /* EntryView.swift */ = {isa = PBXFileReference; lastKnownFileType = sourcecode.swift; path = EntryView.swift; sourceTree = "<group>"; };
		3ACD19B42ACB58EB007D01FE /* LoadingView.swift */ = {isa = PBXFileReference; lastKnownFileType = sourcecode.swift; path = LoadingView.swift; sourceTree = "<group>"; };
		3ACD19B62ACB5A49007D01FE /* ErrorView.swift */ = {isa = PBXFileReference; lastKnownFileType = sourcecode.swift; path = ErrorView.swift; sourceTree = "<group>"; };
		3ACD19B82ACB5B32007D01FE /* SessionsImportView.swift */ = {isa = PBXFileReference; lastKnownFileType = sourcecode.swift; path = SessionsImportView.swift; sourceTree = "<group>"; };
		3AD41D782B6B8F82003316CE /* AudiobookGenreFilter.swift */ = {isa = PBXFileReference; lastKnownFileType = sourcecode.swift; path = AudiobookGenreFilter.swift; sourceTree = "<group>"; };
		3ADB9B1F2B13B9760015F884 /* AudiobookContextMenuModifier.swift */ = {isa = PBXFileReference; lastKnownFileType = sourcecode.swift; path = AudiobookContextMenuModifier.swift; sourceTree = "<group>"; };
		3ADD29612B6D88EF0060248E /* DownloadButton.swift */ = {isa = PBXFileReference; lastKnownFileType = sourcecode.swift; path = DownloadButton.swift; sourceTree = "<group>"; };
		3AE31DCD2B4B3C310092DF36 /* AuthorsView.swift */ = {isa = PBXFileReference; lastKnownFileType = sourcecode.swift; path = AuthorsView.swift; sourceTree = "<group>"; };
		3AF240E72ADA853A0065C0A4 /* SearchView.swift */ = {isa = PBXFileReference; lastKnownFileType = sourcecode.swift; path = SearchView.swift; sourceTree = "<group>"; };
		3AF240F02ADA99940065C0A4 /* AuthorGrid.swift */ = {isa = PBXFileReference; lastKnownFileType = sourcecode.swift; path = AuthorGrid.swift; sourceTree = "<group>"; };
		3AF6A52A2B60401300770A1E /* Base.xcconfig */ = {isa = PBXFileReference; lastKnownFileType = text.xcconfig; path = Base.xcconfig; sourceTree = "<group>"; };
		3AF6A52B2B60401A00770A1E /* Debug.xcconfig */ = {isa = PBXFileReference; lastKnownFileType = text.xcconfig; path = Debug.xcconfig; sourceTree = "<group>"; };
		3AF6A52C2B60402300770A1E /* Release.xcconfig */ = {isa = PBXFileReference; lastKnownFileType = text.xcconfig; path = Release.xcconfig; sourceTree = "<group>"; };
		3AFA7F9A2ACD435000B7FF4B /* StatusOverlay.swift */ = {isa = PBXFileReference; lastKnownFileType = sourcecode.swift; path = StatusOverlay.swift; sourceTree = "<group>"; };
		3AFA7F9C2ACD440A00B7FF4B /* Triangle.swift */ = {isa = PBXFileReference; lastKnownFileType = sourcecode.swift; path = Triangle.swift; sourceTree = "<group>"; };
		3AFF94872AF65CF500127AFF /* Localizable.xcstrings */ = {isa = PBXFileReference; lastKnownFileType = text.json.xcstrings; path = Localizable.xcstrings; sourceTree = "<group>"; };
/* End PBXFileReference section */

/* Begin PBXFrameworksBuildPhase section */
		3A0AE69D2AB623F400ACCD68 /* Frameworks */ = {
			isa = PBXFrameworksBuildPhase;
			buildActionMask = 2147483647;
			files = (
				3A9206FF2B6CD86400A5CAB0 /* Defaults in Frameworks */,
				3A5A4DB72B5F0A2700E72E8B /* SPOfflineExtended in Frameworks */,
				3A8810F52AD2C35B009696D1 /* UIImageColors in Frameworks */,
				3A5A4DB52B5F0A2700E72E8B /* SPBase in Frameworks */,
				3A5A4DB92B5F0A2700E72E8B /* SPPlayback in Frameworks */,
				3A1EAB932ACC80690064C80C /* NukeUI in Frameworks */,
			);
			runOnlyForDeploymentPostprocessing = 0;
		};
/* End PBXFrameworksBuildPhase section */

/* Begin PBXGroup section */
		3A0AE6972AB623F400ACCD68 = {
			isa = PBXGroup;
			children = (
				3A82864B2AEC0DD800384BC9 /* README.md */,
				3AF6A5292B603FA000770A1E /* Configuration */,
				3A0AE6A22AB623F400ACCD68 /* iOS */,
				3A97FEB52B4175EC00A6A5C7 /* ShelfPlayerKit */,
				3A21CC542B0A1CBB002D5D55 /* Products */,
				3AE3E9672B1E37D3005FBFA6 /* Frameworks */,
			);
			sourceTree = "<group>";
		};
		3A0AE6A22AB623F400ACCD68 /* iOS */ = {
			isa = PBXGroup;
			children = (
				3A0AE6BB2AB624EB00ACCD68 /* Core */,
				3A1F53362B6131D0004EF56A /* Utility */,
				3A5210042B6D2A9F00F59101 /* Common */,
				3A9206FA2B6CD77D00A5CAB0 /* Reusable */,
				3A0E0ABA2ACD6E23009F8EF1 /* Audiobook */,
				3A77B7002ACDF00100F22C7F /* Series */,
				3A77B6FB2ACDE2DA00F22C7F /* Author */,
				3A8810FC2AD2D2B3009696D1 /* Podcast */,
				3A8810EC2AD2C061009696D1 /* Episode */,
				3A0AE6B62AB624CC00ACCD68 /* Account */,
				3A7118EB2AD5ACA4005F7E08 /* NowPlaying */,
				3AADC0352B6D0D3D00C4088D /* Navigation */,
				3A9207032B6CF86B00A5CAB0 /* --DONE-- */,
				3A9874202B59955F00B2704F /* Podcasts */,
				3A98741F2B59955A00B2704F /* Audiobooks */,
				3A2BC1942AD8121400054727 /* Settings.bundle */,
				3A27A66D2AB7631900F80C92 /* Info.plist */,
				3A0AE6A92AB623F500ACCD68 /* Assets.xcassets */,
				3AFF94872AF65CF500127AFF /* Localizable.xcstrings */,
				3A0AE6AB2AB623F500ACCD68 /* Audiobooks.entitlements */,
				3A5A4DB22B5EFB1800E72E8B /* AppIntentVocabulary.plist */,
			);
			path = iOS;
			sourceTree = "<group>";
		};
		3A0AE6B62AB624CC00ACCD68 /* Account */ = {
			isa = PBXGroup;
			children = (
				3A0AE6B92AB624E700ACCD68 /* LoginView.swift */,
				3AB141DC2ADDC7FF007F68CB /* AccountSheet.swift */,
				3ACD19B82ACB5B32007D01FE /* SessionsImportView.swift */,
			);
			path = Account;
			sourceTree = "<group>";
		};
		3A0AE6BB2AB624EB00ACCD68 /* Core */ = {
			isa = PBXGroup;
			children = (
				3A0AE6A32AB623F400ACCD68 /* iOSApp.swift */,
				3A0AE6A52AB623F400ACCD68 /* ContentView.swift */,
				3AA0187B2B4B4D120023DA7B /* AppDelegate.swift */,
			);
			path = Core;
			sourceTree = "<group>";
		};
		3A0E0ABA2ACD6E23009F8EF1 /* Audiobook */ = {
			isa = PBXGroup;
			children = (
				3A0E0ABB2ACD6E2F009F8EF1 /* AudiobookView.swift */,
				3A77B6F72ACDDC9D00F22C7F /* AudiobookView+Header.swift */,
				3A77B7032ACDF76E00F22C7F /* AudiobookView+Toolbar.swift */,
				3A9207042B6D018100A5CAB0 /* AudiobookViewModel.swift */,
			);
			path = Audiobook;
			sourceTree = "<group>";
		};
		3A10117B2AD6970100AAE220 /* Sliders */ = {
			isa = PBXGroup;
			children = (
				3A17E6902AD5F21B00E59464 /* Slider.swift */,
				3A10117C2AD6971900AAE220 /* VolumeSlider.swift */,
			);
			path = Sliders;
			sourceTree = "<group>";
		};
		3A1EAB972ACC822F0064C80C /* Extensions */ = {
			isa = PBXGroup;
			children = (
				3AB695332ACF39F000823049 /* Array+Repeat.swift */,
				3AA089362B6E43FA00773414 /* Defaults+Keys.swift */,
				3A9874282B59A7B500B2704F /* View+ReverseMask.swift */,
				3A0620922AF7F96A004126D1 /* LocalizedStringKey+Key.swift */,
				3A1011812AD6975C00AAE220 /* MPVolumeView+Volume.swift */,
				3A1507982AD4494300D7D6CF /* UINavigationController+Gesture.swift */,
			);
			path = Extensions;
			sourceTree = "<group>";
		};
		3A1F53362B6131D0004EF56A /* Utility */ = {
			isa = PBXGroup;
			children = (
				3A5A4DA72B5EF65500E72E8B /* Intents */,
				3A1EAB972ACC822F0064C80C /* Extensions */,
			);
			path = Utility;
			sourceTree = "<group>";
		};
		3A21CC542B0A1CBB002D5D55 /* Products */ = {
			isa = PBXGroup;
			children = (
				3AA36E502B0A97FD0036038D /* ShelfPlayer.app */,
			);
			path = Products;
			sourceTree = "<group>";
		};
		3A50AAB42ACC51F200BF5438 /* Library */ = {
			isa = PBXGroup;
			children = (
				3A50AAA42ACC42B400BF5438 /* AudiobookLibraryView.swift */,
				3A50AAB52ACC521B00BF5438 /* AudiobookLibraryView+ListenNow.swift */,
				3A50AAB92ACC523000BF5438 /* AudiobookLibraryView+Series.swift */,
				3A50AAB72ACC522900BF5438 /* AudiobookLibraryView+Library.swift */,
			);
			path = Library;
			sourceTree = "<group>";
		};
		3A5210042B6D2A9F00F59101 /* Common */ = {
			isa = PBXGroup;
			children = (
				3ACD19B62ACB5A49007D01FE /* ErrorView.swift */,
				3ACD19B42ACB58EB007D01FE /* LoadingView.swift */,
				3ABC2E852AD88B3900734B41 /* OfflineView.swift */,
				3AF240E72ADA853A0065C0A4 /* SearchView.swift */,
			);
			path = Common;
			sourceTree = "<group>";
		};
		3A5210052B6D2AD600F59101 /* Fullscreen */ = {
			isa = PBXGroup;
			children = (
				3A77B7082ACDF8F200F22C7F /* FullscreenBackButton.swift */,
				3ABCC7E32AD46655004AEADF /* FullscreenBackground.swift */,
				3A77B7062ACDF89500F22C7F /* FullscreenToolbarModifier.swift */,
			);
			path = Fullscreen;
			sourceTree = "<group>";
		};
		3A5210062B6D2C9100F59101 /* Actions */ = {
			isa = PBXGroup;
			children = (
				3A9AB5372AD941DC0089231A /* SwipeActionsModifier.swift */,
				3A337E392B0E13CE009C932A /* EpisodeContextMenuModifier.swift */,
				3ADB9B1F2B13B9760015F884 /* AudiobookContextMenuModifier.swift */,
			);
			path = Actions;
			sourceTree = "<group>";
		};
		3A5A4DA72B5EF65500E72E8B /* Intents */ = {
			isa = PBXGroup;
			children = (
				3A5A4DAC2B5EF81B00E72E8B /* VocabularyDonator.swift */,
				3A5A4DAA2B5EF6A400E72E8B /* PlayMediaIntentHandler.swift */,
				3A5A4DBC2B5F0BCD00E72E8B /* Intents.intentdefinition */,
			);
			path = Intents;
			sourceTree = "<group>";
		};
		3A7118EB2AD5ACA4005F7E08 /* NowPlaying */ = {
			isa = PBXGroup;
			children = (
				3A10117B2AD6970100AAE220 /* Sliders */,
				3A17E6872AD5EC3000E59464 /* NowPlayingBarModifier.swift */,
				3A17E68C2AD5EF9C00E59464 /* NowPlayingSheet.swift */,
				3A17E68E2AD5F15900E59464 /* NowPlayingSheet+Title.swift */,
				3A17E6922AD5F24500E59464 /* NowPlayingSheet+Controls.swift */,
				3A1011832AD697B600AAE220 /* NowPlayingSheet+BottomButtons.swift */,
				3AA19BA72AD6EE3F00C468EA /* NowPlayingSheet+Chapters.swift */,
			);
			path = NowPlaying;
			sourceTree = "<group>";
		};
		3A77B6FB2ACDE2DA00F22C7F /* Author */ = {
			isa = PBXGroup;
			children = (
				3AE31DCD2B4B3C310092DF36 /* AuthorsView.swift */,
				3AB695372ACF3D1200823049 /* AuthorView.swift */,
				3A853FAE2AD03FA600FACAF6 /* AuthorView+Header.swift */,
				3AB695352ACF3BAF00823049 /* AuthorLoadView.swift */,
				3A77B6FC2ACDE2FA00F22C7F /* AuthorUnavailableView.swift */,
			);
			path = Author;
			sourceTree = "<group>";
		};
		3A77B7002ACDF00100F22C7F /* Series */ = {
			isa = PBXGroup;
			children = (
				3AB4529C2ACF4D0D005D5DBA /* SeriesView.swift */,
				3ABD77C12AD1459100636513 /* SeriesView+Header.swift */,
				3AB4529A2ACF4B4B005D5DBA /* SeriesLoadView.swift */,
				3A77B7012ACDF01C00F22C7F /* SeriesUnavailableView.swift */,
			);
			path = Series;
			sourceTree = "<group>";
		};
		3A8810EC2AD2C061009696D1 /* Episode */ = {
			isa = PBXGroup;
			children = (
				3AA0B0882AD322470009FBB4 /* EpisodeView.swift */,
				3AA0B08A2AD32D4E0009FBB4 /* EpisodeView+Header.swift */,
				3ABCC7DF2AD4647D004AEADF /* EpisodeView+Toolbar.swift */,
			);
			path = Episode;
			sourceTree = "<group>";
		};
		3A8810FC2AD2D2B3009696D1 /* Podcast */ = {
			isa = PBXGroup;
			children = (
				3A8810F12AD2C2C3009696D1 /* PodcastView.swift */,
				3A8810F62AD2CDE9009696D1 /* PodcastView+Header.swift */,
				3A8810FA2AD2CEE7009696D1 /* PodcastView+Toolbar.swift */,
				3A1507942AD348E700D7D6CF /* PodcastView+EpisodeList.swift */,
				3A8810ED2AD2C071009696D1 /* PodcastLoadView.swift */,
				3A8810EF2AD2C0E4009696D1 /* PodcastUnavailableView.swift */,
			);
			path = Podcast;
			sourceTree = "<group>";
		};
		3A9206FA2B6CD77D00A5CAB0 /* Reusable */ = {
			isa = PBXGroup;
			children = (
				3A9207002B6CD8A700A5CAB0 /* Filter */,
				3AE8E5862B6D81450002D0FA /* Common */,
				3AE8E5852B6D807E0002D0FA /* ItemImage */,
				3AADC0382B6D104400C4088D /* Buttons */,
				3A5210062B6D2C9100F59101 /* Actions */,
				3A5210052B6D2AD600F59101 /* Fullscreen */,
				3A9874212B5995CE00B2704F /* Collections */,
			);
			path = Reusable;
			sourceTree = "<group>";
		};
		3A9207002B6CD8A700A5CAB0 /* Filter */ = {
			isa = PBXGroup;
			children = (
				3AA0B0842AD316E50009FBB4 /* EpisodeSortFilter.swift */,
				3A5159552AD0374600CD5680 /* AudiobookSortFilter.swift */,
				3AD41D782B6B8F82003316CE /* AudiobookGenreFilter.swift */,
			);
			path = Filter;
			sourceTree = "<group>";
		};
		3A9207032B6CF86B00A5CAB0 /* --DONE-- */ = {
			isa = PBXGroup;
			children = (
			);
			path = "--DONE--";
			sourceTree = "<group>";
		};
		3A98741F2B59955A00B2704F /* Audiobooks */ = {
			isa = PBXGroup;
			children = (
				3A50AAB42ACC51F200BF5438 /* Library */,
			);
			path = Audiobooks;
			sourceTree = "<group>";
		};
		3A9874202B59955F00B2704F /* Podcasts */ = {
			isa = PBXGroup;
			children = (
				3ACB3B902AD1D0F8005EA609 /* Library */,
			);
			path = Podcasts;
			sourceTree = "<group>";
		};
		3A9874212B5995CE00B2704F /* Collections */ = {
			isa = PBXGroup;
			children = (
				3AA089302B6E306F00773414 /* SeriesList.swift */,
				3ACB3B8C2AD16F37005EA609 /* SeriesGrid.swift */,
				3AA089322B6E315900773414 /* AuthorList.swift */,
				3AF240F02ADA99940065C0A4 /* AuthorGrid.swift */,
				3AA9541A2AD290380031C20D /* PodcastList.swift */,
				3AA19BA52AD6E94B00C468EA /* PodcastGrid.swift */,
				3AA19BA12AD6C80000C468EA /* EpisodeList.swift */,
				3AA954242AD29A0A0031C20D /* EpisodeGrid.swift */,
				3A5210072B6D30C900F59101 /* EpisodeSingleList.swift */,
				3AA9542A2AD2A87E0031C20D /* EpisodeFeaturedGrid.swift */,
				3AA089342B6E413800773414 /* AudiobookList.swift */,
				3A36D78A2ACF2C1D002EEC54 /* AudiobookGrid.swift */,
			);
			path = Collections;
			sourceTree = "<group>";
		};
		3AADC0352B6D0D3D00C4088D /* Navigation */ = {
			isa = PBXGroup;
			children = (
				3ACD19AD2ACB57CD007D01FE /* EntryView.swift */,
			);
			path = Navigation;
			sourceTree = "<group>";
		};
		3AADC0382B6D104400C4088D /* Buttons */ = {
			isa = PBXGroup;
			children = (
				3AE8E5872B6D843F0002D0FA /* Styles */,
				3A38A1572AD4715100D533F3 /* PlayButton.swift */,
				3A2B93342B00D71B00638AE9 /* ProgressButton.swift */,
				3ADD29612B6D88EF0060248E /* DownloadButton.swift */,
				3A82864C2AEC104400384BC9 /* SleepTimerButton.swift */,
				3AA9542F2AD2AE520031C20D /* EpisodePlayButton.swift */,
				3A1011862AD69DDA00AAE220 /* PlaybackSpeedButton.swift */,
			);
			path = Buttons;
			sourceTree = "<group>";
		};
		3ACB3B902AD1D0F8005EA609 /* Library */ = {
			isa = PBXGroup;
			children = (
				3A48D2532AD074DC00991139 /* PodcastLibraryView.swift */,
				3ACB3B912AD1D149005EA609 /* PodcastLibraryView+ListenNow.swift */,
				3ACB3B932AD1D172005EA609 /* PodcastLibraryView+LatestEpisodes.swift */,
				3ACB3B952AD1D186005EA609 /* PodcastLibraryView+Library.swift */,
			);
			path = Library;
			sourceTree = "<group>";
		};
		3AE3E9672B1E37D3005FBFA6 /* Frameworks */ = {
			isa = PBXGroup;
			children = (
			);
			name = Frameworks;
			sourceTree = "<group>";
		};
		3AE8E5852B6D807E0002D0FA /* ItemImage */ = {
			isa = PBXGroup;
			children = (
				3AFA7F9C2ACD440A00B7FF4B /* Triangle.swift */,
				3A1EAB952ACC808A0064C80C /* ItemImage.swift */,
				3AFA7F9A2ACD435000B7FF4B /* StatusOverlay.swift */,
			);
			path = ItemImage;
			sourceTree = "<group>";
		};
		3AE8E5862B6D81450002D0FA /* Common */ = {
			isa = PBXGroup;
			children = (
				3AA9541E2AD2925C0031C20D /* RowTitle.swift */,
				3A9874262B599BA600B2704F /* Chapters.swift */,
				3ABCC7E12AD4659E004AEADF /* Description.swift */,
				3A79A9682AE53555006B61FC /* DownloadIndicator.swift */,
				3A48D2502AD0661500991139 /* LibrarySelectorModifier.swift */,
			);
			path = Common;
			sourceTree = "<group>";
		};
		3AE8E5872B6D843F0002D0FA /* Styles */ = {
			isa = PBXGroup;
			children = (
				3A0AE6BE2AB6253300ACCD68 /* LargeButtonStyle.swift */,
			);
			path = Styles;
			sourceTree = "<group>";
		};
		3AF6A5292B603FA000770A1E /* Configuration */ = {
			isa = PBXGroup;
			children = (
				3AF6A52A2B60401300770A1E /* Base.xcconfig */,
				3AF6A52B2B60401A00770A1E /* Debug.xcconfig */,
				3AF6A52C2B60402300770A1E /* Release.xcconfig */,
			);
			path = Configuration;
			sourceTree = "<group>";
		};
/* End PBXGroup section */

/* Begin PBXNativeTarget section */
		3A0AE69F2AB623F400ACCD68 /* iOS */ = {
			isa = PBXNativeTarget;
			buildConfigurationList = 3A0AE6B12AB623F500ACCD68 /* Build configuration list for PBXNativeTarget "iOS" */;
			buildPhases = (
				3A0AE69C2AB623F400ACCD68 /* Sources */,
				3A0AE69D2AB623F400ACCD68 /* Frameworks */,
				3A0AE69E2AB623F400ACCD68 /* Resources */,
				3AA954342AD2BAC10031C20D /* ShellScript */,
			);
			buildRules = (
			);
			dependencies = (
			);
			name = iOS;
			packageProductDependencies = (
				3A1EAB922ACC80690064C80C /* NukeUI */,
				3A8810F42AD2C35B009696D1 /* UIImageColors */,
				3A5A4DB42B5F0A2700E72E8B /* SPBase */,
				3A5A4DB62B5F0A2700E72E8B /* SPOfflineExtended */,
				3A5A4DB82B5F0A2700E72E8B /* SPPlayback */,
				3A9206FE2B6CD86400A5CAB0 /* Defaults */,
			);
			productName = Audiobooks;
			productReference = 3AA36E502B0A97FD0036038D /* ShelfPlayer.app */;
			productType = "com.apple.product-type.application";
		};
/* End PBXNativeTarget section */

/* Begin PBXProject section */
		3A0AE6982AB623F400ACCD68 /* Project object */ = {
			isa = PBXProject;
			attributes = {
				BuildIndependentTargetsInParallel = 1;
				LastSwiftUpdateCheck = 1500;
				LastUpgradeCheck = 1510;
				TargetAttributes = {
					3A0AE69F2AB623F400ACCD68 = {
						CreatedOnToolsVersion = 15.0;
					};
				};
			};
			buildConfigurationList = 3A0AE69B2AB623F400ACCD68 /* Build configuration list for PBXProject "ShelfPlayer" */;
			compatibilityVersion = "Xcode 15.0";
			developmentRegion = en;
			hasScannedForEncodings = 0;
			knownRegions = (
				en,
				Base,
				de,
			);
			mainGroup = 3A0AE6972AB623F400ACCD68;
			packageReferences = (
				3A1EAB912ACC80690064C80C /* XCRemoteSwiftPackageReference "Nuke" */,
				3A8810F32AD2C35B009696D1 /* XCRemoteSwiftPackageReference "UIImageColors" */,
				3A9206FD2B6CD86400A5CAB0 /* XCRemoteSwiftPackageReference "Defaults" */,
			);
			productRefGroup = 3A21CC542B0A1CBB002D5D55 /* Products */;
			projectDirPath = "";
			projectRoot = "";
			targets = (
				3A0AE69F2AB623F400ACCD68 /* iOS */,
			);
		};
/* End PBXProject section */

/* Begin PBXResourcesBuildPhase section */
		3A0AE69E2AB623F400ACCD68 /* Resources */ = {
			isa = PBXResourcesBuildPhase;
			buildActionMask = 2147483647;
			files = (
				3A2BC1952AD8121400054727 /* Settings.bundle in Resources */,
				3A0AE6AA2AB623F500ACCD68 /* Assets.xcassets in Resources */,
				3A5A4DB02B5EFB1800E72E8B /* AppIntentVocabulary.plist in Resources */,
				3AFF94882AF65CF500127AFF /* Localizable.xcstrings in Resources */,
			);
			runOnlyForDeploymentPostprocessing = 0;
		};
/* End PBXResourcesBuildPhase section */

/* Begin PBXShellScriptBuildPhase section */
		3AA954342AD2BAC10031C20D /* ShellScript */ = {
			isa = PBXShellScriptBuildPhase;
			alwaysOutOfDate = 1;
			buildActionMask = 2147483647;
			files = (
			);
			inputFileListPaths = (
			);
			inputPaths = (
			);
			outputFileListPaths = (
			);
			outputPaths = (
			);
			runOnlyForDeploymentPostprocessing = 0;
			shellPath = /bin/sh;
			shellScript = "if [ \"${CONFIGURATION}\" = \"Release\" ]; then\n    buildNumber=$(git rev-list --count head)\n    /usr/libexec/PlistBuddy -c \"Set :CFBundleVersion $buildNumber\" \"${TARGET_BUILD_DIR}/${INFOPLIST_PATH}\"\nfi\n";
		};
/* End PBXShellScriptBuildPhase section */

/* Begin PBXSourcesBuildPhase section */
		3A0AE69C2AB623F400ACCD68 /* Sources */ = {
			isa = PBXSourcesBuildPhase;
			buildActionMask = 2147483647;
			files = (
				3A82864D2AEC104400384BC9 /* SleepTimerButton.swift in Sources */,
				3AB695362ACF3BAF00823049 /* AuthorLoadView.swift in Sources */,
				3AE31DCE2B4B3C310092DF36 /* AuthorsView.swift in Sources */,
				3A48D2512AD0661500991139 /* LibrarySelectorModifier.swift in Sources */,
				3A5210082B6D30C900F59101 /* EpisodeSingleList.swift in Sources */,
				3A77B7072ACDF89500F22C7F /* FullscreenToolbarModifier.swift in Sources */,
				3ABC2E862AD88B3900734B41 /* OfflineView.swift in Sources */,
				3A8810F02AD2C0E4009696D1 /* PodcastUnavailableView.swift in Sources */,
				3AA19BA22AD6C80000C468EA /* EpisodeList.swift in Sources */,
				3AA9541F2AD2925C0031C20D /* RowTitle.swift in Sources */,
				3AA954302AD2AE520031C20D /* EpisodePlayButton.swift in Sources */,
				3AB695342ACF39F000823049 /* Array+Repeat.swift in Sources */,
				3A50AAA52ACC42B400BF5438 /* AudiobookLibraryView.swift in Sources */,
				3ACB3B8D2AD16F37005EA609 /* SeriesGrid.swift in Sources */,
				3ACB3B942AD1D172005EA609 /* PodcastLibraryView+LatestEpisodes.swift in Sources */,
				3A9AB5382AD941DC0089231A /* SwipeActionsModifier.swift in Sources */,
				3A77B6F82ACDDC9D00F22C7F /* AudiobookView+Header.swift in Sources */,
				3AD41D792B6B8F82003316CE /* AudiobookGenreFilter.swift in Sources */,
				3ABCC7E42AD46655004AEADF /* FullscreenBackground.swift in Sources */,
				3AFA7F9B2ACD435000B7FF4B /* StatusOverlay.swift in Sources */,
				3AA19BA82AD6EE3F00C468EA /* NowPlayingSheet+Chapters.swift in Sources */,
				3A8810EE2AD2C071009696D1 /* PodcastLoadView.swift in Sources */,
				3A50AAB62ACC521B00BF5438 /* AudiobookLibraryView+ListenNow.swift in Sources */,
				3A2B93352B00D71B00638AE9 /* ProgressButton.swift in Sources */,
				3A17E6882AD5EC3000E59464 /* NowPlayingBarModifier.swift in Sources */,
				3AB695382ACF3D1200823049 /* AuthorView.swift in Sources */,
				3A17E6932AD5F24500E59464 /* NowPlayingSheet+Controls.swift in Sources */,
				3AA089372B6E43FA00773414 /* Defaults+Keys.swift in Sources */,
				3AA9542B2AD2A87E0031C20D /* EpisodeFeaturedGrid.swift in Sources */,
				3A50AAB82ACC522900BF5438 /* AudiobookLibraryView+Library.swift in Sources */,
				3A5A4DBA2B5F0BCD00E72E8B /* Intents.intentdefinition in Sources */,
				3AA0B0892AD322470009FBB4 /* EpisodeView.swift in Sources */,
				3A77B7042ACDF76E00F22C7F /* AudiobookView+Toolbar.swift in Sources */,
				3A0620932AF7F96A004126D1 /* LocalizedStringKey+Key.swift in Sources */,
				3AA089332B6E315900773414 /* AuthorList.swift in Sources */,
				3A17E68D2AD5EF9C00E59464 /* NowPlayingSheet.swift in Sources */,
				3AA954252AD29A0A0031C20D /* EpisodeGrid.swift in Sources */,
				3AF240E82ADA853A0065C0A4 /* SearchView.swift in Sources */,
				3ACD19B92ACB5B32007D01FE /* SessionsImportView.swift in Sources */,
				3AB4529D2ACF4D0D005D5DBA /* SeriesView.swift in Sources */,
				3ACB3B962AD1D186005EA609 /* PodcastLibraryView+Library.swift in Sources */,
				3A77B6FD2ACDE2FA00F22C7F /* AuthorUnavailableView.swift in Sources */,
				3A0AE6BA2AB624E700ACCD68 /* LoginView.swift in Sources */,
				3A9874292B59A7B500B2704F /* View+ReverseMask.swift in Sources */,
				3A1EAB962ACC808A0064C80C /* ItemImage.swift in Sources */,
				3A853FAF2AD03FA600FACAF6 /* AuthorView+Header.swift in Sources */,
				3A38A1582AD4715100D533F3 /* PlayButton.swift in Sources */,
				3ACD19B52ACB58EB007D01FE /* LoadingView.swift in Sources */,
				3ACD19AE2ACB57CD007D01FE /* EntryView.swift in Sources */,
				3A50AABA2ACC523000BF5438 /* AudiobookLibraryView+Series.swift in Sources */,
				3A8810F22AD2C2C3009696D1 /* PodcastView.swift in Sources */,
				3A1011872AD69DDA00AAE220 /* PlaybackSpeedButton.swift in Sources */,
				3A79A9692AE53555006B61FC /* DownloadIndicator.swift in Sources */,
				3A9207052B6D018100A5CAB0 /* AudiobookViewModel.swift in Sources */,
				3ADD29622B6D88EF0060248E /* DownloadButton.swift in Sources */,
				3A0AE6BF2AB6253300ACCD68 /* LargeButtonStyle.swift in Sources */,
				3A8810F72AD2CDE9009696D1 /* PodcastView+Header.swift in Sources */,
				3A9874272B599BA600B2704F /* Chapters.swift in Sources */,
				3A77B7022ACDF01C00F22C7F /* SeriesUnavailableView.swift in Sources */,
				3A1011822AD6975C00AAE220 /* MPVolumeView+Volume.swift in Sources */,
				3A337E3A2B0E13CE009C932A /* EpisodeContextMenuModifier.swift in Sources */,
				3A1011842AD697B600AAE220 /* NowPlayingSheet+BottomButtons.swift in Sources */,
				3AA0187C2B4B4D120023DA7B /* AppDelegate.swift in Sources */,
				3A10117D2AD6971900AAE220 /* VolumeSlider.swift in Sources */,
				3AA089352B6E413800773414 /* AudiobookList.swift in Sources */,
				3A1507952AD348E700D7D6CF /* PodcastView+EpisodeList.swift in Sources */,
				3AA19BA62AD6E94B00C468EA /* PodcastGrid.swift in Sources */,
				3AA0B0852AD316E50009FBB4 /* EpisodeSortFilter.swift in Sources */,
				3ABCC7E22AD4659F004AEADF /* Description.swift in Sources */,
				3AF240F12ADA99940065C0A4 /* AuthorGrid.swift in Sources */,
				3A8810FB2AD2CEE7009696D1 /* PodcastView+Toolbar.swift in Sources */,
				3A48D2542AD074DC00991139 /* PodcastLibraryView.swift in Sources */,
				3A0AE6A62AB623F400ACCD68 /* ContentView.swift in Sources */,
				3A0E0ABC2ACD6E2F009F8EF1 /* AudiobookView.swift in Sources */,
				3ACB3B922AD1D149005EA609 /* PodcastLibraryView+ListenNow.swift in Sources */,
				3ADB9B202B13B9760015F884 /* AudiobookContextMenuModifier.swift in Sources */,
				3AFA7F9D2ACD440A00B7FF4B /* Triangle.swift in Sources */,
				3AA9541B2AD290380031C20D /* PodcastList.swift in Sources */,
				3AA0B08B2AD32D4E0009FBB4 /* EpisodeView+Header.swift in Sources */,
				3AB141DD2ADDC800007F68CB /* AccountSheet.swift in Sources */,
				3A5A4DAD2B5EF81B00E72E8B /* VocabularyDonator.swift in Sources */,
				3A5A4DAB2B5EF6A400E72E8B /* PlayMediaIntentHandler.swift in Sources */,
				3ABCC7E02AD4647D004AEADF /* EpisodeView+Toolbar.swift in Sources */,
				3ACD19B72ACB5A49007D01FE /* ErrorView.swift in Sources */,
				3AB4529B2ACF4B4B005D5DBA /* SeriesLoadView.swift in Sources */,
				3AA089312B6E306F00773414 /* SeriesList.swift in Sources */,
				3A1507992AD4494300D7D6CF /* UINavigationController+Gesture.swift in Sources */,
				3A0AE6A42AB623F400ACCD68 /* iOSApp.swift in Sources */,
				3A77B7092ACDF8F200F22C7F /* FullscreenBackButton.swift in Sources */,
				3A36D78B2ACF2C1D002EEC54 /* AudiobookGrid.swift in Sources */,
				3A17E68F2AD5F15900E59464 /* NowPlayingSheet+Title.swift in Sources */,
				3ABD77C22AD1459100636513 /* SeriesView+Header.swift in Sources */,
				3A17E6912AD5F21B00E59464 /* Slider.swift in Sources */,
				3A5159562AD0374600CD5680 /* AudiobookSortFilter.swift in Sources */,
			);
			runOnlyForDeploymentPostprocessing = 0;
		};
/* End PBXSourcesBuildPhase section */

/* Begin PBXVariantGroup section */
		3A5A4DB22B5EFB1800E72E8B /* AppIntentVocabulary.plist */ = {
			isa = PBXVariantGroup;
			children = (
				3A5A4DB12B5EFB1800E72E8B /* en */,
				3A5A4DB32B5EFB1A00E72E8B /* de */,
			);
			name = AppIntentVocabulary.plist;
			sourceTree = "<group>";
		};
		3A5A4DBC2B5F0BCD00E72E8B /* Intents.intentdefinition */ = {
			isa = PBXVariantGroup;
			children = (
				3A5A4DBB2B5F0BCD00E72E8B /* Base */,
				3A5A4DBE2B5F0BD000E72E8B /* en */,
				3A5A4DC02B5F0BD000E72E8B /* de */,
			);
			name = Intents.intentdefinition;
			sourceTree = "<group>";
		};
/* End PBXVariantGroup section */

/* Begin XCBuildConfiguration section */
		3A0AE6AF2AB623F500ACCD68 /* Debug */ = {
			isa = XCBuildConfiguration;
			baseConfigurationReference = 3AF6A52B2B60401A00770A1E /* Debug.xcconfig */;
			buildSettings = {
				ALWAYS_SEARCH_USER_PATHS = NO;
				ASSETCATALOG_COMPILER_GENERATE_SWIFT_ASSET_SYMBOL_EXTENSIONS = YES;
				CLANG_ANALYZER_LOCALIZABILITY_NONLOCALIZED = YES;
				CLANG_ANALYZER_NONNULL = YES;
				CLANG_ANALYZER_NUMBER_OBJECT_CONVERSION = YES_AGGRESSIVE;
				CLANG_CXX_LANGUAGE_STANDARD = "gnu++20";
				CLANG_ENABLE_MODULES = YES;
				CLANG_ENABLE_OBJC_ARC = YES;
				CLANG_ENABLE_OBJC_WEAK = YES;
				CLANG_WARN_BLOCK_CAPTURE_AUTORELEASING = YES;
				CLANG_WARN_BOOL_CONVERSION = YES;
				CLANG_WARN_COMMA = YES;
				CLANG_WARN_CONSTANT_CONVERSION = YES;
				CLANG_WARN_DEPRECATED_OBJC_IMPLEMENTATIONS = YES;
				CLANG_WARN_DIRECT_OBJC_ISA_USAGE = YES_ERROR;
				CLANG_WARN_DOCUMENTATION_COMMENTS = YES;
				CLANG_WARN_EMPTY_BODY = YES;
				CLANG_WARN_ENUM_CONVERSION = YES;
				CLANG_WARN_INFINITE_RECURSION = YES;
				CLANG_WARN_INT_CONVERSION = YES;
				CLANG_WARN_NON_LITERAL_NULL_CONVERSION = YES;
				CLANG_WARN_OBJC_IMPLICIT_RETAIN_SELF = YES;
				CLANG_WARN_OBJC_LITERAL_CONVERSION = YES;
				CLANG_WARN_OBJC_ROOT_CLASS = YES_ERROR;
				CLANG_WARN_QUOTED_INCLUDE_IN_FRAMEWORK_HEADER = YES;
				CLANG_WARN_RANGE_LOOP_ANALYSIS = YES;
				CLANG_WARN_STRICT_PROTOTYPES = YES;
				CLANG_WARN_SUSPICIOUS_MOVE = YES;
				CLANG_WARN_UNGUARDED_AVAILABILITY = YES_AGGRESSIVE;
				CLANG_WARN_UNREACHABLE_CODE = YES;
				CLANG_WARN__DUPLICATE_METHOD_MATCH = YES;
				CODE_SIGN_IDENTITY = "Apple Development";
				COPY_PHASE_STRIP = NO;
				DEAD_CODE_STRIPPING = YES;
				DEBUG_INFORMATION_FORMAT = dwarf;
				ENABLE_STRICT_OBJC_MSGSEND = YES;
				ENABLE_TESTABILITY = YES;
				ENABLE_USER_SCRIPT_SANDBOXING = YES;
				GCC_C_LANGUAGE_STANDARD = gnu17;
				GCC_DYNAMIC_NO_PIC = NO;
				GCC_NO_COMMON_BLOCKS = YES;
				GCC_OPTIMIZATION_LEVEL = 0;
				GCC_PREPROCESSOR_DEFINITIONS = (
					"DEBUG=1",
					"$(inherited)",
				);
				GCC_WARN_64_TO_32_BIT_CONVERSION = YES;
				GCC_WARN_ABOUT_RETURN_TYPE = YES_ERROR;
				GCC_WARN_UNDECLARED_SELECTOR = YES;
				GCC_WARN_UNINITIALIZED_AUTOS = YES_AGGRESSIVE;
				GCC_WARN_UNUSED_FUNCTION = YES;
				GCC_WARN_UNUSED_VARIABLE = YES;
				LOCALIZATION_PREFERS_STRING_CATALOGS = YES;
				MTL_ENABLE_DEBUG_INFO = INCLUDE_SOURCE;
				MTL_FAST_MATH = YES;
				ONLY_ACTIVE_ARCH = YES;
				SWIFT_OPTIMIZATION_LEVEL = "-Onone";
			};
			name = Debug;
		};
		3A0AE6B02AB623F500ACCD68 /* Release */ = {
			isa = XCBuildConfiguration;
			baseConfigurationReference = 3AF6A52C2B60402300770A1E /* Release.xcconfig */;
			buildSettings = {
				ALWAYS_SEARCH_USER_PATHS = NO;
				ASSETCATALOG_COMPILER_GENERATE_SWIFT_ASSET_SYMBOL_EXTENSIONS = YES;
				CLANG_ANALYZER_LOCALIZABILITY_NONLOCALIZED = YES;
				CLANG_ANALYZER_NONNULL = YES;
				CLANG_ANALYZER_NUMBER_OBJECT_CONVERSION = YES_AGGRESSIVE;
				CLANG_CXX_LANGUAGE_STANDARD = "gnu++20";
				CLANG_ENABLE_MODULES = YES;
				CLANG_ENABLE_OBJC_ARC = YES;
				CLANG_ENABLE_OBJC_WEAK = YES;
				CLANG_WARN_BLOCK_CAPTURE_AUTORELEASING = YES;
				CLANG_WARN_BOOL_CONVERSION = YES;
				CLANG_WARN_COMMA = YES;
				CLANG_WARN_CONSTANT_CONVERSION = YES;
				CLANG_WARN_DEPRECATED_OBJC_IMPLEMENTATIONS = YES;
				CLANG_WARN_DIRECT_OBJC_ISA_USAGE = YES_ERROR;
				CLANG_WARN_DOCUMENTATION_COMMENTS = YES;
				CLANG_WARN_EMPTY_BODY = YES;
				CLANG_WARN_ENUM_CONVERSION = YES;
				CLANG_WARN_INFINITE_RECURSION = YES;
				CLANG_WARN_INT_CONVERSION = YES;
				CLANG_WARN_NON_LITERAL_NULL_CONVERSION = YES;
				CLANG_WARN_OBJC_IMPLICIT_RETAIN_SELF = YES;
				CLANG_WARN_OBJC_LITERAL_CONVERSION = YES;
				CLANG_WARN_OBJC_ROOT_CLASS = YES_ERROR;
				CLANG_WARN_QUOTED_INCLUDE_IN_FRAMEWORK_HEADER = YES;
				CLANG_WARN_RANGE_LOOP_ANALYSIS = YES;
				CLANG_WARN_STRICT_PROTOTYPES = YES;
				CLANG_WARN_SUSPICIOUS_MOVE = YES;
				CLANG_WARN_UNGUARDED_AVAILABILITY = YES_AGGRESSIVE;
				CLANG_WARN_UNREACHABLE_CODE = YES;
				CLANG_WARN__DUPLICATE_METHOD_MATCH = YES;
				CODE_SIGN_IDENTITY = "Apple Development";
				COPY_PHASE_STRIP = NO;
				DEAD_CODE_STRIPPING = YES;
				DEBUG_INFORMATION_FORMAT = "dwarf-with-dsym";
				ENABLE_NS_ASSERTIONS = NO;
				ENABLE_STRICT_OBJC_MSGSEND = YES;
				ENABLE_USER_SCRIPT_SANDBOXING = YES;
				GCC_C_LANGUAGE_STANDARD = gnu17;
				GCC_NO_COMMON_BLOCKS = YES;
				GCC_WARN_64_TO_32_BIT_CONVERSION = YES;
				GCC_WARN_ABOUT_RETURN_TYPE = YES_ERROR;
				GCC_WARN_UNDECLARED_SELECTOR = YES;
				GCC_WARN_UNINITIALIZED_AUTOS = YES_AGGRESSIVE;
				GCC_WARN_UNUSED_FUNCTION = YES;
				GCC_WARN_UNUSED_VARIABLE = YES;
				LOCALIZATION_PREFERS_STRING_CATALOGS = YES;
				MTL_ENABLE_DEBUG_INFO = NO;
				MTL_FAST_MATH = YES;
				SWIFT_COMPILATION_MODE = wholemodule;
			};
			name = Release;
		};
		3A0AE6B22AB623F500ACCD68 /* Debug */ = {
			isa = XCBuildConfiguration;
			buildSettings = {
				ALWAYS_EMBED_SWIFT_STANDARD_LIBRARIES = YES;
				ASSETCATALOG_COMPILER_APPICON_NAME = AppIcon;
				ASSETCATALOG_COMPILER_GLOBAL_ACCENT_COLOR_NAME = AccentColor;
				CODE_SIGN_ENTITLEMENTS = iOS/Audiobooks.entitlements;
				CODE_SIGN_IDENTITY = "Apple Development";
				CODE_SIGN_STYLE = Automatic;
				CURRENT_PROJECT_VERSION = DEVELOPMENT;
				DEAD_CODE_STRIPPING = YES;
				DEVELOPMENT_TEAM = N8AA4S3S96;
				ENABLE_HARDENED_RUNTIME = YES;
				ENABLE_PREVIEWS = YES;
				ENABLE_USER_SCRIPT_SANDBOXING = NO;
				GENERATE_INFOPLIST_FILE = YES;
				INFOPLIST_FILE = iOS/Info.plist;
				INFOPLIST_KEY_CFBundleDisplayName = ShelfPlayer;
				INFOPLIST_KEY_LSApplicationCategoryType = "public.app-category.books";
				INFOPLIST_KEY_NSSiriUsageDescription = "Siri integartion";
				"INFOPLIST_KEY_UIApplicationSceneManifest_Generation[sdk=iphoneos*]" = YES;
				"INFOPLIST_KEY_UIApplicationSceneManifest_Generation[sdk=iphonesimulator*]" = YES;
				"INFOPLIST_KEY_UIApplicationSupportsIndirectInputEvents[sdk=iphoneos*]" = YES;
				"INFOPLIST_KEY_UIApplicationSupportsIndirectInputEvents[sdk=iphonesimulator*]" = YES;
				"INFOPLIST_KEY_UILaunchScreen_Generation[sdk=iphoneos*]" = YES;
				"INFOPLIST_KEY_UILaunchScreen_Generation[sdk=iphonesimulator*]" = YES;
				"INFOPLIST_KEY_UIStatusBarStyle[sdk=iphoneos*]" = UIStatusBarStyleDefault;
				"INFOPLIST_KEY_UIStatusBarStyle[sdk=iphonesimulator*]" = UIStatusBarStyleDefault;
				INFOPLIST_KEY_UISupportedInterfaceOrientations = UIInterfaceOrientationPortrait;
				INFOPLIST_KEY_UISupportedInterfaceOrientations_iPad = "UIInterfaceOrientationLandscapeLeft UIInterfaceOrientationLandscapeRight UIInterfaceOrientationPortrait UIInterfaceOrientationPortraitUpsideDown";
				IPHONEOS_DEPLOYMENT_TARGET = 17.0;
				LD_RUNPATH_SEARCH_PATHS = "@executable_path/Frameworks";
				"LD_RUNPATH_SEARCH_PATHS[sdk=macosx*]" = "@executable_path/../Frameworks";
				MACOSX_DEPLOYMENT_TARGET = 14.0;
				PRODUCT_BUNDLE_IDENTIFIER = "${BUNDLE_ID_PREFIX}.shelfplayer";
				PRODUCT_NAME = ShelfPlayer;
				PROVISIONING_PROFILE_SPECIFIER = "";
				SDKROOT = auto;
				SUPPORTED_PLATFORMS = "iphoneos iphonesimulator";
				SUPPORTS_MACCATALYST = NO;
				SWIFT_EMIT_LOC_STRINGS = YES;
				SWIFT_VERSION = 5.0;
				TARGETED_DEVICE_FAMILY = 1;
			};
			name = Debug;
		};
		3A0AE6B32AB623F500ACCD68 /* Release */ = {
			isa = XCBuildConfiguration;
			buildSettings = {
				ALWAYS_EMBED_SWIFT_STANDARD_LIBRARIES = YES;
				ASSETCATALOG_COMPILER_APPICON_NAME = AppIcon;
				ASSETCATALOG_COMPILER_GLOBAL_ACCENT_COLOR_NAME = AccentColor;
				CODE_SIGN_ENTITLEMENTS = iOS/Audiobooks.entitlements;
				CODE_SIGN_IDENTITY = "Apple Development";
				CODE_SIGN_STYLE = Automatic;
				CURRENT_PROJECT_VERSION = DEVELOPMENT;
				DEAD_CODE_STRIPPING = YES;
				DEVELOPMENT_TEAM = N8AA4S3S96;
				ENABLE_HARDENED_RUNTIME = YES;
				ENABLE_PREVIEWS = YES;
				ENABLE_USER_SCRIPT_SANDBOXING = NO;
				GENERATE_INFOPLIST_FILE = YES;
				INFOPLIST_FILE = iOS/Info.plist;
				INFOPLIST_KEY_CFBundleDisplayName = ShelfPlayer;
				INFOPLIST_KEY_LSApplicationCategoryType = "public.app-category.books";
				INFOPLIST_KEY_NSSiriUsageDescription = "Siri integartion";
				"INFOPLIST_KEY_UIApplicationSceneManifest_Generation[sdk=iphoneos*]" = YES;
				"INFOPLIST_KEY_UIApplicationSceneManifest_Generation[sdk=iphonesimulator*]" = YES;
				"INFOPLIST_KEY_UIApplicationSupportsIndirectInputEvents[sdk=iphoneos*]" = YES;
				"INFOPLIST_KEY_UIApplicationSupportsIndirectInputEvents[sdk=iphonesimulator*]" = YES;
				"INFOPLIST_KEY_UILaunchScreen_Generation[sdk=iphoneos*]" = YES;
				"INFOPLIST_KEY_UILaunchScreen_Generation[sdk=iphonesimulator*]" = YES;
				"INFOPLIST_KEY_UIStatusBarStyle[sdk=iphoneos*]" = UIStatusBarStyleDefault;
				"INFOPLIST_KEY_UIStatusBarStyle[sdk=iphonesimulator*]" = UIStatusBarStyleDefault;
				INFOPLIST_KEY_UISupportedInterfaceOrientations = UIInterfaceOrientationPortrait;
				INFOPLIST_KEY_UISupportedInterfaceOrientations_iPad = "UIInterfaceOrientationLandscapeLeft UIInterfaceOrientationLandscapeRight UIInterfaceOrientationPortrait UIInterfaceOrientationPortraitUpsideDown";
				IPHONEOS_DEPLOYMENT_TARGET = 17.0;
				LD_RUNPATH_SEARCH_PATHS = "@executable_path/Frameworks";
				"LD_RUNPATH_SEARCH_PATHS[sdk=macosx*]" = "@executable_path/../Frameworks";
				MACOSX_DEPLOYMENT_TARGET = 14.0;
				PRODUCT_BUNDLE_IDENTIFIER = "${BUNDLE_ID_PREFIX}.shelfplayer";
				PRODUCT_NAME = ShelfPlayer;
				PROVISIONING_PROFILE_SPECIFIER = "";
				SDKROOT = auto;
				SUPPORTED_PLATFORMS = "iphoneos iphonesimulator";
				SUPPORTS_MACCATALYST = NO;
				SWIFT_EMIT_LOC_STRINGS = YES;
				SWIFT_VERSION = 5.0;
				TARGETED_DEVICE_FAMILY = 1;
			};
			name = Release;
		};
/* End XCBuildConfiguration section */

/* Begin XCConfigurationList section */
		3A0AE69B2AB623F400ACCD68 /* Build configuration list for PBXProject "ShelfPlayer" */ = {
			isa = XCConfigurationList;
			buildConfigurations = (
				3A0AE6AF2AB623F500ACCD68 /* Debug */,
				3A0AE6B02AB623F500ACCD68 /* Release */,
			);
			defaultConfigurationIsVisible = 0;
			defaultConfigurationName = Release;
		};
		3A0AE6B12AB623F500ACCD68 /* Build configuration list for PBXNativeTarget "iOS" */ = {
			isa = XCConfigurationList;
			buildConfigurations = (
				3A0AE6B22AB623F500ACCD68 /* Debug */,
				3A0AE6B32AB623F500ACCD68 /* Release */,
			);
			defaultConfigurationIsVisible = 0;
			defaultConfigurationName = Release;
		};
/* End XCConfigurationList section */

/* Begin XCRemoteSwiftPackageReference section */
		3A1EAB912ACC80690064C80C /* XCRemoteSwiftPackageReference "Nuke" */ = {
			isa = XCRemoteSwiftPackageReference;
			repositoryURL = "https://github.com/kean/Nuke.git";
			requirement = {
				kind = upToNextMajorVersion;
				minimumVersion = 12.1.6;
			};
		};
		3A8810F32AD2C35B009696D1 /* XCRemoteSwiftPackageReference "UIImageColors" */ = {
			isa = XCRemoteSwiftPackageReference;
			repositoryURL = "https://github.com/FelixHerrmann/UIImageColors.git";
			requirement = {
				kind = upToNextMajorVersion;
				minimumVersion = 2.2.0;
			};
		};
		3A9206FD2B6CD86400A5CAB0 /* XCRemoteSwiftPackageReference "Defaults" */ = {
			isa = XCRemoteSwiftPackageReference;
			repositoryURL = "https://github.com/sindresorhus/Defaults";
			requirement = {
				branch = main;
				kind = branch;
			};
		};
/* End XCRemoteSwiftPackageReference section */

/* Begin XCSwiftPackageProductDependency section */
		3A1EAB922ACC80690064C80C /* NukeUI */ = {
			isa = XCSwiftPackageProductDependency;
			package = 3A1EAB912ACC80690064C80C /* XCRemoteSwiftPackageReference "Nuke" */;
			productName = NukeUI;
		};
		3A5A4DB42B5F0A2700E72E8B /* SPBase */ = {
			isa = XCSwiftPackageProductDependency;
			productName = SPBase;
		};
		3A5A4DB62B5F0A2700E72E8B /* SPOfflineExtended */ = {
			isa = XCSwiftPackageProductDependency;
			productName = SPOfflineExtended;
		};
		3A5A4DB82B5F0A2700E72E8B /* SPPlayback */ = {
			isa = XCSwiftPackageProductDependency;
			productName = SPPlayback;
		};
		3A8810F42AD2C35B009696D1 /* UIImageColors */ = {
			isa = XCSwiftPackageProductDependency;
			package = 3A8810F32AD2C35B009696D1 /* XCRemoteSwiftPackageReference "UIImageColors" */;
			productName = UIImageColors;
		};
		3A9206FE2B6CD86400A5CAB0 /* Defaults */ = {
			isa = XCSwiftPackageProductDependency;
			package = 3A9206FD2B6CD86400A5CAB0 /* XCRemoteSwiftPackageReference "Defaults" */;
			productName = Defaults;
		};
/* End XCSwiftPackageProductDependency section */
	};
	rootObject = 3A0AE6982AB623F400ACCD68 /* Project object */;
}
