{
  "originHash" : "f266c618eaf34cfe35cab4526de801a16893523af414ec4ab0bea8c52c441410",
  "pins" : [
    {
      "identity" : "defaults",
      "kind" : "remoteSourceControl",
      "location" : "https://github.com/sindresorhus/Defaults",
      "state" : {
        "revision" : "8192b0986611e105355a9433e99bf5c79469fbbd",
        "version" : "9.0.6"
      }
    },
    {
      "identity" : "rfkit",
      "kind" : "remoteSourceControl",
      "location" : "https://git.sr.ht/~rasmuslos/RFKit",
      "state" : {
        "branch" : "main",
        "revision" : "3940e83d3d572bc5c21a563c74a50f4d5d319dfe"
      }
    },
    {
      "identity" : "swift-syntax",
      "kind" : "remoteSourceControl",
      "location" : "https://github.com/swiftlang/swift-syntax",
      "state" : {
        "revision" : "4799286537280063c85a32f09884cfbca301b1a1",
        "version" : "602.0.0"
      }
    }
  ],
  "version" : 3
}
